
Microsoft Visual Studio Solution File, Format Version 12.00
# Visual Studio Version 17
VisualStudioVersion = 17.6.33815.320
MinimumVisualStudioVersion = 10.0.40219.1
Project("{FAE04EC0-301F-11D3-BF4B-00C04F79EFBC}") = "ModularPipelines.Docker", "ModularPipelines.Docker.csproj", "{6CBA5884-0003-5633-8F48-8BC1DAEDCF2A}"
EndProject
Project("{FAE04EC0-301F-11D3-BF4B-00C04F79EFBC}") = "ModularPipelines", "..\ModularPipelines\ModularPipelines.csproj", "{913CAEF5-F03A-5911-BCFD-11F3066DAC19}"
EndProject
Project("{FAE04EC0-301F-11D3-BF4B-00C04F79EFBC}") = "ModularPipelines.Docker.UnitTests", "..\..\test\ModularPipelines.Docker.UnitTests\ModularPipelines.Docker.UnitTests.csproj", "{115C5283-C2B2-43AA-AAB3-B8BBE333D4EB}"
EndProject
Project("{FAE04EC0-301F-11D3-BF4B-00C04F79EFBC}") = "ModularPipelines.TestHelpers", "..\..\test\ModularPipelines.TestHelpers\ModularPipelines.TestHelpers.csproj", "{6DB095D3-FF35-409C-AB30-8D1B660D35ED}"
EndProject
Global
	GlobalSection(SolutionConfigurationPlatforms) = preSolution
		Debug|Any CPU = Debug|Any CPU
		Debug|x64 = Debug|x64
		Debug|x86 = Debug|x86
		Release|Any CPU = Release|Any CPU
		Release|x64 = Release|x64
		Release|x86 = Release|x86
	EndGlobalSection
	GlobalSection(ProjectConfigurationPlatforms) = postSolution
		{6CBA5884-0003-5633-8F48-8BC1DAEDCF2A}.Debug|Any CPU.ActiveCfg = Debug|Any CPU
		{6CBA5884-0003-5633-8F48-8BC1DAEDCF2A}.Debug|Any CPU.Build.0 = Debug|Any CPU
		{6CBA5884-0003-5633-8F48-8BC1DAEDCF2A}.Debug|x64.ActiveCfg = Debug|Any CPU
		{6CBA5884-0003-5633-8F48-8BC1DAEDCF2A}.Debug|x64.Build.0 = Debug|Any CPU
		{6CBA5884-0003-5633-8F48-8BC1DAEDCF2A}.Debug|x86.ActiveCfg = Debug|Any CPU
		{6CBA5884-0003-5633-8F48-8BC1DAEDCF2A}.Debug|x86.Build.0 = Debug|Any CPU
		{6CBA5884-0003-5633-8F48-8BC1DAEDCF2A}.Release|Any CPU.ActiveCfg = Release|Any CPU
		{6CBA5884-0003-5633-8F48-8BC1DAEDCF2A}.Release|Any CPU.Build.0 = Release|Any CPU
		{6CBA5884-0003-5633-8F48-8BC1DAEDCF2A}.Release|x64.ActiveCfg = Release|Any CPU
		{6CBA5884-0003-5633-8F48-8BC1DAEDCF2A}.Release|x64.Build.0 = Release|Any CPU
		{6CBA5884-0003-5633-8F48-8BC1DAEDCF2A}.Release|x86.ActiveCfg = Release|Any CPU
		{6CBA5884-0003-5633-8F48-8BC1DAEDCF2A}.Release|x86.Build.0 = Release|Any CPU
		{913CAEF5-F03A-5911-BCFD-11F3066DAC19}.Debug|Any CPU.ActiveCfg = Debug|Any CPU
		{913CAEF5-F03A-5911-BCFD-11F3066DAC19}.Debug|Any CPU.Build.0 = Debug|Any CPU
		{913CAEF5-F03A-5911-BCFD-11F3066DAC19}.Debug|x64.ActiveCfg = Debug|Any CPU
		{913CAEF5-F03A-5911-BCFD-11F3066DAC19}.Debug|x64.Build.0 = Debug|Any CPU
		{913CAEF5-F03A-5911-BCFD-11F3066DAC19}.Debug|x86.ActiveCfg = Debug|Any CPU
		{913CAEF5-F03A-5911-BCFD-11F3066DAC19}.Debug|x86.Build.0 = Debug|Any CPU
		{913CAEF5-F03A-5911-BCFD-11F3066DAC19}.Release|Any CPU.ActiveCfg = Release|Any CPU
		{913CAEF5-F03A-5911-BCFD-11F3066DAC19}.Release|Any CPU.Build.0 = Release|Any CPU
		{913CAEF5-F03A-5911-BCFD-11F3066DAC19}.Release|x64.ActiveCfg = Release|Any CPU
		{913CAEF5-F03A-5911-BCFD-11F3066DAC19}.Release|x64.Build.0 = Release|Any CPU
		{913CAEF5-F03A-5911-BCFD-11F3066DAC19}.Release|x86.ActiveCfg = Release|Any CPU
		{913CAEF5-F03A-5911-BCFD-11F3066DAC19}.Release|x86.Build.0 = Release|Any CPU
		{115C5283-C2B2-43AA-AAB3-B8BBE333D4EB}.Debug|Any CPU.ActiveCfg = Debug|Any CPU
		{115C5283-C2B2-43AA-AAB3-B8BBE333D4EB}.Debug|Any CPU.Build.0 = Debug|Any CPU
		{115C5283-C2B2-43AA-AAB3-B8BBE333D4EB}.Debug|x64.ActiveCfg = Debug|Any CPU
		{115C5283-C2B2-43AA-AAB3-B8BBE333D4EB}.Debug|x64.Build.0 = Debug|Any CPU
		{115C5283-C2B2-43AA-AAB3-B8BBE333D4EB}.Debug|x86.ActiveCfg = Debug|Any CPU
		{115C5283-C2B2-43AA-AAB3-B8BBE333D4EB}.Debug|x86.Build.0 = Debug|Any CPU
		{115C5283-C2B2-43AA-AAB3-B8BBE333D4EB}.Release|Any CPU.ActiveCfg = Release|Any CPU
		{115C5283-C2B2-43AA-AAB3-B8BBE333D4EB}.Release|Any CPU.Build.0 = Release|Any CPU
		{115C5283-C2B2-43AA-AAB3-B8BBE333D4EB}.Release|x64.ActiveCfg = Release|Any CPU
		{115C5283-C2B2-43AA-AAB3-B8BBE333D4EB}.Release|x64.Build.0 = Release|Any CPU
		{115C5283-C2B2-43AA-AAB3-B8BBE333D4EB}.Release|x86.ActiveCfg = Release|Any CPU
		{115C5283-C2B2-43AA-AAB3-B8BBE333D4EB}.Release|x86.Build.0 = Release|Any CPU
		{6DB095D3-FF35-409C-AB30-8D1B660D35ED}.Debug|Any CPU.ActiveCfg = Debug|Any CPU
		{6DB095D3-FF35-409C-AB30-8D1B660D35ED}.Debug|Any CPU.Build.0 = Debug|Any CPU
		{6DB095D3-FF35-409C-AB30-8D1B660D35ED}.Debug|x64.ActiveCfg = Debug|Any CPU
		{6DB095D3-FF35-409C-AB30-8D1B660D35ED}.Debug|x64.Build.0 = Debug|Any CPU
		{6DB095D3-FF35-409C-AB30-8D1B660D35ED}.Debug|x86.ActiveCfg = Debug|Any CPU
		{6DB095D3-FF35-409C-AB30-8D1B660D35ED}.Debug|x86.Build.0 = Debug|Any CPU
		{6DB095D3-FF35-409C-AB30-8D1B660D35ED}.Release|Any CPU.ActiveCfg = Release|Any CPU
		{6DB095D3-FF35-409C-AB30-8D1B660D35ED}.Release|Any CPU.Build.0 = Release|Any CPU
		{6DB095D3-FF35-409C-AB30-8D1B660D35ED}.Release|x64.ActiveCfg = Release|Any CPU
		{6DB095D3-FF35-409C-AB30-8D1B660D35ED}.Release|x64.Build.0 = Release|Any CPU
		{6DB095D3-FF35-409C-AB30-8D1B660D35ED}.Release|x86.ActiveCfg = Release|Any CPU
		{6DB095D3-FF35-409C-AB30-8D1B660D35ED}.Release|x86.Build.0 = Release|Any CPU
	EndGlobalSection
	GlobalSection(SolutionProperties) = preSolution
		HideSolutionNode = FALSE
	EndGlobalSection
EndGlobal
