
Microsoft Visual Studio Solution File, Format Version 12.00
# Visual Studio Version 17
VisualStudioVersion = 17.6.33815.320
MinimumVisualStudioVersion = 10.0.40219.1
Project("{FAE04EC0-301F-11D3-BF4B-00C04F79EFBC}") = "ModularPipelines.GitHub", "ModularPipelines.GitHub.csproj", "{E2C8B22D-FDB7-5A5C-B4F7-55333DBEFB81}"
EndProject
Project("{FAE04EC0-301F-11D3-BF4B-00C04F79EFBC}") = "ModularPipelines", "..\ModularPipelines\ModularPipelines.csproj", "{913CAEF5-F03A-5911-BCFD-11F3066DAC19}"
EndProject
Project("{FAE04EC0-301F-11D3-BF4B-00C04F79EFBC}") = "ModularPipelines.Git", "..\ModularPipelines.Git\ModularPipelines.Git.csproj", "{E7FC3BA0-4AB9-5365-AB3E-C83C21ADEE51}"
EndProject
Project("{FAE04EC0-301F-11D3-BF4B-00C04F79EFBC}") = "ModularPipelines.GitHub.UnitTests", "..\..\test\ModularPipelines.GitHub.UnitTests\ModularPipelines.GitHub.UnitTests.csproj", "{87008B63-60D9-450F-BD62-716B0E768858}"
EndProject
Project("{FAE04EC0-301F-11D3-BF4B-00C04F79EFBC}") = "ModularPipelines.TestHelpers", "..\..\test\ModularPipelines.TestHelpers\ModularPipelines.TestHelpers.csproj", "{2A23051C-99C1-4733-B780-4C40744D5603}"
EndProject
Global
	GlobalSection(SolutionConfigurationPlatforms) = preSolution
		Debug|Any CPU = Debug|Any CPU
		Debug|x64 = Debug|x64
		Debug|x86 = Debug|x86
		Release|Any CPU = Release|Any CPU
		Release|x64 = Release|x64
		Release|x86 = Release|x86
	EndGlobalSection
	GlobalSection(ProjectConfigurationPlatforms) = postSolution
		{E2C8B22D-FDB7-5A5C-B4F7-55333DBEFB81}.Debug|Any CPU.ActiveCfg = Debug|Any CPU
		{E2C8B22D-FDB7-5A5C-B4F7-55333DBEFB81}.Debug|Any CPU.Build.0 = Debug|Any CPU
		{E2C8B22D-FDB7-5A5C-B4F7-55333DBEFB81}.Debug|x64.ActiveCfg = Debug|Any CPU
		{E2C8B22D-FDB7-5A5C-B4F7-55333DBEFB81}.Debug|x64.Build.0 = Debug|Any CPU
		{E2C8B22D-FDB7-5A5C-B4F7-55333DBEFB81}.Debug|x86.ActiveCfg = Debug|Any CPU
		{E2C8B22D-FDB7-5A5C-B4F7-55333DBEFB81}.Debug|x86.Build.0 = Debug|Any CPU
		{E2C8B22D-FDB7-5A5C-B4F7-55333DBEFB81}.Release|Any CPU.ActiveCfg = Release|Any CPU
		{E2C8B22D-FDB7-5A5C-B4F7-55333DBEFB81}.Release|Any CPU.Build.0 = Release|Any CPU
		{E2C8B22D-FDB7-5A5C-B4F7-55333DBEFB81}.Release|x64.ActiveCfg = Release|Any CPU
		{E2C8B22D-FDB7-5A5C-B4F7-55333DBEFB81}.Release|x64.Build.0 = Release|Any CPU
		{E2C8B22D-FDB7-5A5C-B4F7-55333DBEFB81}.Release|x86.ActiveCfg = Release|Any CPU
		{E2C8B22D-FDB7-5A5C-B4F7-55333DBEFB81}.Release|x86.Build.0 = Release|Any CPU
		{913CAEF5-F03A-5911-BCFD-11F3066DAC19}.Debug|Any CPU.ActiveCfg = Debug|Any CPU
		{913CAEF5-F03A-5911-BCFD-11F3066DAC19}.Debug|Any CPU.Build.0 = Debug|Any CPU
		{913CAEF5-F03A-5911-BCFD-11F3066DAC19}.Debug|x64.ActiveCfg = Debug|Any CPU
		{913CAEF5-F03A-5911-BCFD-11F3066DAC19}.Debug|x64.Build.0 = Debug|Any CPU
		{913CAEF5-F03A-5911-BCFD-11F3066DAC19}.Debug|x86.ActiveCfg = Debug|Any CPU
		{913CAEF5-F03A-5911-BCFD-11F3066DAC19}.Debug|x86.Build.0 = Debug|Any CPU
		{913CAEF5-F03A-5911-BCFD-11F3066DAC19}.Release|Any CPU.ActiveCfg = Release|Any CPU
		{913CAEF5-F03A-5911-BCFD-11F3066DAC19}.Release|Any CPU.Build.0 = Release|Any CPU
		{913CAEF5-F03A-5911-BCFD-11F3066DAC19}.Release|x64.ActiveCfg = Release|Any CPU
		{913CAEF5-F03A-5911-BCFD-11F3066DAC19}.Release|x64.Build.0 = Release|Any CPU
		{913CAEF5-F03A-5911-BCFD-11F3066DAC19}.Release|x86.ActiveCfg = Release|Any CPU
		{913CAEF5-F03A-5911-BCFD-11F3066DAC19}.Release|x86.Build.0 = Release|Any CPU
		{E7FC3BA0-4AB9-5365-AB3E-C83C21ADEE51}.Debug|Any CPU.ActiveCfg = Debug|Any CPU
		{E7FC3BA0-4AB9-5365-AB3E-C83C21ADEE51}.Debug|Any CPU.Build.0 = Debug|Any CPU
		{E7FC3BA0-4AB9-5365-AB3E-C83C21ADEE51}.Debug|x64.ActiveCfg = Debug|Any CPU
		{E7FC3BA0-4AB9-5365-AB3E-C83C21ADEE51}.Debug|x64.Build.0 = Debug|Any CPU
		{E7FC3BA0-4AB9-5365-AB3E-C83C21ADEE51}.Debug|x86.ActiveCfg = Debug|Any CPU
		{E7FC3BA0-4AB9-5365-AB3E-C83C21ADEE51}.Debug|x86.Build.0 = Debug|Any CPU
		{E7FC3BA0-4AB9-5365-AB3E-C83C21ADEE51}.Release|Any CPU.ActiveCfg = Release|Any CPU
		{E7FC3BA0-4AB9-5365-AB3E-C83C21ADEE51}.Release|Any CPU.Build.0 = Release|Any CPU
		{E7FC3BA0-4AB9-5365-AB3E-C83C21ADEE51}.Release|x64.ActiveCfg = Release|Any CPU
		{E7FC3BA0-4AB9-5365-AB3E-C83C21ADEE51}.Release|x64.Build.0 = Release|Any CPU
		{E7FC3BA0-4AB9-5365-AB3E-C83C21ADEE51}.Release|x86.ActiveCfg = Release|Any CPU
		{E7FC3BA0-4AB9-5365-AB3E-C83C21ADEE51}.Release|x86.Build.0 = Release|Any CPU
		{87008B63-60D9-450F-BD62-716B0E768858}.Debug|Any CPU.ActiveCfg = Debug|Any CPU
		{87008B63-60D9-450F-BD62-716B0E768858}.Debug|Any CPU.Build.0 = Debug|Any CPU
		{87008B63-60D9-450F-BD62-716B0E768858}.Debug|x64.ActiveCfg = Debug|Any CPU
		{87008B63-60D9-450F-BD62-716B0E768858}.Debug|x64.Build.0 = Debug|Any CPU
		{87008B63-60D9-450F-BD62-716B0E768858}.Debug|x86.ActiveCfg = Debug|Any CPU
		{87008B63-60D9-450F-BD62-716B0E768858}.Debug|x86.Build.0 = Debug|Any CPU
		{87008B63-60D9-450F-BD62-716B0E768858}.Release|Any CPU.ActiveCfg = Release|Any CPU
		{87008B63-60D9-450F-BD62-716B0E768858}.Release|Any CPU.Build.0 = Release|Any CPU
		{87008B63-60D9-450F-BD62-716B0E768858}.Release|x64.ActiveCfg = Release|Any CPU
		{87008B63-60D9-450F-BD62-716B0E768858}.Release|x64.Build.0 = Release|Any CPU
		{87008B63-60D9-450F-BD62-716B0E768858}.Release|x86.ActiveCfg = Release|Any CPU
		{87008B63-60D9-450F-BD62-716B0E768858}.Release|x86.Build.0 = Release|Any CPU
		{2A23051C-99C1-4733-B780-4C40744D5603}.Debug|Any CPU.ActiveCfg = Debug|Any CPU
		{2A23051C-99C1-4733-B780-4C40744D5603}.Debug|Any CPU.Build.0 = Debug|Any CPU
		{2A23051C-99C1-4733-B780-4C40744D5603}.Debug|x64.ActiveCfg = Debug|Any CPU
		{2A23051C-99C1-4733-B780-4C40744D5603}.Debug|x64.Build.0 = Debug|Any CPU
		{2A23051C-99C1-4733-B780-4C40744D5603}.Debug|x86.ActiveCfg = Debug|Any CPU
		{2A23051C-99C1-4733-B780-4C40744D5603}.Debug|x86.Build.0 = Debug|Any CPU
		{2A23051C-99C1-4733-B780-4C40744D5603}.Release|Any CPU.ActiveCfg = Release|Any CPU
		{2A23051C-99C1-4733-B780-4C40744D5603}.Release|Any CPU.Build.0 = Release|Any CPU
		{2A23051C-99C1-4733-B780-4C40744D5603}.Release|x64.ActiveCfg = Release|Any CPU
		{2A23051C-99C1-4733-B780-4C40744D5603}.Release|x64.Build.0 = Release|Any CPU
		{2A23051C-99C1-4733-B780-4C40744D5603}.Release|x86.ActiveCfg = Release|Any CPU
		{2A23051C-99C1-4733-B780-4C40744D5603}.Release|x86.Build.0 = Release|Any CPU
	EndGlobalSection
	GlobalSection(SolutionProperties) = preSolution
		HideSolutionNode = FALSE
	EndGlobalSection
EndGlobal
