
Microsoft Visual Studio Solution File, Format Version 12.00
# Visual Studio Version 17
VisualStudioVersion = 17.6.33815.320
MinimumVisualStudioVersion = 10.0.40219.1
Project("{FAE04EC0-301F-11D3-BF4B-00C04F79EFBC}") = "ModularPipelines.Liquibase", "ModularPipelines.Liquibase.csproj", "{747E4575-D861-586D-8363-5A4387118FC3}"
EndProject
Project("{FAE04EC0-301F-11D3-BF4B-00C04F79EFBC}") = "ModularPipelines", "..\ModularPipelines\ModularPipelines.csproj", "{913CAEF5-F03A-5911-BCFD-11F3066DAC19}"
EndProject
Project("{FAE04EC0-301F-11D3-BF4B-00C04F79EFBC}") = "ModularPipelines.Liquibase.UnitTests", "..\..\test\ModularPipelines.Liquibase.UnitTests\ModularPipelines.Liquibase.UnitTests.csproj", "{ACFD6DD5-7102-4E56-8507-4B9326D7A692}"
EndProject
Project("{FAE04EC0-301F-11D3-BF4B-00C04F79EFBC}") = "ModularPipelines.TestHelpers", "..\..\test\ModularPipelines.TestHelpers\ModularPipelines.TestHelpers.csproj", "{6C003FE7-DCA3-4574-86D4-878F2D42B059}"
EndProject
Global
	GlobalSection(SolutionConfigurationPlatforms) = preSolution
		Debug|Any CPU = Debug|Any CPU
		Debug|x64 = Debug|x64
		Debug|x86 = Debug|x86
		Release|Any CPU = Release|Any CPU
		Release|x64 = Release|x64
		Release|x86 = Release|x86
	EndGlobalSection
	GlobalSection(ProjectConfigurationPlatforms) = postSolution
		{747E4575-D861-586D-8363-5A4387118FC3}.Debug|Any CPU.ActiveCfg = Debug|Any CPU
		{747E4575-D861-586D-8363-5A4387118FC3}.Debug|Any CPU.Build.0 = Debug|Any CPU
		{747E4575-D861-586D-8363-5A4387118FC3}.Debug|x64.ActiveCfg = Debug|Any CPU
		{747E4575-D861-586D-8363-5A4387118FC3}.Debug|x64.Build.0 = Debug|Any CPU
		{747E4575-D861-586D-8363-5A4387118FC3}.Debug|x86.ActiveCfg = Debug|Any CPU
		{747E4575-D861-586D-8363-5A4387118FC3}.Debug|x86.Build.0 = Debug|Any CPU
		{747E4575-D861-586D-8363-5A4387118FC3}.Release|Any CPU.ActiveCfg = Release|Any CPU
		{747E4575-D861-586D-8363-5A4387118FC3}.Release|Any CPU.Build.0 = Release|Any CPU
		{747E4575-D861-586D-8363-5A4387118FC3}.Release|x64.ActiveCfg = Release|Any CPU
		{747E4575-D861-586D-8363-5A4387118FC3}.Release|x64.Build.0 = Release|Any CPU
		{747E4575-D861-586D-8363-5A4387118FC3}.Release|x86.ActiveCfg = Release|Any CPU
		{747E4575-D861-586D-8363-5A4387118FC3}.Release|x86.Build.0 = Release|Any CPU
		{913CAEF5-F03A-5911-BCFD-11F3066DAC19}.Debug|Any CPU.ActiveCfg = Debug|Any CPU
		{913CAEF5-F03A-5911-BCFD-11F3066DAC19}.Debug|Any CPU.Build.0 = Debug|Any CPU
		{913CAEF5-F03A-5911-BCFD-11F3066DAC19}.Debug|x64.ActiveCfg = Debug|Any CPU
		{913CAEF5-F03A-5911-BCFD-11F3066DAC19}.Debug|x64.Build.0 = Debug|Any CPU
		{913CAEF5-F03A-5911-BCFD-11F3066DAC19}.Debug|x86.ActiveCfg = Debug|Any CPU
		{913CAEF5-F03A-5911-BCFD-11F3066DAC19}.Debug|x86.Build.0 = Debug|Any CPU
		{913CAEF5-F03A-5911-BCFD-11F3066DAC19}.Release|Any CPU.ActiveCfg = Release|Any CPU
		{913CAEF5-F03A-5911-BCFD-11F3066DAC19}.Release|Any CPU.Build.0 = Release|Any CPU
		{913CAEF5-F03A-5911-BCFD-11F3066DAC19}.Release|x64.ActiveCfg = Release|Any CPU
		{913CAEF5-F03A-5911-BCFD-11F3066DAC19}.Release|x64.Build.0 = Release|Any CPU
		{913CAEF5-F03A-5911-BCFD-11F3066DAC19}.Release|x86.ActiveCfg = Release|Any CPU
		{913CAEF5-F03A-5911-BCFD-11F3066DAC19}.Release|x86.Build.0 = Release|Any CPU
		{ACFD6DD5-7102-4E56-8507-4B9326D7A692}.Debug|Any CPU.ActiveCfg = Debug|Any CPU
		{ACFD6DD5-7102-4E56-8507-4B9326D7A692}.Debug|Any CPU.Build.0 = Debug|Any CPU
		{ACFD6DD5-7102-4E56-8507-4B9326D7A692}.Debug|x64.ActiveCfg = Debug|Any CPU
		{ACFD6DD5-7102-4E56-8507-4B9326D7A692}.Debug|x64.Build.0 = Debug|Any CPU
		{ACFD6DD5-7102-4E56-8507-4B9326D7A692}.Debug|x86.ActiveCfg = Debug|Any CPU
		{ACFD6DD5-7102-4E56-8507-4B9326D7A692}.Debug|x86.Build.0 = Debug|Any CPU
		{ACFD6DD5-7102-4E56-8507-4B9326D7A692}.Release|Any CPU.ActiveCfg = Release|Any CPU
		{ACFD6DD5-7102-4E56-8507-4B9326D7A692}.Release|Any CPU.Build.0 = Release|Any CPU
		{ACFD6DD5-7102-4E56-8507-4B9326D7A692}.Release|x64.ActiveCfg = Release|Any CPU
		{ACFD6DD5-7102-4E56-8507-4B9326D7A692}.Release|x64.Build.0 = Release|Any CPU
		{ACFD6DD5-7102-4E56-8507-4B9326D7A692}.Release|x86.ActiveCfg = Release|Any CPU
		{ACFD6DD5-7102-4E56-8507-4B9326D7A692}.Release|x86.Build.0 = Release|Any CPU
		{6C003FE7-DCA3-4574-86D4-878F2D42B059}.Debug|Any CPU.ActiveCfg = Debug|Any CPU
		{6C003FE7-DCA3-4574-86D4-878F2D42B059}.Debug|Any CPU.Build.0 = Debug|Any CPU
		{6C003FE7-DCA3-4574-86D4-878F2D42B059}.Debug|x64.ActiveCfg = Debug|Any CPU
		{6C003FE7-DCA3-4574-86D4-878F2D42B059}.Debug|x64.Build.0 = Debug|Any CPU
		{6C003FE7-DCA3-4574-86D4-878F2D42B059}.Debug|x86.ActiveCfg = Debug|Any CPU
		{6C003FE7-DCA3-4574-86D4-878F2D42B059}.Debug|x86.Build.0 = Debug|Any CPU
		{6C003FE7-DCA3-4574-86D4-878F2D42B059}.Release|Any CPU.ActiveCfg = Release|Any CPU
		{6C003FE7-DCA3-4574-86D4-878F2D42B059}.Release|Any CPU.Build.0 = Release|Any CPU
		{6C003FE7-DCA3-4574-86D4-878F2D42B059}.Release|x64.ActiveCfg = Release|Any CPU
		{6C003FE7-DCA3-4574-86D4-878F2D42B059}.Release|x64.Build.0 = Release|Any CPU
		{6C003FE7-DCA3-4574-86D4-878F2D42B059}.Release|x86.ActiveCfg = Release|Any CPU
		{6C003FE7-DCA3-4574-86D4-878F2D42B059}.Release|x86.Build.0 = Release|Any CPU
	EndGlobalSection
	GlobalSection(SolutionProperties) = preSolution
		HideSolutionNode = FALSE
	EndGlobalSection
EndGlobal
