
Microsoft Visual Studio Solution File, Format Version 12.00
Project("{FAE04EC0-301F-11D3-BF4B-00C04F79EFBC}") = "ModularPipelines.Google", "ModularPipelines.Google.csproj", "{1576A946-DA14-47F9-A529-DCC32EFDA6AB}"
EndProject
Project("{FAE04EC0-301F-11D3-BF4B-00C04F79EFBC}") = "ModularPipelines", "..\ModularPipelines\ModularPipelines.csproj", "{303E4137-9F93-47D0-9819-93BB2C5A7314}"
EndProject
Global
	GlobalSection(SolutionConfigurationPlatforms) = preSolution
		Debug|Any CPU = Debug|Any CPU
		Release|Any CPU = Release|Any CPU
	EndGlobalSection
	GlobalSection(ProjectConfigurationPlatforms) = postSolution
		{1576A946-DA14-47F9-A529-DCC32EFDA6AB}.Debug|Any CPU.ActiveCfg = Debug|Any CPU
		{1576A946-DA14-47F9-A529-DCC32EFDA6AB}.Debug|Any CPU.Build.0 = Debug|Any CPU
		{1576A946-DA14-47F9-A529-DCC32EFDA6AB}.Release|Any CPU.ActiveCfg = Release|Any CPU
		{1576A946-DA14-47F9-A529-DCC32EFDA6AB}.Release|Any CPU.Build.0 = Release|Any CPU
		{303E4137-9F93-47D0-9819-93BB2C5A7314}.Debug|Any CPU.ActiveCfg = Debug|Any CPU
		{303E4137-9F93-47D0-9819-93BB2C5A7314}.Debug|Any CPU.Build.0 = Debug|Any CPU
		{303E4137-9F93-47D0-9819-93BB2C5A7314}.Release|Any CPU.ActiveCfg = Release|Any CPU
		{303E4137-9F93-47D0-9819-93BB2C5A7314}.Release|Any CPU.Build.0 = Release|Any CPU
	EndGlobalSection
EndGlobal
