
Microsoft Visual Studio Solution File, Format Version 12.00
# Visual Studio Version 17
VisualStudioVersion = 17.6.33815.320
MinimumVisualStudioVersion = 10.0.40219.1
Project("{FAE04EC0-301F-11D3-BF4B-00C04F79EFBC}") = "ModularPipelines.Jq", "ModularPipelines.Jq.csproj", "{0782DEA4-5BF9-5C04-B6EC-C3FBF815F028}"
EndProject
Project("{FAE04EC0-301F-11D3-BF4B-00C04F79EFBC}") = "ModularPipelines", "..\ModularPipelines\ModularPipelines.csproj", "{913CAEF5-F03A-5911-BCFD-11F3066DAC19}"
EndProject
Project("{FAE04EC0-301F-11D3-BF4B-00C04F79EFBC}") = "ModularPipelines.Jq.UnitTests", "..\..\test\ModularPipelines.Jq.UnitTests\ModularPipelines.Jq.UnitTests.csproj", "{7222E9A0-9869-49BD-A87C-5C954763C994}"
EndProject
Project("{FAE04EC0-301F-11D3-BF4B-00C04F79EFBC}") = "ModularPipelines.TestHelpers", "..\..\test\ModularPipelines.TestHelpers\ModularPipelines.TestHelpers.csproj", "{06866830-1CB2-4DC0-8F9B-3919BEA223D7}"
EndProject
Global
	GlobalSection(SolutionConfigurationPlatforms) = preSolution
		Debug|Any CPU = Debug|Any CPU
		Debug|x64 = Debug|x64
		Debug|x86 = Debug|x86
		Release|Any CPU = Release|Any CPU
		Release|x64 = Release|x64
		Release|x86 = Release|x86
	EndGlobalSection
	GlobalSection(ProjectConfigurationPlatforms) = postSolution
		{0782DEA4-5BF9-5C04-B6EC-C3FBF815F028}.Debug|Any CPU.ActiveCfg = Debug|Any CPU
		{0782DEA4-5BF9-5C04-B6EC-C3FBF815F028}.Debug|Any CPU.Build.0 = Debug|Any CPU
		{0782DEA4-5BF9-5C04-B6EC-C3FBF815F028}.Debug|x64.ActiveCfg = Debug|Any CPU
		{0782DEA4-5BF9-5C04-B6EC-C3FBF815F028}.Debug|x64.Build.0 = Debug|Any CPU
		{0782DEA4-5BF9-5C04-B6EC-C3FBF815F028}.Debug|x86.ActiveCfg = Debug|Any CPU
		{0782DEA4-5BF9-5C04-B6EC-C3FBF815F028}.Debug|x86.Build.0 = Debug|Any CPU
		{0782DEA4-5BF9-5C04-B6EC-C3FBF815F028}.Release|Any CPU.ActiveCfg = Release|Any CPU
		{0782DEA4-5BF9-5C04-B6EC-C3FBF815F028}.Release|Any CPU.Build.0 = Release|Any CPU
		{0782DEA4-5BF9-5C04-B6EC-C3FBF815F028}.Release|x64.ActiveCfg = Release|Any CPU
		{0782DEA4-5BF9-5C04-B6EC-C3FBF815F028}.Release|x64.Build.0 = Release|Any CPU
		{0782DEA4-5BF9-5C04-B6EC-C3FBF815F028}.Release|x86.ActiveCfg = Release|Any CPU
		{0782DEA4-5BF9-5C04-B6EC-C3FBF815F028}.Release|x86.Build.0 = Release|Any CPU
		{913CAEF5-F03A-5911-BCFD-11F3066DAC19}.Debug|Any CPU.ActiveCfg = Debug|Any CPU
		{913CAEF5-F03A-5911-BCFD-11F3066DAC19}.Debug|Any CPU.Build.0 = Debug|Any CPU
		{913CAEF5-F03A-5911-BCFD-11F3066DAC19}.Debug|x64.ActiveCfg = Debug|Any CPU
		{913CAEF5-F03A-5911-BCFD-11F3066DAC19}.Debug|x64.Build.0 = Debug|Any CPU
		{913CAEF5-F03A-5911-BCFD-11F3066DAC19}.Debug|x86.ActiveCfg = Debug|Any CPU
		{913CAEF5-F03A-5911-BCFD-11F3066DAC19}.Debug|x86.Build.0 = Debug|Any CPU
		{913CAEF5-F03A-5911-BCFD-11F3066DAC19}.Release|Any CPU.ActiveCfg = Release|Any CPU
		{913CAEF5-F03A-5911-BCFD-11F3066DAC19}.Release|Any CPU.Build.0 = Release|Any CPU
		{913CAEF5-F03A-5911-BCFD-11F3066DAC19}.Release|x64.ActiveCfg = Release|Any CPU
		{913CAEF5-F03A-5911-BCFD-11F3066DAC19}.Release|x64.Build.0 = Release|Any CPU
		{913CAEF5-F03A-5911-BCFD-11F3066DAC19}.Release|x86.ActiveCfg = Release|Any CPU
		{913CAEF5-F03A-5911-BCFD-11F3066DAC19}.Release|x86.Build.0 = Release|Any CPU
		{7222E9A0-9869-49BD-A87C-5C954763C994}.Debug|Any CPU.ActiveCfg = Debug|Any CPU
		{7222E9A0-9869-49BD-A87C-5C954763C994}.Debug|Any CPU.Build.0 = Debug|Any CPU
		{7222E9A0-9869-49BD-A87C-5C954763C994}.Debug|x64.ActiveCfg = Debug|Any CPU
		{7222E9A0-9869-49BD-A87C-5C954763C994}.Debug|x64.Build.0 = Debug|Any CPU
		{7222E9A0-9869-49BD-A87C-5C954763C994}.Debug|x86.ActiveCfg = Debug|Any CPU
		{7222E9A0-9869-49BD-A87C-5C954763C994}.Debug|x86.Build.0 = Debug|Any CPU
		{7222E9A0-9869-49BD-A87C-5C954763C994}.Release|Any CPU.ActiveCfg = Release|Any CPU
		{7222E9A0-9869-49BD-A87C-5C954763C994}.Release|Any CPU.Build.0 = Release|Any CPU
		{7222E9A0-9869-49BD-A87C-5C954763C994}.Release|x64.ActiveCfg = Release|Any CPU
		{7222E9A0-9869-49BD-A87C-5C954763C994}.Release|x64.Build.0 = Release|Any CPU
		{7222E9A0-9869-49BD-A87C-5C954763C994}.Release|x86.ActiveCfg = Release|Any CPU
		{7222E9A0-9869-49BD-A87C-5C954763C994}.Release|x86.Build.0 = Release|Any CPU
		{06866830-1CB2-4DC0-8F9B-3919BEA223D7}.Debug|Any CPU.ActiveCfg = Debug|Any CPU
		{06866830-1CB2-4DC0-8F9B-3919BEA223D7}.Debug|Any CPU.Build.0 = Debug|Any CPU
		{06866830-1CB2-4DC0-8F9B-3919BEA223D7}.Debug|x64.ActiveCfg = Debug|Any CPU
		{06866830-1CB2-4DC0-8F9B-3919BEA223D7}.Debug|x64.Build.0 = Debug|Any CPU
		{06866830-1CB2-4DC0-8F9B-3919BEA223D7}.Debug|x86.ActiveCfg = Debug|Any CPU
		{06866830-1CB2-4DC0-8F9B-3919BEA223D7}.Debug|x86.Build.0 = Debug|Any CPU
		{06866830-1CB2-4DC0-8F9B-3919BEA223D7}.Release|Any CPU.ActiveCfg = Release|Any CPU
		{06866830-1CB2-4DC0-8F9B-3919BEA223D7}.Release|Any CPU.Build.0 = Release|Any CPU
		{06866830-1CB2-4DC0-8F9B-3919BEA223D7}.Release|x64.ActiveCfg = Release|Any CPU
		{06866830-1CB2-4DC0-8F9B-3919BEA223D7}.Release|x64.Build.0 = Release|Any CPU
		{06866830-1CB2-4DC0-8F9B-3919BEA223D7}.Release|x86.ActiveCfg = Release|Any CPU
		{06866830-1CB2-4DC0-8F9B-3919BEA223D7}.Release|x86.Build.0 = Release|Any CPU
	EndGlobalSection
	GlobalSection(SolutionProperties) = preSolution
		HideSolutionNode = FALSE
	EndGlobalSection
EndGlobal
