
Microsoft Visual Studio Solution File, Format Version 12.00
# Visual Studio Version 17
VisualStudioVersion = 17.6.33815.320
MinimumVisualStudioVersion = 10.0.40219.1
Project("{FAE04EC0-301F-11D3-BF4B-00C04F79EFBC}") = "ModularPipelines.DotNet", "ModularPipelines.DotNet.csproj", "{934A4F06-FFC0-513E-A79F-711A872D912E}"
EndProject
Project("{FAE04EC0-301F-11D3-BF4B-00C04F79EFBC}") = "ModularPipelines", "..\ModularPipelines\ModularPipelines.csproj", "{913CAEF5-F03A-5911-BCFD-11F3066DAC19}"
EndProject
Project("{FAE04EC0-301F-11D3-BF4B-00C04F79EFBC}") = "ModularPipelines.DotNet.UnitTests", "..\..\test\ModularPipelines.DotNet.UnitTests\ModularPipelines.DotNet.UnitTests.csproj", "{8CC65C7B-1AE0-458F-A454-135BE5CB738D}"
EndProject
Project("{FAE04EC0-301F-11D3-BF4B-00C04F79EFBC}") = "ModularPipelines.TestHelpers", "..\..\test\ModularPipelines.TestHelpers\ModularPipelines.TestHelpers.csproj", "{9A502F84-ECC5-4C0E-91AF-F66330F9B487}"
EndProject
Global
	GlobalSection(SolutionConfigurationPlatforms) = preSolution
		Debug|Any CPU = Debug|Any CPU
		Debug|x64 = Debug|x64
		Debug|x86 = Debug|x86
		Release|Any CPU = Release|Any CPU
		Release|x64 = Release|x64
		Release|x86 = Release|x86
	EndGlobalSection
	GlobalSection(ProjectConfigurationPlatforms) = postSolution
		{934A4F06-FFC0-513E-A79F-711A872D912E}.Debug|Any CPU.ActiveCfg = Debug|Any CPU
		{934A4F06-FFC0-513E-A79F-711A872D912E}.Debug|Any CPU.Build.0 = Debug|Any CPU
		{934A4F06-FFC0-513E-A79F-711A872D912E}.Debug|x64.ActiveCfg = Debug|Any CPU
		{934A4F06-FFC0-513E-A79F-711A872D912E}.Debug|x64.Build.0 = Debug|Any CPU
		{934A4F06-FFC0-513E-A79F-711A872D912E}.Debug|x86.ActiveCfg = Debug|Any CPU
		{934A4F06-FFC0-513E-A79F-711A872D912E}.Debug|x86.Build.0 = Debug|Any CPU
		{934A4F06-FFC0-513E-A79F-711A872D912E}.Release|Any CPU.ActiveCfg = Release|Any CPU
		{934A4F06-FFC0-513E-A79F-711A872D912E}.Release|Any CPU.Build.0 = Release|Any CPU
		{934A4F06-FFC0-513E-A79F-711A872D912E}.Release|x64.ActiveCfg = Release|Any CPU
		{934A4F06-FFC0-513E-A79F-711A872D912E}.Release|x64.Build.0 = Release|Any CPU
		{934A4F06-FFC0-513E-A79F-711A872D912E}.Release|x86.ActiveCfg = Release|Any CPU
		{934A4F06-FFC0-513E-A79F-711A872D912E}.Release|x86.Build.0 = Release|Any CPU
		{913CAEF5-F03A-5911-BCFD-11F3066DAC19}.Debug|Any CPU.ActiveCfg = Debug|Any CPU
		{913CAEF5-F03A-5911-BCFD-11F3066DAC19}.Debug|Any CPU.Build.0 = Debug|Any CPU
		{913CAEF5-F03A-5911-BCFD-11F3066DAC19}.Debug|x64.ActiveCfg = Debug|Any CPU
		{913CAEF5-F03A-5911-BCFD-11F3066DAC19}.Debug|x64.Build.0 = Debug|Any CPU
		{913CAEF5-F03A-5911-BCFD-11F3066DAC19}.Debug|x86.ActiveCfg = Debug|Any CPU
		{913CAEF5-F03A-5911-BCFD-11F3066DAC19}.Debug|x86.Build.0 = Debug|Any CPU
		{913CAEF5-F03A-5911-BCFD-11F3066DAC19}.Release|Any CPU.ActiveCfg = Release|Any CPU
		{913CAEF5-F03A-5911-BCFD-11F3066DAC19}.Release|Any CPU.Build.0 = Release|Any CPU
		{913CAEF5-F03A-5911-BCFD-11F3066DAC19}.Release|x64.ActiveCfg = Release|Any CPU
		{913CAEF5-F03A-5911-BCFD-11F3066DAC19}.Release|x64.Build.0 = Release|Any CPU
		{913CAEF5-F03A-5911-BCFD-11F3066DAC19}.Release|x86.ActiveCfg = Release|Any CPU
		{913CAEF5-F03A-5911-BCFD-11F3066DAC19}.Release|x86.Build.0 = Release|Any CPU
		{8CC65C7B-1AE0-458F-A454-135BE5CB738D}.Debug|Any CPU.ActiveCfg = Debug|Any CPU
		{8CC65C7B-1AE0-458F-A454-135BE5CB738D}.Debug|Any CPU.Build.0 = Debug|Any CPU
		{8CC65C7B-1AE0-458F-A454-135BE5CB738D}.Debug|x64.ActiveCfg = Debug|Any CPU
		{8CC65C7B-1AE0-458F-A454-135BE5CB738D}.Debug|x64.Build.0 = Debug|Any CPU
		{8CC65C7B-1AE0-458F-A454-135BE5CB738D}.Debug|x86.ActiveCfg = Debug|Any CPU
		{8CC65C7B-1AE0-458F-A454-135BE5CB738D}.Debug|x86.Build.0 = Debug|Any CPU
		{8CC65C7B-1AE0-458F-A454-135BE5CB738D}.Release|Any CPU.ActiveCfg = Release|Any CPU
		{8CC65C7B-1AE0-458F-A454-135BE5CB738D}.Release|Any CPU.Build.0 = Release|Any CPU
		{8CC65C7B-1AE0-458F-A454-135BE5CB738D}.Release|x64.ActiveCfg = Release|Any CPU
		{8CC65C7B-1AE0-458F-A454-135BE5CB738D}.Release|x64.Build.0 = Release|Any CPU
		{8CC65C7B-1AE0-458F-A454-135BE5CB738D}.Release|x86.ActiveCfg = Release|Any CPU
		{8CC65C7B-1AE0-458F-A454-135BE5CB738D}.Release|x86.Build.0 = Release|Any CPU
		{9A502F84-ECC5-4C0E-91AF-F66330F9B487}.Debug|Any CPU.ActiveCfg = Debug|Any CPU
		{9A502F84-ECC5-4C0E-91AF-F66330F9B487}.Debug|Any CPU.Build.0 = Debug|Any CPU
		{9A502F84-ECC5-4C0E-91AF-F66330F9B487}.Debug|x64.ActiveCfg = Debug|Any CPU
		{9A502F84-ECC5-4C0E-91AF-F66330F9B487}.Debug|x64.Build.0 = Debug|Any CPU
		{9A502F84-ECC5-4C0E-91AF-F66330F9B487}.Debug|x86.ActiveCfg = Debug|Any CPU
		{9A502F84-ECC5-4C0E-91AF-F66330F9B487}.Debug|x86.Build.0 = Debug|Any CPU
		{9A502F84-ECC5-4C0E-91AF-F66330F9B487}.Release|Any CPU.ActiveCfg = Release|Any CPU
		{9A502F84-ECC5-4C0E-91AF-F66330F9B487}.Release|Any CPU.Build.0 = Release|Any CPU
		{9A502F84-ECC5-4C0E-91AF-F66330F9B487}.Release|x64.ActiveCfg = Release|Any CPU
		{9A502F84-ECC5-4C0E-91AF-F66330F9B487}.Release|x64.Build.0 = Release|Any CPU
		{9A502F84-ECC5-4C0E-91AF-F66330F9B487}.Release|x86.ActiveCfg = Release|Any CPU
		{9A502F84-ECC5-4C0E-91AF-F66330F9B487}.Release|x86.Build.0 = Release|Any CPU
	EndGlobalSection
	GlobalSection(SolutionProperties) = preSolution
		HideSolutionNode = FALSE
	EndGlobalSection
EndGlobal
