
Microsoft Visual Studio Solution File, Format Version 12.00
# Visual Studio Version 17
VisualStudioVersion = 17.6.33815.320
MinimumVisualStudioVersion = 10.0.40219.1
Project("{FAE04EC0-301F-11D3-BF4B-00C04F79EFBC}") = "ModularPipelines.Syft", "ModularPipelines.Syft.csproj", "{194E678E-A76F-5F95-983B-B3B1F1B30832}"
EndProject
Project("{FAE04EC0-301F-11D3-BF4B-00C04F79EFBC}") = "ModularPipelines", "..\ModularPipelines\ModularPipelines.csproj", "{913CAEF5-F03A-5911-BCFD-11F3066DAC19}"
EndProject
Project("{FAE04EC0-301F-11D3-BF4B-00C04F79EFBC}") = "ModularPipelines.Syft.UnitTests", "..\..\test\ModularPipelines.Syft.UnitTests\ModularPipelines.Syft.UnitTests.csproj", "{68D8EDAC-ECBD-42D5-9090-12E552D6A566}"
EndProject
Project("{FAE04EC0-301F-11D3-BF4B-00C04F79EFBC}") = "ModularPipelines.TestHelpers", "..\..\test\ModularPipelines.TestHelpers\ModularPipelines.TestHelpers.csproj", "{5D01B1F7-AF6A-4A21-88C4-638C69FD9AEA}"
EndProject
Global
	GlobalSection(SolutionConfigurationPlatforms) = preSolution
		Debug|Any CPU = Debug|Any CPU
		Debug|x64 = Debug|x64
		Debug|x86 = Debug|x86
		Release|Any CPU = Release|Any CPU
		Release|x64 = Release|x64
		Release|x86 = Release|x86
	EndGlobalSection
	GlobalSection(ProjectConfigurationPlatforms) = postSolution
		{194E678E-A76F-5F95-983B-B3B1F1B30832}.Debug|Any CPU.ActiveCfg = Debug|Any CPU
		{194E678E-A76F-5F95-983B-B3B1F1B30832}.Debug|Any CPU.Build.0 = Debug|Any CPU
		{194E678E-A76F-5F95-983B-B3B1F1B30832}.Debug|x64.ActiveCfg = Debug|Any CPU
		{194E678E-A76F-5F95-983B-B3B1F1B30832}.Debug|x64.Build.0 = Debug|Any CPU
		{194E678E-A76F-5F95-983B-B3B1F1B30832}.Debug|x86.ActiveCfg = Debug|Any CPU
		{194E678E-A76F-5F95-983B-B3B1F1B30832}.Debug|x86.Build.0 = Debug|Any CPU
		{194E678E-A76F-5F95-983B-B3B1F1B30832}.Release|Any CPU.ActiveCfg = Release|Any CPU
		{194E678E-A76F-5F95-983B-B3B1F1B30832}.Release|Any CPU.Build.0 = Release|Any CPU
		{194E678E-A76F-5F95-983B-B3B1F1B30832}.Release|x64.ActiveCfg = Release|Any CPU
		{194E678E-A76F-5F95-983B-B3B1F1B30832}.Release|x64.Build.0 = Release|Any CPU
		{194E678E-A76F-5F95-983B-B3B1F1B30832}.Release|x86.ActiveCfg = Release|Any CPU
		{194E678E-A76F-5F95-983B-B3B1F1B30832}.Release|x86.Build.0 = Release|Any CPU
		{913CAEF5-F03A-5911-BCFD-11F3066DAC19}.Debug|Any CPU.ActiveCfg = Debug|Any CPU
		{913CAEF5-F03A-5911-BCFD-11F3066DAC19}.Debug|Any CPU.Build.0 = Debug|Any CPU
		{913CAEF5-F03A-5911-BCFD-11F3066DAC19}.Debug|x64.ActiveCfg = Debug|Any CPU
		{913CAEF5-F03A-5911-BCFD-11F3066DAC19}.Debug|x64.Build.0 = Debug|Any CPU
		{913CAEF5-F03A-5911-BCFD-11F3066DAC19}.Debug|x86.ActiveCfg = Debug|Any CPU
		{913CAEF5-F03A-5911-BCFD-11F3066DAC19}.Debug|x86.Build.0 = Debug|Any CPU
		{913CAEF5-F03A-5911-BCFD-11F3066DAC19}.Release|Any CPU.ActiveCfg = Release|Any CPU
		{913CAEF5-F03A-5911-BCFD-11F3066DAC19}.Release|Any CPU.Build.0 = Release|Any CPU
		{913CAEF5-F03A-5911-BCFD-11F3066DAC19}.Release|x64.ActiveCfg = Release|Any CPU
		{913CAEF5-F03A-5911-BCFD-11F3066DAC19}.Release|x64.Build.0 = Release|Any CPU
		{913CAEF5-F03A-5911-BCFD-11F3066DAC19}.Release|x86.ActiveCfg = Release|Any CPU
		{913CAEF5-F03A-5911-BCFD-11F3066DAC19}.Release|x86.Build.0 = Release|Any CPU
		{68D8EDAC-ECBD-42D5-9090-12E552D6A566}.Debug|Any CPU.ActiveCfg = Debug|Any CPU
		{68D8EDAC-ECBD-42D5-9090-12E552D6A566}.Debug|Any CPU.Build.0 = Debug|Any CPU
		{68D8EDAC-ECBD-42D5-9090-12E552D6A566}.Debug|x64.ActiveCfg = Debug|Any CPU
		{68D8EDAC-ECBD-42D5-9090-12E552D6A566}.Debug|x64.Build.0 = Debug|Any CPU
		{68D8EDAC-ECBD-42D5-9090-12E552D6A566}.Debug|x86.ActiveCfg = Debug|Any CPU
		{68D8EDAC-ECBD-42D5-9090-12E552D6A566}.Debug|x86.Build.0 = Debug|Any CPU
		{68D8EDAC-ECBD-42D5-9090-12E552D6A566}.Release|Any CPU.ActiveCfg = Release|Any CPU
		{68D8EDAC-ECBD-42D5-9090-12E552D6A566}.Release|Any CPU.Build.0 = Release|Any CPU
		{68D8EDAC-ECBD-42D5-9090-12E552D6A566}.Release|x64.ActiveCfg = Release|Any CPU
		{68D8EDAC-ECBD-42D5-9090-12E552D6A566}.Release|x64.Build.0 = Release|Any CPU
		{68D8EDAC-ECBD-42D5-9090-12E552D6A566}.Release|x86.ActiveCfg = Release|Any CPU
		{68D8EDAC-ECBD-42D5-9090-12E552D6A566}.Release|x86.Build.0 = Release|Any CPU
		{5D01B1F7-AF6A-4A21-88C4-638C69FD9AEA}.Debug|Any CPU.ActiveCfg = Debug|Any CPU
		{5D01B1F7-AF6A-4A21-88C4-638C69FD9AEA}.Debug|Any CPU.Build.0 = Debug|Any CPU
		{5D01B1F7-AF6A-4A21-88C4-638C69FD9AEA}.Debug|x64.ActiveCfg = Debug|Any CPU
		{5D01B1F7-AF6A-4A21-88C4-638C69FD9AEA}.Debug|x64.Build.0 = Debug|Any CPU
		{5D01B1F7-AF6A-4A21-88C4-638C69FD9AEA}.Debug|x86.ActiveCfg = Debug|Any CPU
		{5D01B1F7-AF6A-4A21-88C4-638C69FD9AEA}.Debug|x86.Build.0 = Debug|Any CPU
		{5D01B1F7-AF6A-4A21-88C4-638C69FD9AEA}.Release|Any CPU.ActiveCfg = Release|Any CPU
		{5D01B1F7-AF6A-4A21-88C4-638C69FD9AEA}.Release|Any CPU.Build.0 = Release|Any CPU
		{5D01B1F7-AF6A-4A21-88C4-638C69FD9AEA}.Release|x64.ActiveCfg = Release|Any CPU
		{5D01B1F7-AF6A-4A21-88C4-638C69FD9AEA}.Release|x64.Build.0 = Release|Any CPU
		{5D01B1F7-AF6A-4A21-88C4-638C69FD9AEA}.Release|x86.ActiveCfg = Release|Any CPU
		{5D01B1F7-AF6A-4A21-88C4-638C69FD9AEA}.Release|x86.Build.0 = Release|Any CPU
	EndGlobalSection
	GlobalSection(SolutionProperties) = preSolution
		HideSolutionNode = FALSE
	EndGlobalSection
EndGlobal
