<Solution>
  <Project Path="src/ModularPipelines.Analyzers/ModularPipelines.Analyzers.CodeFixes/ModularPipelines.Analyzers.CodeFixes.csproj" />
  <Project Path="src/ModularPipelines.Analyzers/ModularPipelines.Analyzers.Package/ModularPipelines.Analyzers.Package.csproj" />
  <Project Path="src/ModularPipelines.Analyzers/ModularPipelines.Analyzers.Test/ModularPipelines.Analyzers.Test.csproj" />
  <Project Path="src/ModularPipelines.Analyzers/ModularPipelines.Analyzers/ModularPipelines.Analyzers.csproj" />
  <Project Path="src/ModularPipelines/ModularPipelines.csproj" />
</Solution>
