
Microsoft Visual Studio Solution File, Format Version 12.00
Project("{FAE04EC0-301F-11D3-BF4B-00C04F79EFBC}") = "ModularPipelines", "ModularPipelines\ModularPipelines.csproj", "{A25FAFCF-E226-4263-B3D6-732668604BD9}"
EndProject
Project("{FAE04EC0-301F-11D3-BF4B-00C04F79EFBC}") = "ModularPipelines.UnitTests", "ModularPipelines.UnitTests\ModularPipelines.UnitTests.csproj", "{937A2E0D-8D4B-4B36-848E-389CD789E141}"
EndProject
Project("{FAE04EC0-301F-11D3-BF4B-00C04F79EFBC}") = "ModularPipelines.Build", "ModularPipelines.Build\ModularPipelines.Build.csproj", "{936B9B1B-D734-4757-95FE-257B852E3358}"
EndProject
Project("{FAE04EC0-301F-11D3-BF4B-00C04F79EFBC}") = "ModularPipelines.DotNet", "ModularPipelines.DotNet\ModularPipelines.DotNet.csproj", "{5A0C3F55-8D46-497D-9757-9640C3A59B43}"
EndProject
Project("{FAE04EC0-301F-11D3-BF4B-00C04F79EFBC}") = "ModularPipelines.Examples", "ModularPipelines.Examples\ModularPipelines.Examples.csproj", "{AD5E9D03-0DF0-4CA9-9E7A-4AF41ADE198B}"
EndProject
Project("{FAE04EC0-301F-11D3-BF4B-00C04F79EFBC}") = "ModularPipelines.Git", "ModularPipelines.Git\ModularPipelines.Git.csproj", "{DA86F082-5143-40C2-8EFA-F124D68FCE02}"
EndProject
Project("{FAE04EC0-301F-11D3-BF4B-00C04F79EFBC}") = "ModularPipelines.MicrosoftTeams", "ModularPipelines.MicrosoftTeams\ModularPipelines.MicrosoftTeams.csproj", "{FFBA91D0-9DC8-48A7-BD8E-6EF2E436F0AF}"
EndProject
Project("{FAE04EC0-301F-11D3-BF4B-00C04F79EFBC}") = "ModularPipelines.Installer", "ModularPipelines.Installer\ModularPipelines.Installer.csproj", "{D23FE24C-9416-4ABD-84BA-49720582D8A1}"
EndProject
Project("{FAE04EC0-301F-11D3-BF4B-00C04F79EFBC}") = "ModularPipelines.NuGet", "ModularPipelines.NuGet\ModularPipelines.NuGet.csproj", "{8A6B4058-2863-4406-A651-5E334C81777F}"
EndProject
Project("{FAE04EC0-301F-11D3-BF4B-00C04F79EFBC}") = "ModularPipelines.Node", "ModularPipelines.Node\ModularPipelines.Node.csproj", "{1C075CAF-7409-4941-8622-E3D3DDD876AB}"
EndProject
Project("{FAE04EC0-301F-11D3-BF4B-00C04F79EFBC}") = "ModularPipelines.Powershell", "ModularPipelines.Powershell\ModularPipelines.Powershell.csproj", "{2EF4CDCF-8B7A-4710-B1E7-8879870D4B4A}"
EndProject
Project("{FAE04EC0-301F-11D3-BF4B-00C04F79EFBC}") = "ModularPipelines.Cmd", "ModularPipelines.Cmd\ModularPipelines.Cmd.csproj", "{BC8D3D41-EFC5-45BF-9A1F-766B3989BA4E}"
EndProject
Project("{FAE04EC0-301F-11D3-BF4B-00C04F79EFBC}") = "ModularPipelines.Azure.Pipelines", "ModularPipelines.Azure.Pipelines\ModularPipelines.Azure.Pipelines.csproj", "{D927ABA0-0DEC-4370-99C7-2CC2B8B3992E}"
EndProject
Global
	GlobalSection(SolutionConfigurationPlatforms) = preSolution
		Debug|Any CPU = Debug|Any CPU
		Release|Any CPU = Release|Any CPU
	EndGlobalSection
	GlobalSection(ProjectConfigurationPlatforms) = postSolution
		{A25FAFCF-E226-4263-B3D6-732668604BD9}.Debug|Any CPU.ActiveCfg = Debug|Any CPU
		{A25FAFCF-E226-4263-B3D6-732668604BD9}.Debug|Any CPU.Build.0 = Debug|Any CPU
		{A25FAFCF-E226-4263-B3D6-732668604BD9}.Release|Any CPU.ActiveCfg = Release|Any CPU
		{A25FAFCF-E226-4263-B3D6-732668604BD9}.Release|Any CPU.Build.0 = Release|Any CPU
		{937A2E0D-8D4B-4B36-848E-389CD789E141}.Debug|Any CPU.ActiveCfg = Debug|Any CPU
		{937A2E0D-8D4B-4B36-848E-389CD789E141}.Debug|Any CPU.Build.0 = Debug|Any CPU
		{937A2E0D-8D4B-4B36-848E-389CD789E141}.Release|Any CPU.ActiveCfg = Release|Any CPU
		{937A2E0D-8D4B-4B36-848E-389CD789E141}.Release|Any CPU.Build.0 = Release|Any CPU
		{936B9B1B-D734-4757-95FE-257B852E3358}.Debug|Any CPU.ActiveCfg = Debug|Any CPU
		{936B9B1B-D734-4757-95FE-257B852E3358}.Debug|Any CPU.Build.0 = Debug|Any CPU
		{936B9B1B-D734-4757-95FE-257B852E3358}.Release|Any CPU.ActiveCfg = Release|Any CPU
		{936B9B1B-D734-4757-95FE-257B852E3358}.Release|Any CPU.Build.0 = Release|Any CPU
		{5A0C3F55-8D46-497D-9757-9640C3A59B43}.Debug|Any CPU.ActiveCfg = Debug|Any CPU
		{5A0C3F55-8D46-497D-9757-9640C3A59B43}.Debug|Any CPU.Build.0 = Debug|Any CPU
		{5A0C3F55-8D46-497D-9757-9640C3A59B43}.Release|Any CPU.ActiveCfg = Release|Any CPU
		{5A0C3F55-8D46-497D-9757-9640C3A59B43}.Release|Any CPU.Build.0 = Release|Any CPU
		{AD5E9D03-0DF0-4CA9-9E7A-4AF41ADE198B}.Debug|Any CPU.ActiveCfg = Debug|Any CPU
		{AD5E9D03-0DF0-4CA9-9E7A-4AF41ADE198B}.Debug|Any CPU.Build.0 = Debug|Any CPU
		{AD5E9D03-0DF0-4CA9-9E7A-4AF41ADE198B}.Release|Any CPU.ActiveCfg = Release|Any CPU
		{AD5E9D03-0DF0-4CA9-9E7A-4AF41ADE198B}.Release|Any CPU.Build.0 = Release|Any CPU
		{DA86F082-5143-40C2-8EFA-F124D68FCE02}.Debug|Any CPU.ActiveCfg = Debug|Any CPU
		{DA86F082-5143-40C2-8EFA-F124D68FCE02}.Debug|Any CPU.Build.0 = Debug|Any CPU
		{DA86F082-5143-40C2-8EFA-F124D68FCE02}.Release|Any CPU.ActiveCfg = Release|Any CPU
		{DA86F082-5143-40C2-8EFA-F124D68FCE02}.Release|Any CPU.Build.0 = Release|Any CPU
		{FFBA91D0-9DC8-48A7-BD8E-6EF2E436F0AF}.Debug|Any CPU.ActiveCfg = Debug|Any CPU
		{FFBA91D0-9DC8-48A7-BD8E-6EF2E436F0AF}.Debug|Any CPU.Build.0 = Debug|Any CPU
		{FFBA91D0-9DC8-48A7-BD8E-6EF2E436F0AF}.Release|Any CPU.ActiveCfg = Release|Any CPU
		{FFBA91D0-9DC8-48A7-BD8E-6EF2E436F0AF}.Release|Any CPU.Build.0 = Release|Any CPU
		{D23FE24C-9416-4ABD-84BA-49720582D8A1}.Debug|Any CPU.ActiveCfg = Debug|Any CPU
		{D23FE24C-9416-4ABD-84BA-49720582D8A1}.Debug|Any CPU.Build.0 = Debug|Any CPU
		{D23FE24C-9416-4ABD-84BA-49720582D8A1}.Release|Any CPU.ActiveCfg = Release|Any CPU
		{D23FE24C-9416-4ABD-84BA-49720582D8A1}.Release|Any CPU.Build.0 = Release|Any CPU
		{8A6B4058-2863-4406-A651-5E334C81777F}.Debug|Any CPU.ActiveCfg = Debug|Any CPU
		{8A6B4058-2863-4406-A651-5E334C81777F}.Debug|Any CPU.Build.0 = Debug|Any CPU
		{8A6B4058-2863-4406-A651-5E334C81777F}.Release|Any CPU.ActiveCfg = Release|Any CPU
		{8A6B4058-2863-4406-A651-5E334C81777F}.Release|Any CPU.Build.0 = Release|Any CPU
		{1C075CAF-7409-4941-8622-E3D3DDD876AB}.Debug|Any CPU.ActiveCfg = Debug|Any CPU
		{1C075CAF-7409-4941-8622-E3D3DDD876AB}.Debug|Any CPU.Build.0 = Debug|Any CPU
		{1C075CAF-7409-4941-8622-E3D3DDD876AB}.Release|Any CPU.ActiveCfg = Release|Any CPU
		{1C075CAF-7409-4941-8622-E3D3DDD876AB}.Release|Any CPU.Build.0 = Release|Any CPU
		{2EF4CDCF-8B7A-4710-B1E7-8879870D4B4A}.Debug|Any CPU.ActiveCfg = Debug|Any CPU
		{2EF4CDCF-8B7A-4710-B1E7-8879870D4B4A}.Debug|Any CPU.Build.0 = Debug|Any CPU
		{2EF4CDCF-8B7A-4710-B1E7-8879870D4B4A}.Release|Any CPU.ActiveCfg = Release|Any CPU
		{2EF4CDCF-8B7A-4710-B1E7-8879870D4B4A}.Release|Any CPU.Build.0 = Release|Any CPU
		{BC8D3D41-EFC5-45BF-9A1F-766B3989BA4E}.Debug|Any CPU.ActiveCfg = Debug|Any CPU
		{BC8D3D41-EFC5-45BF-9A1F-766B3989BA4E}.Debug|Any CPU.Build.0 = Debug|Any CPU
		{BC8D3D41-EFC5-45BF-9A1F-766B3989BA4E}.Release|Any CPU.ActiveCfg = Release|Any CPU
		{BC8D3D41-EFC5-45BF-9A1F-766B3989BA4E}.Release|Any CPU.Build.0 = Release|Any CPU
		{D927ABA0-0DEC-4370-99C7-2CC2B8B3992E}.Debug|Any CPU.ActiveCfg = Debug|Any CPU
		{D927ABA0-0DEC-4370-99C7-2CC2B8B3992E}.Debug|Any CPU.Build.0 = Debug|Any CPU
		{D927ABA0-0DEC-4370-99C7-2CC2B8B3992E}.Release|Any CPU.ActiveCfg = Release|Any CPU
		{D927ABA0-0DEC-4370-99C7-2CC2B8B3992E}.Release|Any CPU.Build.0 = Release|Any CPU
	EndGlobalSection
EndGlobal
