
Microsoft Visual Studio Solution File, Format Version 12.00
# Visual Studio Version 17
VisualStudioVersion = 17.6.33815.320
MinimumVisualStudioVersion = 10.0.40219.1
Project("{9A19103F-16F7-4668-BE54-9A1E7A4F7556}") = "ModularPipelines", "src\ModularPipelines\ModularPipelines.csproj", "{A25FAFCF-E226-4263-B3D6-732668604BD9}"
EndProject
Project("{9A19103F-16F7-4668-BE54-9A1E7A4F7556}") = "ModularPipelines.UnitTests", "test\ModularPipelines.UnitTests\ModularPipelines.UnitTests.csproj", "{937A2E0D-8D4B-4B36-848E-389CD789E141}"
EndProject
Project("{9A19103F-16F7-4668-BE54-9A1E7A4F7556}") = "ModularPipelines.Build", "src\ModularPipelines.Build\ModularPipelines.Build.csproj", "{936B9B1B-D734-4757-95FE-257B852E3358}"
EndProject
Project("{9A19103F-16F7-4668-BE54-9A1E7A4F7556}") = "ModularPipelines.DotNet", "src\ModularPipelines.DotNet\ModularPipelines.DotNet.csproj", "{5A0C3F55-8D46-497D-9757-9640C3A59B43}"
EndProject
Project("{9A19103F-16F7-4668-BE54-9A1E7A4F7556}") = "ModularPipelines.Git", "src\ModularPipelines.Git\ModularPipelines.Git.csproj", "{DA86F082-5143-40C2-8EFA-F124D68FCE02}"
EndProject
Project("{9A19103F-16F7-4668-BE54-9A1E7A4F7556}") = "ModularPipelines.MicrosoftTeams", "src\ModularPipelines.MicrosoftTeams\ModularPipelines.MicrosoftTeams.csproj", "{FFBA91D0-9DC8-48A7-BD8E-6EF2E436F0AF}"
EndProject
Project("{9A19103F-16F7-4668-BE54-9A1E7A4F7556}") = "ModularPipelines.Node", "src\ModularPipelines.Node\ModularPipelines.Node.csproj", "{1C075CAF-7409-4941-8622-E3D3DDD876AB}"
EndProject
Project("{9A19103F-16F7-4668-BE54-9A1E7A4F7556}") = "ModularPipelines.Cmd", "src\ModularPipelines.Cmd\ModularPipelines.Cmd.csproj", "{BC8D3D41-EFC5-45BF-9A1F-766B3989BA4E}"
EndProject
Project("{9A19103F-16F7-4668-BE54-9A1E7A4F7556}") = "ModularPipelines.Azure.Pipelines", "src\ModularPipelines.Azure.Pipelines\ModularPipelines.Azure.Pipelines.csproj", "{D927ABA0-0DEC-4370-99C7-2CC2B8B3992E}"
EndProject
Project("{FAE04EC0-301F-11D3-BF4B-00C04F79EFBC}") = "ModularPipelines.Docker", "src\ModularPipelines.Docker\ModularPipelines.Docker.csproj", "{D275C61D-E0DF-4D76-B70A-F49EB277E451}"
EndProject
Project("{FAE04EC0-301F-11D3-BF4B-00C04F79EFBC}") = "ModularPipelines.Helm", "src\ModularPipelines.Helm\ModularPipelines.Helm.csproj", "{3A4CD1E9-E26E-481C-9B42-E1C9A32BF021}"
EndProject
Project("{FAE04EC0-301F-11D3-BF4B-00C04F79EFBC}") = "ModularPipelines.Kubernetes", "src\ModularPipelines.Kubernetes\ModularPipelines.Kubernetes.csproj", "{8D9D763A-4BFA-4A34-8CFB-7318F204A2D8}"
EndProject
Project("{FAE04EC0-301F-11D3-BF4B-00C04F79EFBC}") = "ModularPipelines.Terraform", "src\ModularPipelines.Terraform\ModularPipelines.Terraform.csproj", "{4FF0B74A-CC18-4B90-B50C-E8564F5136B2}"
EndProject
Project("{FAE04EC0-301F-11D3-BF4B-00C04F79EFBC}") = "ModularPipelines.Email", "src\ModularPipelines.Email\ModularPipelines.Email.csproj", "{D2F0D130-50A7-46BB-B495-1B673C2A23A9}"
EndProject
Project("{FAE04EC0-301F-11D3-BF4B-00C04F79EFBC}") = "ModularPipelines.Ftp", "src\ModularPipelines.Ftp\ModularPipelines.Ftp.csproj", "{A740BDF2-742C-44AA-8449-293F693E4136}"
EndProject
Project("{2150E333-8FDC-42A3-9474-1A3956D46DE8}") = "Test", "Test", "{F213898F-1E32-48F1-AB8C-83D2BD01A93B}"
EndProject
Project("{2150E333-8FDC-42A3-9474-1A3956D46DE8}") = "Source", "Source", "{87E9D101-2B57-4D04-9488-CF8E720AF379}"
EndProject
Project("{2150E333-8FDC-42A3-9474-1A3956D46DE8}") = "Build", "Build", "{0085C0A4-064F-432C-B2FE-A92518241B65}"
EndProject
Project("{FAE04EC0-301F-11D3-BF4B-00C04F79EFBC}") = "ModularPipelines.Slack", "src\ModularPipelines.Slack\ModularPipelines.Slack.csproj", "{467FCE3D-2261-486A-ACD8-5D804C92DA01}"
EndProject
Project("{FAE04EC0-301F-11D3-BF4B-00C04F79EFBC}") = "ModularPipelines.TestsForTests", "test\ModularPipelines.TestsForTests\ModularPipelines.TestsForTests.csproj", "{B4A63CCF-229F-4EBE-AC85-778062C50930}"
EndProject
Project("{FAE04EC0-301F-11D3-BF4B-00C04F79EFBC}") = "ModularPipelines.GitHub", "src\ModularPipelines.GitHub\ModularPipelines.GitHub.csproj", "{23A841CA-D773-4195-81A4-367544763909}"
EndProject
Project("{FAE04EC0-301F-11D3-BF4B-00C04F79EFBC}") = "ModularPipelines.TeamCity", "src\ModularPipelines.TeamCity\ModularPipelines.TeamCity.csproj", "{8AAA3556-797E-495E-9213-E78238C06947}"
EndProject
Project("{FAE04EC0-301F-11D3-BF4B-00C04F79EFBC}") = "ModularPipelines.Yarn", "src\ModularPipelines.Yarn\ModularPipelines.Yarn.csproj", "{966A259F-3AED-438A-A792-4B2574EA2F0E}"
EndProject
Project("{FAE04EC0-301F-11D3-BF4B-00C04F79EFBC}") = "ModularPipelines.Chocolatey", "src\ModularPipelines.Chocolatey\ModularPipelines.Chocolatey.csproj", "{4F9D2311-5B31-4A4C-BA8F-7A21B3E36C66}"
EndProject
Project("{FAE04EC0-301F-11D3-BF4B-00C04F79EFBC}") = "ModularPipelines.WinGet", "src\ModularPipelines.WinGet\ModularPipelines.WinGet.csproj", "{AA41FF20-E41B-4219-A0CE-55007105C2D2}"
EndProject
Project("{FAE04EC0-301F-11D3-BF4B-00C04F79EFBC}") = "ModularPipelines.TestHelpers", "test\ModularPipelines.TestHelpers\ModularPipelines.TestHelpers.csproj", "{5C0A5600-4CFF-49C1-8E20-40C28F870C28}"
EndProject
Project("{2150E333-8FDC-42A3-9474-1A3956D46DE8}") = "Analyzers", "Analyzers", "{22EEBEC3-F653-4054-A282-3C7F818186CC}"
EndProject
Project("{FAE04EC0-301F-11D3-BF4B-00C04F79EFBC}") = "ModularPipelines.Development.Analyzers", "src\ModularPipelines.Development.Analyzers\ModularPipelines.Development.Analyzers.csproj", "{B5D34368-1061-4621-ABC0-27677BF3FB1B}"
EndProject
Project("{FAE04EC0-301F-11D3-BF4B-00C04F79EFBC}") = "ModularPipelines.Development.Analyzers.UnitTests", "test\ModularPipelines.Development.Analyzers.UnitTests\ModularPipelines.Development.Analyzers.UnitTests.csproj", "{E91F981F-79F3-46FE-90EB-A4715BD5C02C}"
EndProject
Project("{2150E333-8FDC-42A3-9474-1A3956D46DE8}") = "src", "src", "{827E0CD3-B72D-47B6-A68D-7590B98EB39B}"
EndProject
Project("{FAE04EC0-301F-11D3-BF4B-00C04F79EFBC}") = "ModularPipelines.SourceGenerator", "src\ModularPipelines.SourceGenerator\ModularPipelines.SourceGenerator.csproj", "{CD69CF34-052D-454A-A5BC-DEB326F1B84F}"
EndProject
Project("{FAE04EC0-301F-11D3-BF4B-00C04F79EFBC}") = "ModularPipelines.Homebrew", "src\ModularPipelines.Homebrew\ModularPipelines.Homebrew.csproj", "{7F5BEA0E-A0A3-46F4-8DF7-E6CA1DD94F5C}"
EndProject
Project("{FAE04EC0-301F-11D3-BF4B-00C04F79EFBC}") = "ModularPipelines.Go", "src\ModularPipelines.Go\ModularPipelines.Go.csproj", "{C52C5952-5748-4FF1-8D6B-486238E1A4F0}"
EndProject
Project("{FAE04EC0-301F-11D3-BF4B-00C04F79EFBC}") = "ModularPipelines.Trivy", "src\ModularPipelines.Trivy\ModularPipelines.Trivy.csproj", "{6C81F981-225D-4B06-84AE-113ABB4EFCCF}"
EndProject
Project("{FAE04EC0-301F-11D3-BF4B-00C04F79EFBC}") = "ModularPipelines.Python", "src\ModularPipelines.Python\ModularPipelines.Python.csproj", "{18688504-8A31-4CA3-9FAD-D8888F0EE4C7}"
EndProject
Project("{FAE04EC0-301F-11D3-BF4B-00C04F79EFBC}") = "ModularPipelines.Java", "src\ModularPipelines.Java\ModularPipelines.Java.csproj", "{06BFE02B-58F5-4B1C-B241-A563EF0F3E6F}"
EndProject
Project("{FAE04EC0-301F-11D3-BF4B-00C04F79EFBC}") = "ModularPipelines.SonarScanner", "src\ModularPipelines.SonarScanner\ModularPipelines.SonarScanner.csproj", "{F2FE06BF-B496-45BA-BCF4-669B5993B97A}"
EndProject
Project("{FAE04EC0-301F-11D3-BF4B-00C04F79EFBC}") = "ModularPipelines.Snyk", "src\ModularPipelines.Snyk\ModularPipelines.Snyk.csproj", "{9223D2EC-D780-48CA-BA54-B7E4EED788E8}"
EndProject
Project("{FAE04EC0-301F-11D3-BF4B-00C04F79EFBC}") = "ModularPipelines.Jq", "src\ModularPipelines.Jq\ModularPipelines.Jq.csproj", "{643D0431-B9E7-4BE3-B551-A4B64E1E7F36}"
EndProject
Project("{FAE04EC0-301F-11D3-BF4B-00C04F79EFBC}") = "ModularPipelines.Yq", "src\ModularPipelines.Yq\ModularPipelines.Yq.csproj", "{33BEACC4-0F67-42E5-BE8C-0C861483E8CE}"
EndProject
Project("{FAE04EC0-301F-11D3-BF4B-00C04F79EFBC}") = "ModularPipelines.Flyway", "src\ModularPipelines.Flyway\ModularPipelines.Flyway.csproj", "{E24EA99F-C8B0-4C58-808D-BE47D0CD2016}"
EndProject
Project("{FAE04EC0-301F-11D3-BF4B-00C04F79EFBC}") = "ModularPipelines.Hadolint", "src\ModularPipelines.Hadolint\ModularPipelines.Hadolint.csproj", "{27B855BC-89AB-4AFC-B106-53BB8AF15106}"
EndProject
Project("{FAE04EC0-301F-11D3-BF4B-00C04F79EFBC}") = "ModularPipelines.Rust", "src\ModularPipelines.Rust\ModularPipelines.Rust.csproj", "{48D956C5-6248-4581-9E89-1CC7AB0D54C3}"
EndProject
Project("{FAE04EC0-301F-11D3-BF4B-00C04F79EFBC}") = "ModularPipelines.Pulumi", "src\ModularPipelines.Pulumi\ModularPipelines.Pulumi.csproj", "{28915AB8-0D86-4E2C-B6A4-9DC1404F1A69}"
EndProject
Project("{FAE04EC0-301F-11D3-BF4B-00C04F79EFBC}") = "ModularPipelines.Packer", "src\ModularPipelines.Packer\ModularPipelines.Packer.csproj", "{52E022CB-378E-4027-89FA-9DBE712DB8C3}"
EndProject
Project("{FAE04EC0-301F-11D3-BF4B-00C04F79EFBC}") = "ModularPipelines.Vault", "src\ModularPipelines.Vault\ModularPipelines.Vault.csproj", "{643B3AE7-DEA6-4CC6-A47D-0064F8BCDF58}"
EndProject
Project("{FAE04EC0-301F-11D3-BF4B-00C04F79EFBC}") = "ModularPipelines.Ansible", "src\ModularPipelines.Ansible\ModularPipelines.Ansible.csproj", "{CEF728EB-F85D-4302-89AE-2209C081A381}"
EndProject
Project("{FAE04EC0-301F-11D3-BF4B-00C04F79EFBC}") = "ModularPipelines.Podman", "src\ModularPipelines.Podman\ModularPipelines.Podman.csproj", "{21508926-AC4C-4A5A-BC48-F21094B844DE}"
EndProject
Project("{FAE04EC0-301F-11D3-BF4B-00C04F79EFBC}") = "ModularPipelines.Buildah", "src\ModularPipelines.Buildah\ModularPipelines.Buildah.csproj", "{8A2C8C08-C6D8-4394-9EF0-A9027872F017}"
EndProject
Project("{FAE04EC0-301F-11D3-BF4B-00C04F79EFBC}") = "ModularPipelines.Skopeo", "src\ModularPipelines.Skopeo\ModularPipelines.Skopeo.csproj", "{F5314B45-BCE4-4A6C-BE96-26CB3A5C6727}"
EndProject
Project("{FAE04EC0-301F-11D3-BF4B-00C04F79EFBC}") = "ModularPipelines.Eksctl", "src\ModularPipelines.Eksctl\ModularPipelines.Eksctl.csproj", "{3CFE5B7B-F2BE-4F87-AEF8-E4372ACD21F7}"
EndProject
Project("{FAE04EC0-301F-11D3-BF4B-00C04F79EFBC}") = "ModularPipelines.ArgoCd", "src\ModularPipelines.ArgoCd\ModularPipelines.ArgoCd.csproj", "{117ABAC1-9F30-489E-B8B9-E802D3521A6D}"
EndProject
Project("{FAE04EC0-301F-11D3-BF4B-00C04F79EFBC}") = "ModularPipelines.Flux", "src\ModularPipelines.Flux\ModularPipelines.Flux.csproj", "{DDB1F6B0-0A1A-4048-9CBC-617EFE6C371B}"
EndProject
Project("{FAE04EC0-301F-11D3-BF4B-00C04F79EFBC}") = "ModularPipelines.Shellcheck", "src\ModularPipelines.Shellcheck\ModularPipelines.Shellcheck.csproj", "{BCAC2A9E-8B00-4CC1-8FF2-B2E8FE06BA1E}"
EndProject
Project("{FAE04EC0-301F-11D3-BF4B-00C04F79EFBC}") = "ModularPipelines.Liquibase", "src\ModularPipelines.Liquibase\ModularPipelines.Liquibase.csproj", "{7350D584-F22F-402B-B39D-90CF2444142A}"
EndProject
Project("{FAE04EC0-301F-11D3-BF4B-00C04F79EFBC}") = "ModularPipelines.Newman", "src\ModularPipelines.Newman\ModularPipelines.Newman.csproj", "{56500D4E-829E-426A-A364-5E65335E2A25}"
EndProject
Project("{FAE04EC0-301F-11D3-BF4B-00C04F79EFBC}") = "ModularPipelines.Kind", "src\ModularPipelines.Kind\ModularPipelines.Kind.csproj", "{269F1BC4-0E28-4BA6-B36B-47CBCB87E4C6}"
EndProject
Project("{FAE04EC0-301F-11D3-BF4B-00C04F79EFBC}") = "ModularPipelines.Minikube", "src\ModularPipelines.Minikube\ModularPipelines.Minikube.csproj", "{024E6E78-4785-4075-8676-3C8667974B37}"
EndProject
Project("{FAE04EC0-301F-11D3-BF4B-00C04F79EFBC}") = "ModularPipelines.Cosign", "src\ModularPipelines.Cosign\ModularPipelines.Cosign.csproj", "{0FB125FE-5AB3-4667-8D1B-85A6284474ED}"
EndProject
Project("{FAE04EC0-301F-11D3-BF4B-00C04F79EFBC}") = "ModularPipelines.Syft", "src\ModularPipelines.Syft\ModularPipelines.Syft.csproj", "{2E70AA19-0309-4C6F-83D2-8E3DD2A7EC89}"
EndProject
Project("{FAE04EC0-301F-11D3-BF4B-00C04F79EFBC}") = "ModularPipelines.Grype", "src\ModularPipelines.Grype\ModularPipelines.Grype.csproj", "{60E4E82D-7BBF-4513-80ED-36A2273BB97D}"
EndProject
Global
	GlobalSection(SolutionConfigurationPlatforms) = preSolution
		Debug|Any CPU = Debug|Any CPU
		Debug|x64 = Debug|x64
		Debug|x86 = Debug|x86
		Release|Any CPU = Release|Any CPU
		Release|x64 = Release|x64
		Release|x86 = Release|x86
	EndGlobalSection
	GlobalSection(ProjectConfigurationPlatforms) = postSolution
		{A25FAFCF-E226-4263-B3D6-732668604BD9}.Debug|Any CPU.ActiveCfg = Debug|Any CPU
		{A25FAFCF-E226-4263-B3D6-732668604BD9}.Debug|Any CPU.Build.0 = Debug|Any CPU
		{A25FAFCF-E226-4263-B3D6-732668604BD9}.Debug|x64.ActiveCfg = Debug|Any CPU
		{A25FAFCF-E226-4263-B3D6-732668604BD9}.Debug|x64.Build.0 = Debug|Any CPU
		{A25FAFCF-E226-4263-B3D6-732668604BD9}.Debug|x86.ActiveCfg = Debug|Any CPU
		{A25FAFCF-E226-4263-B3D6-732668604BD9}.Debug|x86.Build.0 = Debug|Any CPU
		{A25FAFCF-E226-4263-B3D6-732668604BD9}.Release|Any CPU.ActiveCfg = Release|Any CPU
		{A25FAFCF-E226-4263-B3D6-732668604BD9}.Release|Any CPU.Build.0 = Release|Any CPU
		{A25FAFCF-E226-4263-B3D6-732668604BD9}.Release|x64.ActiveCfg = Release|Any CPU
		{A25FAFCF-E226-4263-B3D6-732668604BD9}.Release|x64.Build.0 = Release|Any CPU
		{A25FAFCF-E226-4263-B3D6-732668604BD9}.Release|x86.ActiveCfg = Release|Any CPU
		{A25FAFCF-E226-4263-B3D6-732668604BD9}.Release|x86.Build.0 = Release|Any CPU
		{937A2E0D-8D4B-4B36-848E-389CD789E141}.Debug|Any CPU.ActiveCfg = Debug|Any CPU
		{937A2E0D-8D4B-4B36-848E-389CD789E141}.Debug|Any CPU.Build.0 = Debug|Any CPU
		{937A2E0D-8D4B-4B36-848E-389CD789E141}.Debug|x64.ActiveCfg = Debug|Any CPU
		{937A2E0D-8D4B-4B36-848E-389CD789E141}.Debug|x64.Build.0 = Debug|Any CPU
		{937A2E0D-8D4B-4B36-848E-389CD789E141}.Debug|x86.ActiveCfg = Debug|Any CPU
		{937A2E0D-8D4B-4B36-848E-389CD789E141}.Debug|x86.Build.0 = Debug|Any CPU
		{937A2E0D-8D4B-4B36-848E-389CD789E141}.Release|Any CPU.ActiveCfg = Release|Any CPU
		{937A2E0D-8D4B-4B36-848E-389CD789E141}.Release|Any CPU.Build.0 = Release|Any CPU
		{937A2E0D-8D4B-4B36-848E-389CD789E141}.Release|x64.ActiveCfg = Release|Any CPU
		{937A2E0D-8D4B-4B36-848E-389CD789E141}.Release|x64.Build.0 = Release|Any CPU
		{937A2E0D-8D4B-4B36-848E-389CD789E141}.Release|x86.ActiveCfg = Release|Any CPU
		{937A2E0D-8D4B-4B36-848E-389CD789E141}.Release|x86.Build.0 = Release|Any CPU
		{936B9B1B-D734-4757-95FE-257B852E3358}.Debug|Any CPU.ActiveCfg = Debug|Any CPU
		{936B9B1B-D734-4757-95FE-257B852E3358}.Debug|Any CPU.Build.0 = Debug|Any CPU
		{936B9B1B-D734-4757-95FE-257B852E3358}.Debug|x64.ActiveCfg = Debug|Any CPU
		{936B9B1B-D734-4757-95FE-257B852E3358}.Debug|x64.Build.0 = Debug|Any CPU
		{936B9B1B-D734-4757-95FE-257B852E3358}.Debug|x86.ActiveCfg = Debug|Any CPU
		{936B9B1B-D734-4757-95FE-257B852E3358}.Debug|x86.Build.0 = Debug|Any CPU
		{936B9B1B-D734-4757-95FE-257B852E3358}.Release|Any CPU.ActiveCfg = Release|Any CPU
		{936B9B1B-D734-4757-95FE-257B852E3358}.Release|Any CPU.Build.0 = Release|Any CPU
		{936B9B1B-D734-4757-95FE-257B852E3358}.Release|x64.ActiveCfg = Release|Any CPU
		{936B9B1B-D734-4757-95FE-257B852E3358}.Release|x64.Build.0 = Release|Any CPU
		{936B9B1B-D734-4757-95FE-257B852E3358}.Release|x86.ActiveCfg = Release|Any CPU
		{936B9B1B-D734-4757-95FE-257B852E3358}.Release|x86.Build.0 = Release|Any CPU
		{5A0C3F55-8D46-497D-9757-9640C3A59B43}.Debug|Any CPU.ActiveCfg = Debug|Any CPU
		{5A0C3F55-8D46-497D-9757-9640C3A59B43}.Debug|Any CPU.Build.0 = Debug|Any CPU
		{5A0C3F55-8D46-497D-9757-9640C3A59B43}.Debug|x64.ActiveCfg = Debug|Any CPU
		{5A0C3F55-8D46-497D-9757-9640C3A59B43}.Debug|x64.Build.0 = Debug|Any CPU
		{5A0C3F55-8D46-497D-9757-9640C3A59B43}.Debug|x86.ActiveCfg = Debug|Any CPU
		{5A0C3F55-8D46-497D-9757-9640C3A59B43}.Debug|x86.Build.0 = Debug|Any CPU
		{5A0C3F55-8D46-497D-9757-9640C3A59B43}.Release|Any CPU.ActiveCfg = Release|Any CPU
		{5A0C3F55-8D46-497D-9757-9640C3A59B43}.Release|Any CPU.Build.0 = Release|Any CPU
		{5A0C3F55-8D46-497D-9757-9640C3A59B43}.Release|x64.ActiveCfg = Release|Any CPU
		{5A0C3F55-8D46-497D-9757-9640C3A59B43}.Release|x64.Build.0 = Release|Any CPU
		{5A0C3F55-8D46-497D-9757-9640C3A59B43}.Release|x86.ActiveCfg = Release|Any CPU
		{5A0C3F55-8D46-497D-9757-9640C3A59B43}.Release|x86.Build.0 = Release|Any CPU
		{DA86F082-5143-40C2-8EFA-F124D68FCE02}.Debug|Any CPU.ActiveCfg = Debug|Any CPU
		{DA86F082-5143-40C2-8EFA-F124D68FCE02}.Debug|Any CPU.Build.0 = Debug|Any CPU
		{DA86F082-5143-40C2-8EFA-F124D68FCE02}.Debug|x64.ActiveCfg = Debug|Any CPU
		{DA86F082-5143-40C2-8EFA-F124D68FCE02}.Debug|x64.Build.0 = Debug|Any CPU
		{DA86F082-5143-40C2-8EFA-F124D68FCE02}.Debug|x86.ActiveCfg = Debug|Any CPU
		{DA86F082-5143-40C2-8EFA-F124D68FCE02}.Debug|x86.Build.0 = Debug|Any CPU
		{DA86F082-5143-40C2-8EFA-F124D68FCE02}.Release|Any CPU.ActiveCfg = Release|Any CPU
		{DA86F082-5143-40C2-8EFA-F124D68FCE02}.Release|Any CPU.Build.0 = Release|Any CPU
		{DA86F082-5143-40C2-8EFA-F124D68FCE02}.Release|x64.ActiveCfg = Release|Any CPU
		{DA86F082-5143-40C2-8EFA-F124D68FCE02}.Release|x64.Build.0 = Release|Any CPU
		{DA86F082-5143-40C2-8EFA-F124D68FCE02}.Release|x86.ActiveCfg = Release|Any CPU
		{DA86F082-5143-40C2-8EFA-F124D68FCE02}.Release|x86.Build.0 = Release|Any CPU
		{FFBA91D0-9DC8-48A7-BD8E-6EF2E436F0AF}.Debug|Any CPU.ActiveCfg = Debug|Any CPU
		{FFBA91D0-9DC8-48A7-BD8E-6EF2E436F0AF}.Debug|Any CPU.Build.0 = Debug|Any CPU
		{FFBA91D0-9DC8-48A7-BD8E-6EF2E436F0AF}.Debug|x64.ActiveCfg = Debug|Any CPU
		{FFBA91D0-9DC8-48A7-BD8E-6EF2E436F0AF}.Debug|x64.Build.0 = Debug|Any CPU
		{FFBA91D0-9DC8-48A7-BD8E-6EF2E436F0AF}.Debug|x86.ActiveCfg = Debug|Any CPU
		{FFBA91D0-9DC8-48A7-BD8E-6EF2E436F0AF}.Debug|x86.Build.0 = Debug|Any CPU
		{FFBA91D0-9DC8-48A7-BD8E-6EF2E436F0AF}.Release|Any CPU.ActiveCfg = Release|Any CPU
		{FFBA91D0-9DC8-48A7-BD8E-6EF2E436F0AF}.Release|Any CPU.Build.0 = Release|Any CPU
		{FFBA91D0-9DC8-48A7-BD8E-6EF2E436F0AF}.Release|x64.ActiveCfg = Release|Any CPU
		{FFBA91D0-9DC8-48A7-BD8E-6EF2E436F0AF}.Release|x64.Build.0 = Release|Any CPU
		{FFBA91D0-9DC8-48A7-BD8E-6EF2E436F0AF}.Release|x86.ActiveCfg = Release|Any CPU
		{FFBA91D0-9DC8-48A7-BD8E-6EF2E436F0AF}.Release|x86.Build.0 = Release|Any CPU
		{1C075CAF-7409-4941-8622-E3D3DDD876AB}.Debug|Any CPU.ActiveCfg = Debug|Any CPU
		{1C075CAF-7409-4941-8622-E3D3DDD876AB}.Debug|Any CPU.Build.0 = Debug|Any CPU
		{1C075CAF-7409-4941-8622-E3D3DDD876AB}.Debug|x64.ActiveCfg = Debug|Any CPU
		{1C075CAF-7409-4941-8622-E3D3DDD876AB}.Debug|x64.Build.0 = Debug|Any CPU
		{1C075CAF-7409-4941-8622-E3D3DDD876AB}.Debug|x86.ActiveCfg = Debug|Any CPU
		{1C075CAF-7409-4941-8622-E3D3DDD876AB}.Debug|x86.Build.0 = Debug|Any CPU
		{1C075CAF-7409-4941-8622-E3D3DDD876AB}.Release|Any CPU.ActiveCfg = Release|Any CPU
		{1C075CAF-7409-4941-8622-E3D3DDD876AB}.Release|Any CPU.Build.0 = Release|Any CPU
		{1C075CAF-7409-4941-8622-E3D3DDD876AB}.Release|x64.ActiveCfg = Release|Any CPU
		{1C075CAF-7409-4941-8622-E3D3DDD876AB}.Release|x64.Build.0 = Release|Any CPU
		{1C075CAF-7409-4941-8622-E3D3DDD876AB}.Release|x86.ActiveCfg = Release|Any CPU
		{1C075CAF-7409-4941-8622-E3D3DDD876AB}.Release|x86.Build.0 = Release|Any CPU
		{BC8D3D41-EFC5-45BF-9A1F-766B3989BA4E}.Debug|Any CPU.ActiveCfg = Debug|Any CPU
		{BC8D3D41-EFC5-45BF-9A1F-766B3989BA4E}.Debug|Any CPU.Build.0 = Debug|Any CPU
		{BC8D3D41-EFC5-45BF-9A1F-766B3989BA4E}.Debug|x64.ActiveCfg = Debug|Any CPU
		{BC8D3D41-EFC5-45BF-9A1F-766B3989BA4E}.Debug|x64.Build.0 = Debug|Any CPU
		{BC8D3D41-EFC5-45BF-9A1F-766B3989BA4E}.Debug|x86.ActiveCfg = Debug|Any CPU
		{BC8D3D41-EFC5-45BF-9A1F-766B3989BA4E}.Debug|x86.Build.0 = Debug|Any CPU
		{BC8D3D41-EFC5-45BF-9A1F-766B3989BA4E}.Release|Any CPU.ActiveCfg = Release|Any CPU
		{BC8D3D41-EFC5-45BF-9A1F-766B3989BA4E}.Release|Any CPU.Build.0 = Release|Any CPU
		{BC8D3D41-EFC5-45BF-9A1F-766B3989BA4E}.Release|x64.ActiveCfg = Release|Any CPU
		{BC8D3D41-EFC5-45BF-9A1F-766B3989BA4E}.Release|x64.Build.0 = Release|Any CPU
		{BC8D3D41-EFC5-45BF-9A1F-766B3989BA4E}.Release|x86.ActiveCfg = Release|Any CPU
		{BC8D3D41-EFC5-45BF-9A1F-766B3989BA4E}.Release|x86.Build.0 = Release|Any CPU
		{D927ABA0-0DEC-4370-99C7-2CC2B8B3992E}.Debug|Any CPU.ActiveCfg = Debug|Any CPU
		{D927ABA0-0DEC-4370-99C7-2CC2B8B3992E}.Debug|Any CPU.Build.0 = Debug|Any CPU
		{D927ABA0-0DEC-4370-99C7-2CC2B8B3992E}.Debug|x64.ActiveCfg = Debug|Any CPU
		{D927ABA0-0DEC-4370-99C7-2CC2B8B3992E}.Debug|x64.Build.0 = Debug|Any CPU
		{D927ABA0-0DEC-4370-99C7-2CC2B8B3992E}.Debug|x86.ActiveCfg = Debug|Any CPU
		{D927ABA0-0DEC-4370-99C7-2CC2B8B3992E}.Debug|x86.Build.0 = Debug|Any CPU
		{D927ABA0-0DEC-4370-99C7-2CC2B8B3992E}.Release|Any CPU.ActiveCfg = Release|Any CPU
		{D927ABA0-0DEC-4370-99C7-2CC2B8B3992E}.Release|Any CPU.Build.0 = Release|Any CPU
		{D927ABA0-0DEC-4370-99C7-2CC2B8B3992E}.Release|x64.ActiveCfg = Release|Any CPU
		{D927ABA0-0DEC-4370-99C7-2CC2B8B3992E}.Release|x64.Build.0 = Release|Any CPU
		{D927ABA0-0DEC-4370-99C7-2CC2B8B3992E}.Release|x86.ActiveCfg = Release|Any CPU
		{D927ABA0-0DEC-4370-99C7-2CC2B8B3992E}.Release|x86.Build.0 = Release|Any CPU
		{D275C61D-E0DF-4D76-B70A-F49EB277E451}.Debug|Any CPU.ActiveCfg = Debug|Any CPU
		{D275C61D-E0DF-4D76-B70A-F49EB277E451}.Debug|Any CPU.Build.0 = Debug|Any CPU
		{D275C61D-E0DF-4D76-B70A-F49EB277E451}.Debug|x64.ActiveCfg = Debug|Any CPU
		{D275C61D-E0DF-4D76-B70A-F49EB277E451}.Debug|x64.Build.0 = Debug|Any CPU
		{D275C61D-E0DF-4D76-B70A-F49EB277E451}.Debug|x86.ActiveCfg = Debug|Any CPU
		{D275C61D-E0DF-4D76-B70A-F49EB277E451}.Debug|x86.Build.0 = Debug|Any CPU
		{D275C61D-E0DF-4D76-B70A-F49EB277E451}.Release|Any CPU.ActiveCfg = Release|Any CPU
		{D275C61D-E0DF-4D76-B70A-F49EB277E451}.Release|Any CPU.Build.0 = Release|Any CPU
		{D275C61D-E0DF-4D76-B70A-F49EB277E451}.Release|x64.ActiveCfg = Release|Any CPU
		{D275C61D-E0DF-4D76-B70A-F49EB277E451}.Release|x64.Build.0 = Release|Any CPU
		{D275C61D-E0DF-4D76-B70A-F49EB277E451}.Release|x86.ActiveCfg = Release|Any CPU
		{D275C61D-E0DF-4D76-B70A-F49EB277E451}.Release|x86.Build.0 = Release|Any CPU
		{3A4CD1E9-E26E-481C-9B42-E1C9A32BF021}.Debug|Any CPU.ActiveCfg = Debug|Any CPU
		{3A4CD1E9-E26E-481C-9B42-E1C9A32BF021}.Debug|Any CPU.Build.0 = Debug|Any CPU
		{3A4CD1E9-E26E-481C-9B42-E1C9A32BF021}.Debug|x64.ActiveCfg = Debug|Any CPU
		{3A4CD1E9-E26E-481C-9B42-E1C9A32BF021}.Debug|x64.Build.0 = Debug|Any CPU
		{3A4CD1E9-E26E-481C-9B42-E1C9A32BF021}.Debug|x86.ActiveCfg = Debug|Any CPU
		{3A4CD1E9-E26E-481C-9B42-E1C9A32BF021}.Debug|x86.Build.0 = Debug|Any CPU
		{3A4CD1E9-E26E-481C-9B42-E1C9A32BF021}.Release|Any CPU.ActiveCfg = Release|Any CPU
		{3A4CD1E9-E26E-481C-9B42-E1C9A32BF021}.Release|Any CPU.Build.0 = Release|Any CPU
		{3A4CD1E9-E26E-481C-9B42-E1C9A32BF021}.Release|x64.ActiveCfg = Release|Any CPU
		{3A4CD1E9-E26E-481C-9B42-E1C9A32BF021}.Release|x64.Build.0 = Release|Any CPU
		{3A4CD1E9-E26E-481C-9B42-E1C9A32BF021}.Release|x86.ActiveCfg = Release|Any CPU
		{3A4CD1E9-E26E-481C-9B42-E1C9A32BF021}.Release|x86.Build.0 = Release|Any CPU
		{8D9D763A-4BFA-4A34-8CFB-7318F204A2D8}.Debug|Any CPU.ActiveCfg = Debug|Any CPU
		{8D9D763A-4BFA-4A34-8CFB-7318F204A2D8}.Debug|Any CPU.Build.0 = Debug|Any CPU
		{8D9D763A-4BFA-4A34-8CFB-7318F204A2D8}.Debug|x64.ActiveCfg = Debug|Any CPU
		{8D9D763A-4BFA-4A34-8CFB-7318F204A2D8}.Debug|x64.Build.0 = Debug|Any CPU
		{8D9D763A-4BFA-4A34-8CFB-7318F204A2D8}.Debug|x86.ActiveCfg = Debug|Any CPU
		{8D9D763A-4BFA-4A34-8CFB-7318F204A2D8}.Debug|x86.Build.0 = Debug|Any CPU
		{8D9D763A-4BFA-4A34-8CFB-7318F204A2D8}.Release|Any CPU.ActiveCfg = Release|Any CPU
		{8D9D763A-4BFA-4A34-8CFB-7318F204A2D8}.Release|Any CPU.Build.0 = Release|Any CPU
		{8D9D763A-4BFA-4A34-8CFB-7318F204A2D8}.Release|x64.ActiveCfg = Release|Any CPU
		{8D9D763A-4BFA-4A34-8CFB-7318F204A2D8}.Release|x64.Build.0 = Release|Any CPU
		{8D9D763A-4BFA-4A34-8CFB-7318F204A2D8}.Release|x86.ActiveCfg = Release|Any CPU
		{8D9D763A-4BFA-4A34-8CFB-7318F204A2D8}.Release|x86.Build.0 = Release|Any CPU
		{4FF0B74A-CC18-4B90-B50C-E8564F5136B2}.Debug|Any CPU.ActiveCfg = Debug|Any CPU
		{4FF0B74A-CC18-4B90-B50C-E8564F5136B2}.Debug|Any CPU.Build.0 = Debug|Any CPU
		{4FF0B74A-CC18-4B90-B50C-E8564F5136B2}.Debug|x64.ActiveCfg = Debug|Any CPU
		{4FF0B74A-CC18-4B90-B50C-E8564F5136B2}.Debug|x64.Build.0 = Debug|Any CPU
		{4FF0B74A-CC18-4B90-B50C-E8564F5136B2}.Debug|x86.ActiveCfg = Debug|Any CPU
		{4FF0B74A-CC18-4B90-B50C-E8564F5136B2}.Debug|x86.Build.0 = Debug|Any CPU
		{4FF0B74A-CC18-4B90-B50C-E8564F5136B2}.Release|Any CPU.ActiveCfg = Release|Any CPU
		{4FF0B74A-CC18-4B90-B50C-E8564F5136B2}.Release|Any CPU.Build.0 = Release|Any CPU
		{4FF0B74A-CC18-4B90-B50C-E8564F5136B2}.Release|x64.ActiveCfg = Release|Any CPU
		{4FF0B74A-CC18-4B90-B50C-E8564F5136B2}.Release|x64.Build.0 = Release|Any CPU
		{4FF0B74A-CC18-4B90-B50C-E8564F5136B2}.Release|x86.ActiveCfg = Release|Any CPU
		{4FF0B74A-CC18-4B90-B50C-E8564F5136B2}.Release|x86.Build.0 = Release|Any CPU
		{D2F0D130-50A7-46BB-B495-1B673C2A23A9}.Debug|Any CPU.ActiveCfg = Debug|Any CPU
		{D2F0D130-50A7-46BB-B495-1B673C2A23A9}.Debug|Any CPU.Build.0 = Debug|Any CPU
		{D2F0D130-50A7-46BB-B495-1B673C2A23A9}.Debug|x64.ActiveCfg = Debug|Any CPU
		{D2F0D130-50A7-46BB-B495-1B673C2A23A9}.Debug|x64.Build.0 = Debug|Any CPU
		{D2F0D130-50A7-46BB-B495-1B673C2A23A9}.Debug|x86.ActiveCfg = Debug|Any CPU
		{D2F0D130-50A7-46BB-B495-1B673C2A23A9}.Debug|x86.Build.0 = Debug|Any CPU
		{D2F0D130-50A7-46BB-B495-1B673C2A23A9}.Release|Any CPU.ActiveCfg = Release|Any CPU
		{D2F0D130-50A7-46BB-B495-1B673C2A23A9}.Release|Any CPU.Build.0 = Release|Any CPU
		{D2F0D130-50A7-46BB-B495-1B673C2A23A9}.Release|x64.ActiveCfg = Release|Any CPU
		{D2F0D130-50A7-46BB-B495-1B673C2A23A9}.Release|x64.Build.0 = Release|Any CPU
		{D2F0D130-50A7-46BB-B495-1B673C2A23A9}.Release|x86.ActiveCfg = Release|Any CPU
		{D2F0D130-50A7-46BB-B495-1B673C2A23A9}.Release|x86.Build.0 = Release|Any CPU
		{A740BDF2-742C-44AA-8449-293F693E4136}.Debug|Any CPU.ActiveCfg = Debug|Any CPU
		{A740BDF2-742C-44AA-8449-293F693E4136}.Debug|Any CPU.Build.0 = Debug|Any CPU
		{A740BDF2-742C-44AA-8449-293F693E4136}.Debug|x64.ActiveCfg = Debug|Any CPU
		{A740BDF2-742C-44AA-8449-293F693E4136}.Debug|x64.Build.0 = Debug|Any CPU
		{A740BDF2-742C-44AA-8449-293F693E4136}.Debug|x86.ActiveCfg = Debug|Any CPU
		{A740BDF2-742C-44AA-8449-293F693E4136}.Debug|x86.Build.0 = Debug|Any CPU
		{A740BDF2-742C-44AA-8449-293F693E4136}.Release|Any CPU.ActiveCfg = Release|Any CPU
		{A740BDF2-742C-44AA-8449-293F693E4136}.Release|Any CPU.Build.0 = Release|Any CPU
		{A740BDF2-742C-44AA-8449-293F693E4136}.Release|x64.ActiveCfg = Release|Any CPU
		{A740BDF2-742C-44AA-8449-293F693E4136}.Release|x64.Build.0 = Release|Any CPU
		{A740BDF2-742C-44AA-8449-293F693E4136}.Release|x86.ActiveCfg = Release|Any CPU
		{A740BDF2-742C-44AA-8449-293F693E4136}.Release|x86.Build.0 = Release|Any CPU
		{467FCE3D-2261-486A-ACD8-5D804C92DA01}.Debug|Any CPU.ActiveCfg = Debug|Any CPU
		{467FCE3D-2261-486A-ACD8-5D804C92DA01}.Debug|Any CPU.Build.0 = Debug|Any CPU
		{467FCE3D-2261-486A-ACD8-5D804C92DA01}.Debug|x64.ActiveCfg = Debug|Any CPU
		{467FCE3D-2261-486A-ACD8-5D804C92DA01}.Debug|x64.Build.0 = Debug|Any CPU
		{467FCE3D-2261-486A-ACD8-5D804C92DA01}.Debug|x86.ActiveCfg = Debug|Any CPU
		{467FCE3D-2261-486A-ACD8-5D804C92DA01}.Debug|x86.Build.0 = Debug|Any CPU
		{467FCE3D-2261-486A-ACD8-5D804C92DA01}.Release|Any CPU.ActiveCfg = Release|Any CPU
		{467FCE3D-2261-486A-ACD8-5D804C92DA01}.Release|Any CPU.Build.0 = Release|Any CPU
		{467FCE3D-2261-486A-ACD8-5D804C92DA01}.Release|x64.ActiveCfg = Release|Any CPU
		{467FCE3D-2261-486A-ACD8-5D804C92DA01}.Release|x64.Build.0 = Release|Any CPU
		{467FCE3D-2261-486A-ACD8-5D804C92DA01}.Release|x86.ActiveCfg = Release|Any CPU
		{467FCE3D-2261-486A-ACD8-5D804C92DA01}.Release|x86.Build.0 = Release|Any CPU
		{B4A63CCF-229F-4EBE-AC85-778062C50930}.Debug|Any CPU.ActiveCfg = Debug|Any CPU
		{B4A63CCF-229F-4EBE-AC85-778062C50930}.Debug|Any CPU.Build.0 = Debug|Any CPU
		{B4A63CCF-229F-4EBE-AC85-778062C50930}.Debug|x64.ActiveCfg = Debug|Any CPU
		{B4A63CCF-229F-4EBE-AC85-778062C50930}.Debug|x64.Build.0 = Debug|Any CPU
		{B4A63CCF-229F-4EBE-AC85-778062C50930}.Debug|x86.ActiveCfg = Debug|Any CPU
		{B4A63CCF-229F-4EBE-AC85-778062C50930}.Debug|x86.Build.0 = Debug|Any CPU
		{B4A63CCF-229F-4EBE-AC85-778062C50930}.Release|Any CPU.ActiveCfg = Release|Any CPU
		{B4A63CCF-229F-4EBE-AC85-778062C50930}.Release|Any CPU.Build.0 = Release|Any CPU
		{B4A63CCF-229F-4EBE-AC85-778062C50930}.Release|x64.ActiveCfg = Release|Any CPU
		{B4A63CCF-229F-4EBE-AC85-778062C50930}.Release|x64.Build.0 = Release|Any CPU
		{B4A63CCF-229F-4EBE-AC85-778062C50930}.Release|x86.ActiveCfg = Release|Any CPU
		{B4A63CCF-229F-4EBE-AC85-778062C50930}.Release|x86.Build.0 = Release|Any CPU
		{23A841CA-D773-4195-81A4-367544763909}.Debug|Any CPU.ActiveCfg = Debug|Any CPU
		{23A841CA-D773-4195-81A4-367544763909}.Debug|Any CPU.Build.0 = Debug|Any CPU
		{23A841CA-D773-4195-81A4-367544763909}.Debug|x64.ActiveCfg = Debug|Any CPU
		{23A841CA-D773-4195-81A4-367544763909}.Debug|x64.Build.0 = Debug|Any CPU
		{23A841CA-D773-4195-81A4-367544763909}.Debug|x86.ActiveCfg = Debug|Any CPU
		{23A841CA-D773-4195-81A4-367544763909}.Debug|x86.Build.0 = Debug|Any CPU
		{23A841CA-D773-4195-81A4-367544763909}.Release|Any CPU.ActiveCfg = Release|Any CPU
		{23A841CA-D773-4195-81A4-367544763909}.Release|Any CPU.Build.0 = Release|Any CPU
		{23A841CA-D773-4195-81A4-367544763909}.Release|x64.ActiveCfg = Release|Any CPU
		{23A841CA-D773-4195-81A4-367544763909}.Release|x64.Build.0 = Release|Any CPU
		{23A841CA-D773-4195-81A4-367544763909}.Release|x86.ActiveCfg = Release|Any CPU
		{23A841CA-D773-4195-81A4-367544763909}.Release|x86.Build.0 = Release|Any CPU
		{8AAA3556-797E-495E-9213-E78238C06947}.Debug|Any CPU.ActiveCfg = Debug|Any CPU
		{8AAA3556-797E-495E-9213-E78238C06947}.Debug|Any CPU.Build.0 = Debug|Any CPU
		{8AAA3556-797E-495E-9213-E78238C06947}.Debug|x64.ActiveCfg = Debug|Any CPU
		{8AAA3556-797E-495E-9213-E78238C06947}.Debug|x64.Build.0 = Debug|Any CPU
		{8AAA3556-797E-495E-9213-E78238C06947}.Debug|x86.ActiveCfg = Debug|Any CPU
		{8AAA3556-797E-495E-9213-E78238C06947}.Debug|x86.Build.0 = Debug|Any CPU
		{8AAA3556-797E-495E-9213-E78238C06947}.Release|Any CPU.ActiveCfg = Release|Any CPU
		{8AAA3556-797E-495E-9213-E78238C06947}.Release|Any CPU.Build.0 = Release|Any CPU
		{8AAA3556-797E-495E-9213-E78238C06947}.Release|x64.ActiveCfg = Release|Any CPU
		{8AAA3556-797E-495E-9213-E78238C06947}.Release|x64.Build.0 = Release|Any CPU
		{8AAA3556-797E-495E-9213-E78238C06947}.Release|x86.ActiveCfg = Release|Any CPU
		{8AAA3556-797E-495E-9213-E78238C06947}.Release|x86.Build.0 = Release|Any CPU
		{966A259F-3AED-438A-A792-4B2574EA2F0E}.Debug|Any CPU.ActiveCfg = Debug|Any CPU
		{966A259F-3AED-438A-A792-4B2574EA2F0E}.Debug|Any CPU.Build.0 = Debug|Any CPU
		{966A259F-3AED-438A-A792-4B2574EA2F0E}.Debug|x64.ActiveCfg = Debug|Any CPU
		{966A259F-3AED-438A-A792-4B2574EA2F0E}.Debug|x64.Build.0 = Debug|Any CPU
		{966A259F-3AED-438A-A792-4B2574EA2F0E}.Debug|x86.ActiveCfg = Debug|Any CPU
		{966A259F-3AED-438A-A792-4B2574EA2F0E}.Debug|x86.Build.0 = Debug|Any CPU
		{966A259F-3AED-438A-A792-4B2574EA2F0E}.Release|Any CPU.ActiveCfg = Release|Any CPU
		{966A259F-3AED-438A-A792-4B2574EA2F0E}.Release|Any CPU.Build.0 = Release|Any CPU
		{966A259F-3AED-438A-A792-4B2574EA2F0E}.Release|x64.ActiveCfg = Release|Any CPU
		{966A259F-3AED-438A-A792-4B2574EA2F0E}.Release|x64.Build.0 = Release|Any CPU
		{966A259F-3AED-438A-A792-4B2574EA2F0E}.Release|x86.ActiveCfg = Release|Any CPU
		{966A259F-3AED-438A-A792-4B2574EA2F0E}.Release|x86.Build.0 = Release|Any CPU
		{4F9D2311-5B31-4A4C-BA8F-7A21B3E36C66}.Debug|Any CPU.ActiveCfg = Debug|Any CPU
		{4F9D2311-5B31-4A4C-BA8F-7A21B3E36C66}.Debug|Any CPU.Build.0 = Debug|Any CPU
		{4F9D2311-5B31-4A4C-BA8F-7A21B3E36C66}.Debug|x64.ActiveCfg = Debug|Any CPU
		{4F9D2311-5B31-4A4C-BA8F-7A21B3E36C66}.Debug|x64.Build.0 = Debug|Any CPU
		{4F9D2311-5B31-4A4C-BA8F-7A21B3E36C66}.Debug|x86.ActiveCfg = Debug|Any CPU
		{4F9D2311-5B31-4A4C-BA8F-7A21B3E36C66}.Debug|x86.Build.0 = Debug|Any CPU
		{4F9D2311-5B31-4A4C-BA8F-7A21B3E36C66}.Release|Any CPU.ActiveCfg = Release|Any CPU
		{4F9D2311-5B31-4A4C-BA8F-7A21B3E36C66}.Release|Any CPU.Build.0 = Release|Any CPU
		{4F9D2311-5B31-4A4C-BA8F-7A21B3E36C66}.Release|x64.ActiveCfg = Release|Any CPU
		{4F9D2311-5B31-4A4C-BA8F-7A21B3E36C66}.Release|x64.Build.0 = Release|Any CPU
		{4F9D2311-5B31-4A4C-BA8F-7A21B3E36C66}.Release|x86.ActiveCfg = Release|Any CPU
		{4F9D2311-5B31-4A4C-BA8F-7A21B3E36C66}.Release|x86.Build.0 = Release|Any CPU
		{AA41FF20-E41B-4219-A0CE-55007105C2D2}.Debug|Any CPU.ActiveCfg = Debug|Any CPU
		{AA41FF20-E41B-4219-A0CE-55007105C2D2}.Debug|Any CPU.Build.0 = Debug|Any CPU
		{AA41FF20-E41B-4219-A0CE-55007105C2D2}.Debug|x64.ActiveCfg = Debug|Any CPU
		{AA41FF20-E41B-4219-A0CE-55007105C2D2}.Debug|x64.Build.0 = Debug|Any CPU
		{AA41FF20-E41B-4219-A0CE-55007105C2D2}.Debug|x86.ActiveCfg = Debug|Any CPU
		{AA41FF20-E41B-4219-A0CE-55007105C2D2}.Debug|x86.Build.0 = Debug|Any CPU
		{AA41FF20-E41B-4219-A0CE-55007105C2D2}.Release|Any CPU.ActiveCfg = Release|Any CPU
		{AA41FF20-E41B-4219-A0CE-55007105C2D2}.Release|Any CPU.Build.0 = Release|Any CPU
		{AA41FF20-E41B-4219-A0CE-55007105C2D2}.Release|x64.ActiveCfg = Release|Any CPU
		{AA41FF20-E41B-4219-A0CE-55007105C2D2}.Release|x64.Build.0 = Release|Any CPU
		{AA41FF20-E41B-4219-A0CE-55007105C2D2}.Release|x86.ActiveCfg = Release|Any CPU
		{AA41FF20-E41B-4219-A0CE-55007105C2D2}.Release|x86.Build.0 = Release|Any CPU
		{5C0A5600-4CFF-49C1-8E20-40C28F870C28}.Debug|Any CPU.ActiveCfg = Debug|Any CPU
		{5C0A5600-4CFF-49C1-8E20-40C28F870C28}.Debug|Any CPU.Build.0 = Debug|Any CPU
		{5C0A5600-4CFF-49C1-8E20-40C28F870C28}.Debug|x64.ActiveCfg = Debug|Any CPU
		{5C0A5600-4CFF-49C1-8E20-40C28F870C28}.Debug|x64.Build.0 = Debug|Any CPU
		{5C0A5600-4CFF-49C1-8E20-40C28F870C28}.Debug|x86.ActiveCfg = Debug|Any CPU
		{5C0A5600-4CFF-49C1-8E20-40C28F870C28}.Debug|x86.Build.0 = Debug|Any CPU
		{5C0A5600-4CFF-49C1-8E20-40C28F870C28}.Release|Any CPU.ActiveCfg = Release|Any CPU
		{5C0A5600-4CFF-49C1-8E20-40C28F870C28}.Release|Any CPU.Build.0 = Release|Any CPU
		{5C0A5600-4CFF-49C1-8E20-40C28F870C28}.Release|x64.ActiveCfg = Release|Any CPU
		{5C0A5600-4CFF-49C1-8E20-40C28F870C28}.Release|x64.Build.0 = Release|Any CPU
		{5C0A5600-4CFF-49C1-8E20-40C28F870C28}.Release|x86.ActiveCfg = Release|Any CPU
		{5C0A5600-4CFF-49C1-8E20-40C28F870C28}.Release|x86.Build.0 = Release|Any CPU
		{B5D34368-1061-4621-ABC0-27677BF3FB1B}.Debug|Any CPU.ActiveCfg = Debug|Any CPU
		{B5D34368-1061-4621-ABC0-27677BF3FB1B}.Debug|Any CPU.Build.0 = Debug|Any CPU
		{B5D34368-1061-4621-ABC0-27677BF3FB1B}.Debug|x64.ActiveCfg = Debug|Any CPU
		{B5D34368-1061-4621-ABC0-27677BF3FB1B}.Debug|x64.Build.0 = Debug|Any CPU
		{B5D34368-1061-4621-ABC0-27677BF3FB1B}.Debug|x86.ActiveCfg = Debug|Any CPU
		{B5D34368-1061-4621-ABC0-27677BF3FB1B}.Debug|x86.Build.0 = Debug|Any CPU
		{B5D34368-1061-4621-ABC0-27677BF3FB1B}.Release|Any CPU.ActiveCfg = Release|Any CPU
		{B5D34368-1061-4621-ABC0-27677BF3FB1B}.Release|Any CPU.Build.0 = Release|Any CPU
		{B5D34368-1061-4621-ABC0-27677BF3FB1B}.Release|x64.ActiveCfg = Release|Any CPU
		{B5D34368-1061-4621-ABC0-27677BF3FB1B}.Release|x64.Build.0 = Release|Any CPU
		{B5D34368-1061-4621-ABC0-27677BF3FB1B}.Release|x86.ActiveCfg = Release|Any CPU
		{B5D34368-1061-4621-ABC0-27677BF3FB1B}.Release|x86.Build.0 = Release|Any CPU
		{E91F981F-79F3-46FE-90EB-A4715BD5C02C}.Debug|Any CPU.ActiveCfg = Debug|Any CPU
		{E91F981F-79F3-46FE-90EB-A4715BD5C02C}.Debug|Any CPU.Build.0 = Debug|Any CPU
		{E91F981F-79F3-46FE-90EB-A4715BD5C02C}.Debug|x64.ActiveCfg = Debug|Any CPU
		{E91F981F-79F3-46FE-90EB-A4715BD5C02C}.Debug|x64.Build.0 = Debug|Any CPU
		{E91F981F-79F3-46FE-90EB-A4715BD5C02C}.Debug|x86.ActiveCfg = Debug|Any CPU
		{E91F981F-79F3-46FE-90EB-A4715BD5C02C}.Debug|x86.Build.0 = Debug|Any CPU
		{E91F981F-79F3-46FE-90EB-A4715BD5C02C}.Release|Any CPU.ActiveCfg = Release|Any CPU
		{E91F981F-79F3-46FE-90EB-A4715BD5C02C}.Release|Any CPU.Build.0 = Release|Any CPU
		{E91F981F-79F3-46FE-90EB-A4715BD5C02C}.Release|x64.ActiveCfg = Release|Any CPU
		{E91F981F-79F3-46FE-90EB-A4715BD5C02C}.Release|x64.Build.0 = Release|Any CPU
		{E91F981F-79F3-46FE-90EB-A4715BD5C02C}.Release|x86.ActiveCfg = Release|Any CPU
		{E91F981F-79F3-46FE-90EB-A4715BD5C02C}.Release|x86.Build.0 = Release|Any CPU
		{CD69CF34-052D-454A-A5BC-DEB326F1B84F}.Debug|Any CPU.ActiveCfg = Debug|Any CPU
		{CD69CF34-052D-454A-A5BC-DEB326F1B84F}.Debug|Any CPU.Build.0 = Debug|Any CPU
		{CD69CF34-052D-454A-A5BC-DEB326F1B84F}.Debug|x64.ActiveCfg = Debug|Any CPU
		{CD69CF34-052D-454A-A5BC-DEB326F1B84F}.Debug|x64.Build.0 = Debug|Any CPU
		{CD69CF34-052D-454A-A5BC-DEB326F1B84F}.Debug|x86.ActiveCfg = Debug|Any CPU
		{CD69CF34-052D-454A-A5BC-DEB326F1B84F}.Debug|x86.Build.0 = Debug|Any CPU
		{CD69CF34-052D-454A-A5BC-DEB326F1B84F}.Release|Any CPU.ActiveCfg = Release|Any CPU
		{CD69CF34-052D-454A-A5BC-DEB326F1B84F}.Release|Any CPU.Build.0 = Release|Any CPU
		{CD69CF34-052D-454A-A5BC-DEB326F1B84F}.Release|x64.ActiveCfg = Release|Any CPU
		{CD69CF34-052D-454A-A5BC-DEB326F1B84F}.Release|x64.Build.0 = Release|Any CPU
		{CD69CF34-052D-454A-A5BC-DEB326F1B84F}.Release|x86.ActiveCfg = Release|Any CPU
		{CD69CF34-052D-454A-A5BC-DEB326F1B84F}.Release|x86.Build.0 = Release|Any CPU
		{7F5BEA0E-A0A3-46F4-8DF7-E6CA1DD94F5C}.Debug|Any CPU.ActiveCfg = Debug|Any CPU
		{7F5BEA0E-A0A3-46F4-8DF7-E6CA1DD94F5C}.Debug|Any CPU.Build.0 = Debug|Any CPU
		{7F5BEA0E-A0A3-46F4-8DF7-E6CA1DD94F5C}.Debug|x64.ActiveCfg = Debug|Any CPU
		{7F5BEA0E-A0A3-46F4-8DF7-E6CA1DD94F5C}.Debug|x64.Build.0 = Debug|Any CPU
		{7F5BEA0E-A0A3-46F4-8DF7-E6CA1DD94F5C}.Debug|x86.ActiveCfg = Debug|Any CPU
		{7F5BEA0E-A0A3-46F4-8DF7-E6CA1DD94F5C}.Debug|x86.Build.0 = Debug|Any CPU
		{7F5BEA0E-A0A3-46F4-8DF7-E6CA1DD94F5C}.Release|Any CPU.ActiveCfg = Release|Any CPU
		{7F5BEA0E-A0A3-46F4-8DF7-E6CA1DD94F5C}.Release|Any CPU.Build.0 = Release|Any CPU
		{7F5BEA0E-A0A3-46F4-8DF7-E6CA1DD94F5C}.Release|x64.ActiveCfg = Release|Any CPU
		{7F5BEA0E-A0A3-46F4-8DF7-E6CA1DD94F5C}.Release|x64.Build.0 = Release|Any CPU
		{7F5BEA0E-A0A3-46F4-8DF7-E6CA1DD94F5C}.Release|x86.ActiveCfg = Release|Any CPU
		{7F5BEA0E-A0A3-46F4-8DF7-E6CA1DD94F5C}.Release|x86.Build.0 = Release|Any CPU
		{C52C5952-5748-4FF1-8D6B-486238E1A4F0}.Debug|Any CPU.ActiveCfg = Debug|Any CPU
		{C52C5952-5748-4FF1-8D6B-486238E1A4F0}.Debug|Any CPU.Build.0 = Debug|Any CPU
		{C52C5952-5748-4FF1-8D6B-486238E1A4F0}.Debug|x64.ActiveCfg = Debug|Any CPU
		{C52C5952-5748-4FF1-8D6B-486238E1A4F0}.Debug|x64.Build.0 = Debug|Any CPU
		{C52C5952-5748-4FF1-8D6B-486238E1A4F0}.Debug|x86.ActiveCfg = Debug|Any CPU
		{C52C5952-5748-4FF1-8D6B-486238E1A4F0}.Debug|x86.Build.0 = Debug|Any CPU
		{C52C5952-5748-4FF1-8D6B-486238E1A4F0}.Release|Any CPU.ActiveCfg = Release|Any CPU
		{C52C5952-5748-4FF1-8D6B-486238E1A4F0}.Release|Any CPU.Build.0 = Release|Any CPU
		{C52C5952-5748-4FF1-8D6B-486238E1A4F0}.Release|x64.ActiveCfg = Release|Any CPU
		{C52C5952-5748-4FF1-8D6B-486238E1A4F0}.Release|x64.Build.0 = Release|Any CPU
		{C52C5952-5748-4FF1-8D6B-486238E1A4F0}.Release|x86.ActiveCfg = Release|Any CPU
		{C52C5952-5748-4FF1-8D6B-486238E1A4F0}.Release|x86.Build.0 = Release|Any CPU
		{6C81F981-225D-4B06-84AE-113ABB4EFCCF}.Debug|Any CPU.ActiveCfg = Debug|Any CPU
		{6C81F981-225D-4B06-84AE-113ABB4EFCCF}.Debug|Any CPU.Build.0 = Debug|Any CPU
		{6C81F981-225D-4B06-84AE-113ABB4EFCCF}.Debug|x64.ActiveCfg = Debug|Any CPU
		{6C81F981-225D-4B06-84AE-113ABB4EFCCF}.Debug|x64.Build.0 = Debug|Any CPU
		{6C81F981-225D-4B06-84AE-113ABB4EFCCF}.Debug|x86.ActiveCfg = Debug|Any CPU
		{6C81F981-225D-4B06-84AE-113ABB4EFCCF}.Debug|x86.Build.0 = Debug|Any CPU
		{6C81F981-225D-4B06-84AE-113ABB4EFCCF}.Release|Any CPU.ActiveCfg = Release|Any CPU
		{6C81F981-225D-4B06-84AE-113ABB4EFCCF}.Release|Any CPU.Build.0 = Release|Any CPU
		{6C81F981-225D-4B06-84AE-113ABB4EFCCF}.Release|x64.ActiveCfg = Release|Any CPU
		{6C81F981-225D-4B06-84AE-113ABB4EFCCF}.Release|x64.Build.0 = Release|Any CPU
		{6C81F981-225D-4B06-84AE-113ABB4EFCCF}.Release|x86.ActiveCfg = Release|Any CPU
		{6C81F981-225D-4B06-84AE-113ABB4EFCCF}.Release|x86.Build.0 = Release|Any CPU
		{18688504-8A31-4CA3-9FAD-D8888F0EE4C7}.Debug|Any CPU.ActiveCfg = Debug|Any CPU
		{18688504-8A31-4CA3-9FAD-D8888F0EE4C7}.Debug|Any CPU.Build.0 = Debug|Any CPU
		{18688504-8A31-4CA3-9FAD-D8888F0EE4C7}.Debug|x64.ActiveCfg = Debug|Any CPU
		{18688504-8A31-4CA3-9FAD-D8888F0EE4C7}.Debug|x64.Build.0 = Debug|Any CPU
		{18688504-8A31-4CA3-9FAD-D8888F0EE4C7}.Debug|x86.ActiveCfg = Debug|Any CPU
		{18688504-8A31-4CA3-9FAD-D8888F0EE4C7}.Debug|x86.Build.0 = Debug|Any CPU
		{18688504-8A31-4CA3-9FAD-D8888F0EE4C7}.Release|Any CPU.ActiveCfg = Release|Any CPU
		{18688504-8A31-4CA3-9FAD-D8888F0EE4C7}.Release|Any CPU.Build.0 = Release|Any CPU
		{18688504-8A31-4CA3-9FAD-D8888F0EE4C7}.Release|x64.ActiveCfg = Release|Any CPU
		{18688504-8A31-4CA3-9FAD-D8888F0EE4C7}.Release|x64.Build.0 = Release|Any CPU
		{18688504-8A31-4CA3-9FAD-D8888F0EE4C7}.Release|x86.ActiveCfg = Release|Any CPU
		{18688504-8A31-4CA3-9FAD-D8888F0EE4C7}.Release|x86.Build.0 = Release|Any CPU
		{06BFE02B-58F5-4B1C-B241-A563EF0F3E6F}.Debug|Any CPU.ActiveCfg = Debug|Any CPU
		{06BFE02B-58F5-4B1C-B241-A563EF0F3E6F}.Debug|Any CPU.Build.0 = Debug|Any CPU
		{06BFE02B-58F5-4B1C-B241-A563EF0F3E6F}.Debug|x64.ActiveCfg = Debug|Any CPU
		{06BFE02B-58F5-4B1C-B241-A563EF0F3E6F}.Debug|x64.Build.0 = Debug|Any CPU
		{06BFE02B-58F5-4B1C-B241-A563EF0F3E6F}.Debug|x86.ActiveCfg = Debug|Any CPU
		{06BFE02B-58F5-4B1C-B241-A563EF0F3E6F}.Debug|x86.Build.0 = Debug|Any CPU
		{06BFE02B-58F5-4B1C-B241-A563EF0F3E6F}.Release|Any CPU.ActiveCfg = Release|Any CPU
		{06BFE02B-58F5-4B1C-B241-A563EF0F3E6F}.Release|Any CPU.Build.0 = Release|Any CPU
		{06BFE02B-58F5-4B1C-B241-A563EF0F3E6F}.Release|x64.ActiveCfg = Release|Any CPU
		{06BFE02B-58F5-4B1C-B241-A563EF0F3E6F}.Release|x64.Build.0 = Release|Any CPU
		{06BFE02B-58F5-4B1C-B241-A563EF0F3E6F}.Release|x86.ActiveCfg = Release|Any CPU
		{06BFE02B-58F5-4B1C-B241-A563EF0F3E6F}.Release|x86.Build.0 = Release|Any CPU
		{F2FE06BF-B496-45BA-BCF4-669B5993B97A}.Debug|Any CPU.ActiveCfg = Debug|Any CPU
		{F2FE06BF-B496-45BA-BCF4-669B5993B97A}.Debug|Any CPU.Build.0 = Debug|Any CPU
		{F2FE06BF-B496-45BA-BCF4-669B5993B97A}.Debug|x64.ActiveCfg = Debug|Any CPU
		{F2FE06BF-B496-45BA-BCF4-669B5993B97A}.Debug|x64.Build.0 = Debug|Any CPU
		{F2FE06BF-B496-45BA-BCF4-669B5993B97A}.Debug|x86.ActiveCfg = Debug|Any CPU
		{F2FE06BF-B496-45BA-BCF4-669B5993B97A}.Debug|x86.Build.0 = Debug|Any CPU
		{F2FE06BF-B496-45BA-BCF4-669B5993B97A}.Release|Any CPU.ActiveCfg = Release|Any CPU
		{F2FE06BF-B496-45BA-BCF4-669B5993B97A}.Release|Any CPU.Build.0 = Release|Any CPU
		{F2FE06BF-B496-45BA-BCF4-669B5993B97A}.Release|x64.ActiveCfg = Release|Any CPU
		{F2FE06BF-B496-45BA-BCF4-669B5993B97A}.Release|x64.Build.0 = Release|Any CPU
		{F2FE06BF-B496-45BA-BCF4-669B5993B97A}.Release|x86.ActiveCfg = Release|Any CPU
		{F2FE06BF-B496-45BA-BCF4-669B5993B97A}.Release|x86.Build.0 = Release|Any CPU
		{9223D2EC-D780-48CA-BA54-B7E4EED788E8}.Debug|Any CPU.ActiveCfg = Debug|Any CPU
		{9223D2EC-D780-48CA-BA54-B7E4EED788E8}.Debug|Any CPU.Build.0 = Debug|Any CPU
		{9223D2EC-D780-48CA-BA54-B7E4EED788E8}.Debug|x64.ActiveCfg = Debug|Any CPU
		{9223D2EC-D780-48CA-BA54-B7E4EED788E8}.Debug|x64.Build.0 = Debug|Any CPU
		{9223D2EC-D780-48CA-BA54-B7E4EED788E8}.Debug|x86.ActiveCfg = Debug|Any CPU
		{9223D2EC-D780-48CA-BA54-B7E4EED788E8}.Debug|x86.Build.0 = Debug|Any CPU
		{9223D2EC-D780-48CA-BA54-B7E4EED788E8}.Release|Any CPU.ActiveCfg = Release|Any CPU
		{9223D2EC-D780-48CA-BA54-B7E4EED788E8}.Release|Any CPU.Build.0 = Release|Any CPU
		{9223D2EC-D780-48CA-BA54-B7E4EED788E8}.Release|x64.ActiveCfg = Release|Any CPU
		{9223D2EC-D780-48CA-BA54-B7E4EED788E8}.Release|x64.Build.0 = Release|Any CPU
		{9223D2EC-D780-48CA-BA54-B7E4EED788E8}.Release|x86.ActiveCfg = Release|Any CPU
		{9223D2EC-D780-48CA-BA54-B7E4EED788E8}.Release|x86.Build.0 = Release|Any CPU
		{643D0431-B9E7-4BE3-B551-A4B64E1E7F36}.Debug|Any CPU.ActiveCfg = Debug|Any CPU
		{643D0431-B9E7-4BE3-B551-A4B64E1E7F36}.Debug|Any CPU.Build.0 = Debug|Any CPU
		{643D0431-B9E7-4BE3-B551-A4B64E1E7F36}.Debug|x64.ActiveCfg = Debug|Any CPU
		{643D0431-B9E7-4BE3-B551-A4B64E1E7F36}.Debug|x64.Build.0 = Debug|Any CPU
		{643D0431-B9E7-4BE3-B551-A4B64E1E7F36}.Debug|x86.ActiveCfg = Debug|Any CPU
		{643D0431-B9E7-4BE3-B551-A4B64E1E7F36}.Debug|x86.Build.0 = Debug|Any CPU
		{643D0431-B9E7-4BE3-B551-A4B64E1E7F36}.Release|Any CPU.ActiveCfg = Release|Any CPU
		{643D0431-B9E7-4BE3-B551-A4B64E1E7F36}.Release|Any CPU.Build.0 = Release|Any CPU
		{643D0431-B9E7-4BE3-B551-A4B64E1E7F36}.Release|x64.ActiveCfg = Release|Any CPU
		{643D0431-B9E7-4BE3-B551-A4B64E1E7F36}.Release|x64.Build.0 = Release|Any CPU
		{643D0431-B9E7-4BE3-B551-A4B64E1E7F36}.Release|x86.ActiveCfg = Release|Any CPU
		{643D0431-B9E7-4BE3-B551-A4B64E1E7F36}.Release|x86.Build.0 = Release|Any CPU
		{33BEACC4-0F67-42E5-BE8C-0C861483E8CE}.Debug|Any CPU.ActiveCfg = Debug|Any CPU
		{33BEACC4-0F67-42E5-BE8C-0C861483E8CE}.Debug|Any CPU.Build.0 = Debug|Any CPU
		{33BEACC4-0F67-42E5-BE8C-0C861483E8CE}.Debug|x64.ActiveCfg = Debug|Any CPU
		{33BEACC4-0F67-42E5-BE8C-0C861483E8CE}.Debug|x64.Build.0 = Debug|Any CPU
		{33BEACC4-0F67-42E5-BE8C-0C861483E8CE}.Debug|x86.ActiveCfg = Debug|Any CPU
		{33BEACC4-0F67-42E5-BE8C-0C861483E8CE}.Debug|x86.Build.0 = Debug|Any CPU
		{33BEACC4-0F67-42E5-BE8C-0C861483E8CE}.Release|Any CPU.ActiveCfg = Release|Any CPU
		{33BEACC4-0F67-42E5-BE8C-0C861483E8CE}.Release|Any CPU.Build.0 = Release|Any CPU
		{33BEACC4-0F67-42E5-BE8C-0C861483E8CE}.Release|x64.ActiveCfg = Release|Any CPU
		{33BEACC4-0F67-42E5-BE8C-0C861483E8CE}.Release|x64.Build.0 = Release|Any CPU
		{33BEACC4-0F67-42E5-BE8C-0C861483E8CE}.Release|x86.ActiveCfg = Release|Any CPU
		{33BEACC4-0F67-42E5-BE8C-0C861483E8CE}.Release|x86.Build.0 = Release|Any CPU
		{E24EA99F-C8B0-4C58-808D-BE47D0CD2016}.Debug|Any CPU.ActiveCfg = Debug|Any CPU
		{E24EA99F-C8B0-4C58-808D-BE47D0CD2016}.Debug|Any CPU.Build.0 = Debug|Any CPU
		{E24EA99F-C8B0-4C58-808D-BE47D0CD2016}.Debug|x64.ActiveCfg = Debug|Any CPU
		{E24EA99F-C8B0-4C58-808D-BE47D0CD2016}.Debug|x64.Build.0 = Debug|Any CPU
		{E24EA99F-C8B0-4C58-808D-BE47D0CD2016}.Debug|x86.ActiveCfg = Debug|Any CPU
		{E24EA99F-C8B0-4C58-808D-BE47D0CD2016}.Debug|x86.Build.0 = Debug|Any CPU
		{E24EA99F-C8B0-4C58-808D-BE47D0CD2016}.Release|Any CPU.ActiveCfg = Release|Any CPU
		{E24EA99F-C8B0-4C58-808D-BE47D0CD2016}.Release|Any CPU.Build.0 = Release|Any CPU
		{E24EA99F-C8B0-4C58-808D-BE47D0CD2016}.Release|x64.ActiveCfg = Release|Any CPU
		{E24EA99F-C8B0-4C58-808D-BE47D0CD2016}.Release|x64.Build.0 = Release|Any CPU
		{E24EA99F-C8B0-4C58-808D-BE47D0CD2016}.Release|x86.ActiveCfg = Release|Any CPU
		{E24EA99F-C8B0-4C58-808D-BE47D0CD2016}.Release|x86.Build.0 = Release|Any CPU
		{27B855BC-89AB-4AFC-B106-53BB8AF15106}.Debug|Any CPU.ActiveCfg = Debug|Any CPU
		{27B855BC-89AB-4AFC-B106-53BB8AF15106}.Debug|Any CPU.Build.0 = Debug|Any CPU
		{27B855BC-89AB-4AFC-B106-53BB8AF15106}.Debug|x64.ActiveCfg = Debug|Any CPU
		{27B855BC-89AB-4AFC-B106-53BB8AF15106}.Debug|x64.Build.0 = Debug|Any CPU
		{27B855BC-89AB-4AFC-B106-53BB8AF15106}.Debug|x86.ActiveCfg = Debug|Any CPU
		{27B855BC-89AB-4AFC-B106-53BB8AF15106}.Debug|x86.Build.0 = Debug|Any CPU
		{27B855BC-89AB-4AFC-B106-53BB8AF15106}.Release|Any CPU.ActiveCfg = Release|Any CPU
		{27B855BC-89AB-4AFC-B106-53BB8AF15106}.Release|Any CPU.Build.0 = Release|Any CPU
		{27B855BC-89AB-4AFC-B106-53BB8AF15106}.Release|x64.ActiveCfg = Release|Any CPU
		{27B855BC-89AB-4AFC-B106-53BB8AF15106}.Release|x64.Build.0 = Release|Any CPU
		{27B855BC-89AB-4AFC-B106-53BB8AF15106}.Release|x86.ActiveCfg = Release|Any CPU
		{27B855BC-89AB-4AFC-B106-53BB8AF15106}.Release|x86.Build.0 = Release|Any CPU
		{48D956C5-6248-4581-9E89-1CC7AB0D54C3}.Debug|Any CPU.ActiveCfg = Debug|Any CPU
		{48D956C5-6248-4581-9E89-1CC7AB0D54C3}.Debug|Any CPU.Build.0 = Debug|Any CPU
		{48D956C5-6248-4581-9E89-1CC7AB0D54C3}.Debug|x64.ActiveCfg = Debug|Any CPU
		{48D956C5-6248-4581-9E89-1CC7AB0D54C3}.Debug|x64.Build.0 = Debug|Any CPU
		{48D956C5-6248-4581-9E89-1CC7AB0D54C3}.Debug|x86.ActiveCfg = Debug|Any CPU
		{48D956C5-6248-4581-9E89-1CC7AB0D54C3}.Debug|x86.Build.0 = Debug|Any CPU
		{48D956C5-6248-4581-9E89-1CC7AB0D54C3}.Release|Any CPU.ActiveCfg = Release|Any CPU
		{48D956C5-6248-4581-9E89-1CC7AB0D54C3}.Release|Any CPU.Build.0 = Release|Any CPU
		{48D956C5-6248-4581-9E89-1CC7AB0D54C3}.Release|x64.ActiveCfg = Release|Any CPU
		{48D956C5-6248-4581-9E89-1CC7AB0D54C3}.Release|x64.Build.0 = Release|Any CPU
		{48D956C5-6248-4581-9E89-1CC7AB0D54C3}.Release|x86.ActiveCfg = Release|Any CPU
		{48D956C5-6248-4581-9E89-1CC7AB0D54C3}.Release|x86.Build.0 = Release|Any CPU
		{28915AB8-0D86-4E2C-B6A4-9DC1404F1A69}.Debug|Any CPU.ActiveCfg = Debug|Any CPU
		{28915AB8-0D86-4E2C-B6A4-9DC1404F1A69}.Debug|Any CPU.Build.0 = Debug|Any CPU
		{28915AB8-0D86-4E2C-B6A4-9DC1404F1A69}.Debug|x64.ActiveCfg = Debug|Any CPU
		{28915AB8-0D86-4E2C-B6A4-9DC1404F1A69}.Debug|x64.Build.0 = Debug|Any CPU
		{28915AB8-0D86-4E2C-B6A4-9DC1404F1A69}.Debug|x86.ActiveCfg = Debug|Any CPU
		{28915AB8-0D86-4E2C-B6A4-9DC1404F1A69}.Debug|x86.Build.0 = Debug|Any CPU
		{28915AB8-0D86-4E2C-B6A4-9DC1404F1A69}.Release|Any CPU.ActiveCfg = Release|Any CPU
		{28915AB8-0D86-4E2C-B6A4-9DC1404F1A69}.Release|Any CPU.Build.0 = Release|Any CPU
		{28915AB8-0D86-4E2C-B6A4-9DC1404F1A69}.Release|x64.ActiveCfg = Release|Any CPU
		{28915AB8-0D86-4E2C-B6A4-9DC1404F1A69}.Release|x64.Build.0 = Release|Any CPU
		{28915AB8-0D86-4E2C-B6A4-9DC1404F1A69}.Release|x86.ActiveCfg = Release|Any CPU
		{28915AB8-0D86-4E2C-B6A4-9DC1404F1A69}.Release|x86.Build.0 = Release|Any CPU
		{52E022CB-378E-4027-89FA-9DBE712DB8C3}.Debug|Any CPU.ActiveCfg = Debug|Any CPU
		{52E022CB-378E-4027-89FA-9DBE712DB8C3}.Debug|Any CPU.Build.0 = Debug|Any CPU
		{52E022CB-378E-4027-89FA-9DBE712DB8C3}.Debug|x64.ActiveCfg = Debug|Any CPU
		{52E022CB-378E-4027-89FA-9DBE712DB8C3}.Debug|x64.Build.0 = Debug|Any CPU
		{52E022CB-378E-4027-89FA-9DBE712DB8C3}.Debug|x86.ActiveCfg = Debug|Any CPU
		{52E022CB-378E-4027-89FA-9DBE712DB8C3}.Debug|x86.Build.0 = Debug|Any CPU
		{52E022CB-378E-4027-89FA-9DBE712DB8C3}.Release|Any CPU.ActiveCfg = Release|Any CPU
		{52E022CB-378E-4027-89FA-9DBE712DB8C3}.Release|Any CPU.Build.0 = Release|Any CPU
		{52E022CB-378E-4027-89FA-9DBE712DB8C3}.Release|x64.ActiveCfg = Release|Any CPU
		{52E022CB-378E-4027-89FA-9DBE712DB8C3}.Release|x64.Build.0 = Release|Any CPU
		{52E022CB-378E-4027-89FA-9DBE712DB8C3}.Release|x86.ActiveCfg = Release|Any CPU
		{52E022CB-378E-4027-89FA-9DBE712DB8C3}.Release|x86.Build.0 = Release|Any CPU
		{643B3AE7-DEA6-4CC6-A47D-0064F8BCDF58}.Debug|Any CPU.ActiveCfg = Debug|Any CPU
		{643B3AE7-DEA6-4CC6-A47D-0064F8BCDF58}.Debug|Any CPU.Build.0 = Debug|Any CPU
		{643B3AE7-DEA6-4CC6-A47D-0064F8BCDF58}.Debug|x64.ActiveCfg = Debug|Any CPU
		{643B3AE7-DEA6-4CC6-A47D-0064F8BCDF58}.Debug|x64.Build.0 = Debug|Any CPU
		{643B3AE7-DEA6-4CC6-A47D-0064F8BCDF58}.Debug|x86.ActiveCfg = Debug|Any CPU
		{643B3AE7-DEA6-4CC6-A47D-0064F8BCDF58}.Debug|x86.Build.0 = Debug|Any CPU
		{643B3AE7-DEA6-4CC6-A47D-0064F8BCDF58}.Release|Any CPU.ActiveCfg = Release|Any CPU
		{643B3AE7-DEA6-4CC6-A47D-0064F8BCDF58}.Release|Any CPU.Build.0 = Release|Any CPU
		{643B3AE7-DEA6-4CC6-A47D-0064F8BCDF58}.Release|x64.ActiveCfg = Release|Any CPU
		{643B3AE7-DEA6-4CC6-A47D-0064F8BCDF58}.Release|x64.Build.0 = Release|Any CPU
		{643B3AE7-DEA6-4CC6-A47D-0064F8BCDF58}.Release|x86.ActiveCfg = Release|Any CPU
		{643B3AE7-DEA6-4CC6-A47D-0064F8BCDF58}.Release|x86.Build.0 = Release|Any CPU
		{CEF728EB-F85D-4302-89AE-2209C081A381}.Debug|Any CPU.ActiveCfg = Debug|Any CPU
		{CEF728EB-F85D-4302-89AE-2209C081A381}.Debug|Any CPU.Build.0 = Debug|Any CPU
		{CEF728EB-F85D-4302-89AE-2209C081A381}.Debug|x64.ActiveCfg = Debug|Any CPU
		{CEF728EB-F85D-4302-89AE-2209C081A381}.Debug|x64.Build.0 = Debug|Any CPU
		{CEF728EB-F85D-4302-89AE-2209C081A381}.Debug|x86.ActiveCfg = Debug|Any CPU
		{CEF728EB-F85D-4302-89AE-2209C081A381}.Debug|x86.Build.0 = Debug|Any CPU
		{CEF728EB-F85D-4302-89AE-2209C081A381}.Release|Any CPU.ActiveCfg = Release|Any CPU
		{CEF728EB-F85D-4302-89AE-2209C081A381}.Release|Any CPU.Build.0 = Release|Any CPU
		{CEF728EB-F85D-4302-89AE-2209C081A381}.Release|x64.ActiveCfg = Release|Any CPU
		{CEF728EB-F85D-4302-89AE-2209C081A381}.Release|x64.Build.0 = Release|Any CPU
		{CEF728EB-F85D-4302-89AE-2209C081A381}.Release|x86.ActiveCfg = Release|Any CPU
		{CEF728EB-F85D-4302-89AE-2209C081A381}.Release|x86.Build.0 = Release|Any CPU
		{21508926-AC4C-4A5A-BC48-F21094B844DE}.Debug|Any CPU.ActiveCfg = Debug|Any CPU
		{21508926-AC4C-4A5A-BC48-F21094B844DE}.Debug|Any CPU.Build.0 = Debug|Any CPU
		{21508926-AC4C-4A5A-BC48-F21094B844DE}.Debug|x64.ActiveCfg = Debug|Any CPU
		{21508926-AC4C-4A5A-BC48-F21094B844DE}.Debug|x64.Build.0 = Debug|Any CPU
		{21508926-AC4C-4A5A-BC48-F21094B844DE}.Debug|x86.ActiveCfg = Debug|Any CPU
		{21508926-AC4C-4A5A-BC48-F21094B844DE}.Debug|x86.Build.0 = Debug|Any CPU
		{21508926-AC4C-4A5A-BC48-F21094B844DE}.Release|Any CPU.ActiveCfg = Release|Any CPU
		{21508926-AC4C-4A5A-BC48-F21094B844DE}.Release|Any CPU.Build.0 = Release|Any CPU
		{21508926-AC4C-4A5A-BC48-F21094B844DE}.Release|x64.ActiveCfg = Release|Any CPU
		{21508926-AC4C-4A5A-BC48-F21094B844DE}.Release|x64.Build.0 = Release|Any CPU
		{21508926-AC4C-4A5A-BC48-F21094B844DE}.Release|x86.ActiveCfg = Release|Any CPU
		{21508926-AC4C-4A5A-BC48-F21094B844DE}.Release|x86.Build.0 = Release|Any CPU
		{8A2C8C08-C6D8-4394-9EF0-A9027872F017}.Debug|Any CPU.ActiveCfg = Debug|Any CPU
		{8A2C8C08-C6D8-4394-9EF0-A9027872F017}.Debug|Any CPU.Build.0 = Debug|Any CPU
		{8A2C8C08-C6D8-4394-9EF0-A9027872F017}.Debug|x64.ActiveCfg = Debug|Any CPU
		{8A2C8C08-C6D8-4394-9EF0-A9027872F017}.Debug|x64.Build.0 = Debug|Any CPU
		{8A2C8C08-C6D8-4394-9EF0-A9027872F017}.Debug|x86.ActiveCfg = Debug|Any CPU
		{8A2C8C08-C6D8-4394-9EF0-A9027872F017}.Debug|x86.Build.0 = Debug|Any CPU
		{8A2C8C08-C6D8-4394-9EF0-A9027872F017}.Release|Any CPU.ActiveCfg = Release|Any CPU
		{8A2C8C08-C6D8-4394-9EF0-A9027872F017}.Release|Any CPU.Build.0 = Release|Any CPU
		{8A2C8C08-C6D8-4394-9EF0-A9027872F017}.Release|x64.ActiveCfg = Release|Any CPU
		{8A2C8C08-C6D8-4394-9EF0-A9027872F017}.Release|x64.Build.0 = Release|Any CPU
		{8A2C8C08-C6D8-4394-9EF0-A9027872F017}.Release|x86.ActiveCfg = Release|Any CPU
		{8A2C8C08-C6D8-4394-9EF0-A9027872F017}.Release|x86.Build.0 = Release|Any CPU
		{F5314B45-BCE4-4A6C-BE96-26CB3A5C6727}.Debug|Any CPU.ActiveCfg = Debug|Any CPU
		{F5314B45-BCE4-4A6C-BE96-26CB3A5C6727}.Debug|Any CPU.Build.0 = Debug|Any CPU
		{F5314B45-BCE4-4A6C-BE96-26CB3A5C6727}.Debug|x64.ActiveCfg = Debug|Any CPU
		{F5314B45-BCE4-4A6C-BE96-26CB3A5C6727}.Debug|x64.Build.0 = Debug|Any CPU
		{F5314B45-BCE4-4A6C-BE96-26CB3A5C6727}.Debug|x86.ActiveCfg = Debug|Any CPU
		{F5314B45-BCE4-4A6C-BE96-26CB3A5C6727}.Debug|x86.Build.0 = Debug|Any CPU
		{F5314B45-BCE4-4A6C-BE96-26CB3A5C6727}.Release|Any CPU.ActiveCfg = Release|Any CPU
		{F5314B45-BCE4-4A6C-BE96-26CB3A5C6727}.Release|Any CPU.Build.0 = Release|Any CPU
		{F5314B45-BCE4-4A6C-BE96-26CB3A5C6727}.Release|x64.ActiveCfg = Release|Any CPU
		{F5314B45-BCE4-4A6C-BE96-26CB3A5C6727}.Release|x64.Build.0 = Release|Any CPU
		{F5314B45-BCE4-4A6C-BE96-26CB3A5C6727}.Release|x86.ActiveCfg = Release|Any CPU
		{F5314B45-BCE4-4A6C-BE96-26CB3A5C6727}.Release|x86.Build.0 = Release|Any CPU
		{3CFE5B7B-F2BE-4F87-AEF8-E4372ACD21F7}.Debug|Any CPU.ActiveCfg = Debug|Any CPU
		{3CFE5B7B-F2BE-4F87-AEF8-E4372ACD21F7}.Debug|Any CPU.Build.0 = Debug|Any CPU
		{3CFE5B7B-F2BE-4F87-AEF8-E4372ACD21F7}.Debug|x64.ActiveCfg = Debug|Any CPU
		{3CFE5B7B-F2BE-4F87-AEF8-E4372ACD21F7}.Debug|x64.Build.0 = Debug|Any CPU
		{3CFE5B7B-F2BE-4F87-AEF8-E4372ACD21F7}.Debug|x86.ActiveCfg = Debug|Any CPU
		{3CFE5B7B-F2BE-4F87-AEF8-E4372ACD21F7}.Debug|x86.Build.0 = Debug|Any CPU
		{3CFE5B7B-F2BE-4F87-AEF8-E4372ACD21F7}.Release|Any CPU.ActiveCfg = Release|Any CPU
		{3CFE5B7B-F2BE-4F87-AEF8-E4372ACD21F7}.Release|Any CPU.Build.0 = Release|Any CPU
		{3CFE5B7B-F2BE-4F87-AEF8-E4372ACD21F7}.Release|x64.ActiveCfg = Release|Any CPU
		{3CFE5B7B-F2BE-4F87-AEF8-E4372ACD21F7}.Release|x64.Build.0 = Release|Any CPU
		{3CFE5B7B-F2BE-4F87-AEF8-E4372ACD21F7}.Release|x86.ActiveCfg = Release|Any CPU
		{3CFE5B7B-F2BE-4F87-AEF8-E4372ACD21F7}.Release|x86.Build.0 = Release|Any CPU
		{117ABAC1-9F30-489E-B8B9-E802D3521A6D}.Debug|Any CPU.ActiveCfg = Debug|Any CPU
		{117ABAC1-9F30-489E-B8B9-E802D3521A6D}.Debug|Any CPU.Build.0 = Debug|Any CPU
		{117ABAC1-9F30-489E-B8B9-E802D3521A6D}.Debug|x64.ActiveCfg = Debug|Any CPU
		{117ABAC1-9F30-489E-B8B9-E802D3521A6D}.Debug|x64.Build.0 = Debug|Any CPU
		{117ABAC1-9F30-489E-B8B9-E802D3521A6D}.Debug|x86.ActiveCfg = Debug|Any CPU
		{117ABAC1-9F30-489E-B8B9-E802D3521A6D}.Debug|x86.Build.0 = Debug|Any CPU
		{117ABAC1-9F30-489E-B8B9-E802D3521A6D}.Release|Any CPU.ActiveCfg = Release|Any CPU
		{117ABAC1-9F30-489E-B8B9-E802D3521A6D}.Release|Any CPU.Build.0 = Release|Any CPU
		{117ABAC1-9F30-489E-B8B9-E802D3521A6D}.Release|x64.ActiveCfg = Release|Any CPU
		{117ABAC1-9F30-489E-B8B9-E802D3521A6D}.Release|x64.Build.0 = Release|Any CPU
		{117ABAC1-9F30-489E-B8B9-E802D3521A6D}.Release|x86.ActiveCfg = Release|Any CPU
		{117ABAC1-9F30-489E-B8B9-E802D3521A6D}.Release|x86.Build.0 = Release|Any CPU
		{DDB1F6B0-0A1A-4048-9CBC-617EFE6C371B}.Debug|Any CPU.ActiveCfg = Debug|Any CPU
		{DDB1F6B0-0A1A-4048-9CBC-617EFE6C371B}.Debug|Any CPU.Build.0 = Debug|Any CPU
		{DDB1F6B0-0A1A-4048-9CBC-617EFE6C371B}.Debug|x64.ActiveCfg = Debug|Any CPU
		{DDB1F6B0-0A1A-4048-9CBC-617EFE6C371B}.Debug|x64.Build.0 = Debug|Any CPU
		{DDB1F6B0-0A1A-4048-9CBC-617EFE6C371B}.Debug|x86.ActiveCfg = Debug|Any CPU
		{DDB1F6B0-0A1A-4048-9CBC-617EFE6C371B}.Debug|x86.Build.0 = Debug|Any CPU
		{DDB1F6B0-0A1A-4048-9CBC-617EFE6C371B}.Release|Any CPU.ActiveCfg = Release|Any CPU
		{DDB1F6B0-0A1A-4048-9CBC-617EFE6C371B}.Release|Any CPU.Build.0 = Release|Any CPU
		{DDB1F6B0-0A1A-4048-9CBC-617EFE6C371B}.Release|x64.ActiveCfg = Release|Any CPU
		{DDB1F6B0-0A1A-4048-9CBC-617EFE6C371B}.Release|x64.Build.0 = Release|Any CPU
		{DDB1F6B0-0A1A-4048-9CBC-617EFE6C371B}.Release|x86.ActiveCfg = Release|Any CPU
		{DDB1F6B0-0A1A-4048-9CBC-617EFE6C371B}.Release|x86.Build.0 = Release|Any CPU
		{BCAC2A9E-8B00-4CC1-8FF2-B2E8FE06BA1E}.Debug|Any CPU.ActiveCfg = Debug|Any CPU
		{BCAC2A9E-8B00-4CC1-8FF2-B2E8FE06BA1E}.Debug|Any CPU.Build.0 = Debug|Any CPU
		{BCAC2A9E-8B00-4CC1-8FF2-B2E8FE06BA1E}.Debug|x64.ActiveCfg = Debug|Any CPU
		{BCAC2A9E-8B00-4CC1-8FF2-B2E8FE06BA1E}.Debug|x64.Build.0 = Debug|Any CPU
		{BCAC2A9E-8B00-4CC1-8FF2-B2E8FE06BA1E}.Debug|x86.ActiveCfg = Debug|Any CPU
		{BCAC2A9E-8B00-4CC1-8FF2-B2E8FE06BA1E}.Debug|x86.Build.0 = Debug|Any CPU
		{BCAC2A9E-8B00-4CC1-8FF2-B2E8FE06BA1E}.Release|Any CPU.ActiveCfg = Release|Any CPU
		{BCAC2A9E-8B00-4CC1-8FF2-B2E8FE06BA1E}.Release|Any CPU.Build.0 = Release|Any CPU
		{BCAC2A9E-8B00-4CC1-8FF2-B2E8FE06BA1E}.Release|x64.ActiveCfg = Release|Any CPU
		{BCAC2A9E-8B00-4CC1-8FF2-B2E8FE06BA1E}.Release|x64.Build.0 = Release|Any CPU
		{BCAC2A9E-8B00-4CC1-8FF2-B2E8FE06BA1E}.Release|x86.ActiveCfg = Release|Any CPU
		{BCAC2A9E-8B00-4CC1-8FF2-B2E8FE06BA1E}.Release|x86.Build.0 = Release|Any CPU
		{7350D584-F22F-402B-B39D-90CF2444142A}.Debug|Any CPU.ActiveCfg = Debug|Any CPU
		{7350D584-F22F-402B-B39D-90CF2444142A}.Debug|Any CPU.Build.0 = Debug|Any CPU
		{7350D584-F22F-402B-B39D-90CF2444142A}.Debug|x64.ActiveCfg = Debug|Any CPU
		{7350D584-F22F-402B-B39D-90CF2444142A}.Debug|x64.Build.0 = Debug|Any CPU
		{7350D584-F22F-402B-B39D-90CF2444142A}.Debug|x86.ActiveCfg = Debug|Any CPU
		{7350D584-F22F-402B-B39D-90CF2444142A}.Debug|x86.Build.0 = Debug|Any CPU
		{7350D584-F22F-402B-B39D-90CF2444142A}.Release|Any CPU.ActiveCfg = Release|Any CPU
		{7350D584-F22F-402B-B39D-90CF2444142A}.Release|Any CPU.Build.0 = Release|Any CPU
		{7350D584-F22F-402B-B39D-90CF2444142A}.Release|x64.ActiveCfg = Release|Any CPU
		{7350D584-F22F-402B-B39D-90CF2444142A}.Release|x64.Build.0 = Release|Any CPU
		{7350D584-F22F-402B-B39D-90CF2444142A}.Release|x86.ActiveCfg = Release|Any CPU
		{7350D584-F22F-402B-B39D-90CF2444142A}.Release|x86.Build.0 = Release|Any CPU
		{56500D4E-829E-426A-A364-5E65335E2A25}.Debug|Any CPU.ActiveCfg = Debug|Any CPU
		{56500D4E-829E-426A-A364-5E65335E2A25}.Debug|Any CPU.Build.0 = Debug|Any CPU
		{56500D4E-829E-426A-A364-5E65335E2A25}.Debug|x64.ActiveCfg = Debug|Any CPU
		{56500D4E-829E-426A-A364-5E65335E2A25}.Debug|x64.Build.0 = Debug|Any CPU
		{56500D4E-829E-426A-A364-5E65335E2A25}.Debug|x86.ActiveCfg = Debug|Any CPU
		{56500D4E-829E-426A-A364-5E65335E2A25}.Debug|x86.Build.0 = Debug|Any CPU
		{56500D4E-829E-426A-A364-5E65335E2A25}.Release|Any CPU.ActiveCfg = Release|Any CPU
		{56500D4E-829E-426A-A364-5E65335E2A25}.Release|Any CPU.Build.0 = Release|Any CPU
		{56500D4E-829E-426A-A364-5E65335E2A25}.Release|x64.ActiveCfg = Release|Any CPU
		{56500D4E-829E-426A-A364-5E65335E2A25}.Release|x64.Build.0 = Release|Any CPU
		{56500D4E-829E-426A-A364-5E65335E2A25}.Release|x86.ActiveCfg = Release|Any CPU
		{56500D4E-829E-426A-A364-5E65335E2A25}.Release|x86.Build.0 = Release|Any CPU
		{269F1BC4-0E28-4BA6-B36B-47CBCB87E4C6}.Debug|Any CPU.ActiveCfg = Debug|Any CPU
		{269F1BC4-0E28-4BA6-B36B-47CBCB87E4C6}.Debug|Any CPU.Build.0 = Debug|Any CPU
		{269F1BC4-0E28-4BA6-B36B-47CBCB87E4C6}.Debug|x64.ActiveCfg = Debug|Any CPU
		{269F1BC4-0E28-4BA6-B36B-47CBCB87E4C6}.Debug|x64.Build.0 = Debug|Any CPU
		{269F1BC4-0E28-4BA6-B36B-47CBCB87E4C6}.Debug|x86.ActiveCfg = Debug|Any CPU
		{269F1BC4-0E28-4BA6-B36B-47CBCB87E4C6}.Debug|x86.Build.0 = Debug|Any CPU
		{269F1BC4-0E28-4BA6-B36B-47CBCB87E4C6}.Release|Any CPU.ActiveCfg = Release|Any CPU
		{269F1BC4-0E28-4BA6-B36B-47CBCB87E4C6}.Release|Any CPU.Build.0 = Release|Any CPU
		{269F1BC4-0E28-4BA6-B36B-47CBCB87E4C6}.Release|x64.ActiveCfg = Release|Any CPU
		{269F1BC4-0E28-4BA6-B36B-47CBCB87E4C6}.Release|x64.Build.0 = Release|Any CPU
		{269F1BC4-0E28-4BA6-B36B-47CBCB87E4C6}.Release|x86.ActiveCfg = Release|Any CPU
		{269F1BC4-0E28-4BA6-B36B-47CBCB87E4C6}.Release|x86.Build.0 = Release|Any CPU
		{024E6E78-4785-4075-8676-3C8667974B37}.Debug|Any CPU.ActiveCfg = Debug|Any CPU
		{024E6E78-4785-4075-8676-3C8667974B37}.Debug|Any CPU.Build.0 = Debug|Any CPU
		{024E6E78-4785-4075-8676-3C8667974B37}.Debug|x64.ActiveCfg = Debug|Any CPU
		{024E6E78-4785-4075-8676-3C8667974B37}.Debug|x64.Build.0 = Debug|Any CPU
		{024E6E78-4785-4075-8676-3C8667974B37}.Debug|x86.ActiveCfg = Debug|Any CPU
		{024E6E78-4785-4075-8676-3C8667974B37}.Debug|x86.Build.0 = Debug|Any CPU
		{024E6E78-4785-4075-8676-3C8667974B37}.Release|Any CPU.ActiveCfg = Release|Any CPU
		{024E6E78-4785-4075-8676-3C8667974B37}.Release|Any CPU.Build.0 = Release|Any CPU
		{024E6E78-4785-4075-8676-3C8667974B37}.Release|x64.ActiveCfg = Release|Any CPU
		{024E6E78-4785-4075-8676-3C8667974B37}.Release|x64.Build.0 = Release|Any CPU
		{024E6E78-4785-4075-8676-3C8667974B37}.Release|x86.ActiveCfg = Release|Any CPU
		{024E6E78-4785-4075-8676-3C8667974B37}.Release|x86.Build.0 = Release|Any CPU
		{0FB125FE-5AB3-4667-8D1B-85A6284474ED}.Debug|Any CPU.ActiveCfg = Debug|Any CPU
		{0FB125FE-5AB3-4667-8D1B-85A6284474ED}.Debug|Any CPU.Build.0 = Debug|Any CPU
		{0FB125FE-5AB3-4667-8D1B-85A6284474ED}.Debug|x64.ActiveCfg = Debug|Any CPU
		{0FB125FE-5AB3-4667-8D1B-85A6284474ED}.Debug|x64.Build.0 = Debug|Any CPU
		{0FB125FE-5AB3-4667-8D1B-85A6284474ED}.Debug|x86.ActiveCfg = Debug|Any CPU
		{0FB125FE-5AB3-4667-8D1B-85A6284474ED}.Debug|x86.Build.0 = Debug|Any CPU
		{0FB125FE-5AB3-4667-8D1B-85A6284474ED}.Release|Any CPU.ActiveCfg = Release|Any CPU
		{0FB125FE-5AB3-4667-8D1B-85A6284474ED}.Release|Any CPU.Build.0 = Release|Any CPU
		{0FB125FE-5AB3-4667-8D1B-85A6284474ED}.Release|x64.ActiveCfg = Release|Any CPU
		{0FB125FE-5AB3-4667-8D1B-85A6284474ED}.Release|x64.Build.0 = Release|Any CPU
		{0FB125FE-5AB3-4667-8D1B-85A6284474ED}.Release|x86.ActiveCfg = Release|Any CPU
		{0FB125FE-5AB3-4667-8D1B-85A6284474ED}.Release|x86.Build.0 = Release|Any CPU
		{2E70AA19-0309-4C6F-83D2-8E3DD2A7EC89}.Debug|Any CPU.ActiveCfg = Debug|Any CPU
		{2E70AA19-0309-4C6F-83D2-8E3DD2A7EC89}.Debug|Any CPU.Build.0 = Debug|Any CPU
		{2E70AA19-0309-4C6F-83D2-8E3DD2A7EC89}.Debug|x64.ActiveCfg = Debug|Any CPU
		{2E70AA19-0309-4C6F-83D2-8E3DD2A7EC89}.Debug|x64.Build.0 = Debug|Any CPU
		{2E70AA19-0309-4C6F-83D2-8E3DD2A7EC89}.Debug|x86.ActiveCfg = Debug|Any CPU
		{2E70AA19-0309-4C6F-83D2-8E3DD2A7EC89}.Debug|x86.Build.0 = Debug|Any CPU
		{2E70AA19-0309-4C6F-83D2-8E3DD2A7EC89}.Release|Any CPU.ActiveCfg = Release|Any CPU
		{2E70AA19-0309-4C6F-83D2-8E3DD2A7EC89}.Release|Any CPU.Build.0 = Release|Any CPU
		{2E70AA19-0309-4C6F-83D2-8E3DD2A7EC89}.Release|x64.ActiveCfg = Release|Any CPU
		{2E70AA19-0309-4C6F-83D2-8E3DD2A7EC89}.Release|x64.Build.0 = Release|Any CPU
		{2E70AA19-0309-4C6F-83D2-8E3DD2A7EC89}.Release|x86.ActiveCfg = Release|Any CPU
		{2E70AA19-0309-4C6F-83D2-8E3DD2A7EC89}.Release|x86.Build.0 = Release|Any CPU
		{60E4E82D-7BBF-4513-80ED-36A2273BB97D}.Debug|Any CPU.ActiveCfg = Debug|Any CPU
		{60E4E82D-7BBF-4513-80ED-36A2273BB97D}.Debug|Any CPU.Build.0 = Debug|Any CPU
		{60E4E82D-7BBF-4513-80ED-36A2273BB97D}.Debug|x64.ActiveCfg = Debug|Any CPU
		{60E4E82D-7BBF-4513-80ED-36A2273BB97D}.Debug|x64.Build.0 = Debug|Any CPU
		{60E4E82D-7BBF-4513-80ED-36A2273BB97D}.Debug|x86.ActiveCfg = Debug|Any CPU
		{60E4E82D-7BBF-4513-80ED-36A2273BB97D}.Debug|x86.Build.0 = Debug|Any CPU
		{60E4E82D-7BBF-4513-80ED-36A2273BB97D}.Release|Any CPU.ActiveCfg = Release|Any CPU
		{60E4E82D-7BBF-4513-80ED-36A2273BB97D}.Release|Any CPU.Build.0 = Release|Any CPU
		{60E4E82D-7BBF-4513-80ED-36A2273BB97D}.Release|x64.ActiveCfg = Release|Any CPU
		{60E4E82D-7BBF-4513-80ED-36A2273BB97D}.Release|x64.Build.0 = Release|Any CPU
		{60E4E82D-7BBF-4513-80ED-36A2273BB97D}.Release|x86.ActiveCfg = Release|Any CPU
		{60E4E82D-7BBF-4513-80ED-36A2273BB97D}.Release|x86.Build.0 = Release|Any CPU
	EndGlobalSection
	GlobalSection(SolutionProperties) = preSolution
		HideSolutionNode = FALSE
	EndGlobalSection
	GlobalSection(NestedProjects) = preSolution
		{A25FAFCF-E226-4263-B3D6-732668604BD9} = {87E9D101-2B57-4D04-9488-CF8E720AF379}
		{937A2E0D-8D4B-4B36-848E-389CD789E141} = {F213898F-1E32-48F1-AB8C-83D2BD01A93B}
		{936B9B1B-D734-4757-95FE-257B852E3358} = {0085C0A4-064F-432C-B2FE-A92518241B65}
		{5A0C3F55-8D46-497D-9757-9640C3A59B43} = {87E9D101-2B57-4D04-9488-CF8E720AF379}
		{DA86F082-5143-40C2-8EFA-F124D68FCE02} = {87E9D101-2B57-4D04-9488-CF8E720AF379}
		{FFBA91D0-9DC8-48A7-BD8E-6EF2E436F0AF} = {87E9D101-2B57-4D04-9488-CF8E720AF379}
		{1C075CAF-7409-4941-8622-E3D3DDD876AB} = {87E9D101-2B57-4D04-9488-CF8E720AF379}
		{BC8D3D41-EFC5-45BF-9A1F-766B3989BA4E} = {87E9D101-2B57-4D04-9488-CF8E720AF379}
		{D927ABA0-0DEC-4370-99C7-2CC2B8B3992E} = {87E9D101-2B57-4D04-9488-CF8E720AF379}
		{D275C61D-E0DF-4D76-B70A-F49EB277E451} = {87E9D101-2B57-4D04-9488-CF8E720AF379}
		{3A4CD1E9-E26E-481C-9B42-E1C9A32BF021} = {87E9D101-2B57-4D04-9488-CF8E720AF379}
		{8D9D763A-4BFA-4A34-8CFB-7318F204A2D8} = {87E9D101-2B57-4D04-9488-CF8E720AF379}
		{4FF0B74A-CC18-4B90-B50C-E8564F5136B2} = {87E9D101-2B57-4D04-9488-CF8E720AF379}
		{D2F0D130-50A7-46BB-B495-1B673C2A23A9} = {87E9D101-2B57-4D04-9488-CF8E720AF379}
		{A740BDF2-742C-44AA-8449-293F693E4136} = {87E9D101-2B57-4D04-9488-CF8E720AF379}
		{467FCE3D-2261-486A-ACD8-5D804C92DA01} = {87E9D101-2B57-4D04-9488-CF8E720AF379}
		{B4A63CCF-229F-4EBE-AC85-778062C50930} = {F213898F-1E32-48F1-AB8C-83D2BD01A93B}
		{23A841CA-D773-4195-81A4-367544763909} = {87E9D101-2B57-4D04-9488-CF8E720AF379}
		{8AAA3556-797E-495E-9213-E78238C06947} = {87E9D101-2B57-4D04-9488-CF8E720AF379}
		{966A259F-3AED-438A-A792-4B2574EA2F0E} = {87E9D101-2B57-4D04-9488-CF8E720AF379}
		{4F9D2311-5B31-4A4C-BA8F-7A21B3E36C66} = {87E9D101-2B57-4D04-9488-CF8E720AF379}
		{AA41FF20-E41B-4219-A0CE-55007105C2D2} = {87E9D101-2B57-4D04-9488-CF8E720AF379}
		{5C0A5600-4CFF-49C1-8E20-40C28F870C28} = {F213898F-1E32-48F1-AB8C-83D2BD01A93B}
		{B5D34368-1061-4621-ABC0-27677BF3FB1B} = {22EEBEC3-F653-4054-A282-3C7F818186CC}
		{E91F981F-79F3-46FE-90EB-A4715BD5C02C} = {F213898F-1E32-48F1-AB8C-83D2BD01A93B}
		{CD69CF34-052D-454A-A5BC-DEB326F1B84F} = {827E0CD3-B72D-47B6-A68D-7590B98EB39B}
		{7F5BEA0E-A0A3-46F4-8DF7-E6CA1DD94F5C} = {827E0CD3-B72D-47B6-A68D-7590B98EB39B}
		{C52C5952-5748-4FF1-8D6B-486238E1A4F0} = {827E0CD3-B72D-47B6-A68D-7590B98EB39B}
		{6C81F981-225D-4B06-84AE-113ABB4EFCCF} = {827E0CD3-B72D-47B6-A68D-7590B98EB39B}
		{18688504-8A31-4CA3-9FAD-D8888F0EE4C7} = {827E0CD3-B72D-47B6-A68D-7590B98EB39B}
		{06BFE02B-58F5-4B1C-B241-A563EF0F3E6F} = {827E0CD3-B72D-47B6-A68D-7590B98EB39B}
		{F2FE06BF-B496-45BA-BCF4-669B5993B97A} = {827E0CD3-B72D-47B6-A68D-7590B98EB39B}
		{9223D2EC-D780-48CA-BA54-B7E4EED788E8} = {827E0CD3-B72D-47B6-A68D-7590B98EB39B}
		{643D0431-B9E7-4BE3-B551-A4B64E1E7F36} = {827E0CD3-B72D-47B6-A68D-7590B98EB39B}
		{33BEACC4-0F67-42E5-BE8C-0C861483E8CE} = {827E0CD3-B72D-47B6-A68D-7590B98EB39B}
		{E24EA99F-C8B0-4C58-808D-BE47D0CD2016} = {827E0CD3-B72D-47B6-A68D-7590B98EB39B}
		{27B855BC-89AB-4AFC-B106-53BB8AF15106} = {827E0CD3-B72D-47B6-A68D-7590B98EB39B}
		{48D956C5-6248-4581-9E89-1CC7AB0D54C3} = {827E0CD3-B72D-47B6-A68D-7590B98EB39B}
		{28915AB8-0D86-4E2C-B6A4-9DC1404F1A69} = {827E0CD3-B72D-47B6-A68D-7590B98EB39B}
		{52E022CB-378E-4027-89FA-9DBE712DB8C3} = {827E0CD3-B72D-47B6-A68D-7590B98EB39B}
		{643B3AE7-DEA6-4CC6-A47D-0064F8BCDF58} = {827E0CD3-B72D-47B6-A68D-7590B98EB39B}
		{CEF728EB-F85D-4302-89AE-2209C081A381} = {827E0CD3-B72D-47B6-A68D-7590B98EB39B}
		{21508926-AC4C-4A5A-BC48-F21094B844DE} = {827E0CD3-B72D-47B6-A68D-7590B98EB39B}
		{8A2C8C08-C6D8-4394-9EF0-A9027872F017} = {827E0CD3-B72D-47B6-A68D-7590B98EB39B}
		{F5314B45-BCE4-4A6C-BE96-26CB3A5C6727} = {827E0CD3-B72D-47B6-A68D-7590B98EB39B}
		{3CFE5B7B-F2BE-4F87-AEF8-E4372ACD21F7} = {827E0CD3-B72D-47B6-A68D-7590B98EB39B}
		{117ABAC1-9F30-489E-B8B9-E802D3521A6D} = {827E0CD3-B72D-47B6-A68D-7590B98EB39B}
		{DDB1F6B0-0A1A-4048-9CBC-617EFE6C371B} = {827E0CD3-B72D-47B6-A68D-7590B98EB39B}
		{BCAC2A9E-8B00-4CC1-8FF2-B2E8FE06BA1E} = {827E0CD3-B72D-47B6-A68D-7590B98EB39B}
		{7350D584-F22F-402B-B39D-90CF2444142A} = {827E0CD3-B72D-47B6-A68D-7590B98EB39B}
		{56500D4E-829E-426A-A364-5E65335E2A25} = {827E0CD3-B72D-47B6-A68D-7590B98EB39B}
		{269F1BC4-0E28-4BA6-B36B-47CBCB87E4C6} = {827E0CD3-B72D-47B6-A68D-7590B98EB39B}
		{024E6E78-4785-4075-8676-3C8667974B37} = {827E0CD3-B72D-47B6-A68D-7590B98EB39B}
		{0FB125FE-5AB3-4667-8D1B-85A6284474ED} = {827E0CD3-B72D-47B6-A68D-7590B98EB39B}
		{2E70AA19-0309-4C6F-83D2-8E3DD2A7EC89} = {827E0CD3-B72D-47B6-A68D-7590B98EB39B}
		{60E4E82D-7BBF-4513-80ED-36A2273BB97D} = {827E0CD3-B72D-47B6-A68D-7590B98EB39B}
	EndGlobalSection
	GlobalSection(ExtensibilityGlobals) = postSolution
		SolutionGuid = {A5905A5D-B4E1-4A7A-9279-0283D86A9F7F}
	EndGlobalSection
EndGlobal
