<Solution>
  <Configurations>
    <Platform Name="Any CPU" />
    <Platform Name="x64" />
    <Platform Name="x86" />
  </Configurations>
  <Project Path="../../test/ModularPipelines.Skopeo.UnitTests/ModularPipelines.Skopeo.UnitTests.csproj" />
  <Project Path="../../test/ModularPipelines.TestHelpers/ModularPipelines.TestHelpers.csproj" />
  <Project Path="../ModularPipelines/ModularPipelines.csproj" />
  <Project Path="ModularPipelines.Skopeo.csproj" />
</Solution>
