
Microsoft Visual Studio Solution File, Format Version 12.00
# Visual Studio Version 17
VisualStudioVersion = 17.6.33815.320
MinimumVisualStudioVersion = 10.0.40219.1
Project("{FAE04EC0-301F-11D3-BF4B-00C04F79EFBC}") = "ModularPipelines.Skopeo", "ModularPipelines.Skopeo.csproj", "{CC2530F8-185A-5E59-AC6B-B91A6FB1BB53}"
EndProject
Project("{FAE04EC0-301F-11D3-BF4B-00C04F79EFBC}") = "ModularPipelines", "..\ModularPipelines\ModularPipelines.csproj", "{913CAEF5-F03A-5911-BCFD-11F3066DAC19}"
EndProject
Project("{FAE04EC0-301F-11D3-BF4B-00C04F79EFBC}") = "ModularPipelines.Skopeo.UnitTests", "..\..\test\ModularPipelines.Skopeo.UnitTests\ModularPipelines.Skopeo.UnitTests.csproj", "{CACE8CBB-216F-469F-8971-1C84CD4290C0}"
EndProject
Project("{FAE04EC0-301F-11D3-BF4B-00C04F79EFBC}") = "ModularPipelines.TestHelpers", "..\..\test\ModularPipelines.TestHelpers\ModularPipelines.TestHelpers.csproj", "{16C253E3-E92A-4C22-A1B4-FD9F71663BD1}"
EndProject
Global
	GlobalSection(SolutionConfigurationPlatforms) = preSolution
		Debug|Any CPU = Debug|Any CPU
		Debug|x64 = Debug|x64
		Debug|x86 = Debug|x86
		Release|Any CPU = Release|Any CPU
		Release|x64 = Release|x64
		Release|x86 = Release|x86
	EndGlobalSection
	GlobalSection(ProjectConfigurationPlatforms) = postSolution
		{CC2530F8-185A-5E59-AC6B-B91A6FB1BB53}.Debug|Any CPU.ActiveCfg = Debug|Any CPU
		{CC2530F8-185A-5E59-AC6B-B91A6FB1BB53}.Debug|Any CPU.Build.0 = Debug|Any CPU
		{CC2530F8-185A-5E59-AC6B-B91A6FB1BB53}.Debug|x64.ActiveCfg = Debug|Any CPU
		{CC2530F8-185A-5E59-AC6B-B91A6FB1BB53}.Debug|x64.Build.0 = Debug|Any CPU
		{CC2530F8-185A-5E59-AC6B-B91A6FB1BB53}.Debug|x86.ActiveCfg = Debug|Any CPU
		{CC2530F8-185A-5E59-AC6B-B91A6FB1BB53}.Debug|x86.Build.0 = Debug|Any CPU
		{CC2530F8-185A-5E59-AC6B-B91A6FB1BB53}.Release|Any CPU.ActiveCfg = Release|Any CPU
		{CC2530F8-185A-5E59-AC6B-B91A6FB1BB53}.Release|Any CPU.Build.0 = Release|Any CPU
		{CC2530F8-185A-5E59-AC6B-B91A6FB1BB53}.Release|x64.ActiveCfg = Release|Any CPU
		{CC2530F8-185A-5E59-AC6B-B91A6FB1BB53}.Release|x64.Build.0 = Release|Any CPU
		{CC2530F8-185A-5E59-AC6B-B91A6FB1BB53}.Release|x86.ActiveCfg = Release|Any CPU
		{CC2530F8-185A-5E59-AC6B-B91A6FB1BB53}.Release|x86.Build.0 = Release|Any CPU
		{913CAEF5-F03A-5911-BCFD-11F3066DAC19}.Debug|Any CPU.ActiveCfg = Debug|Any CPU
		{913CAEF5-F03A-5911-BCFD-11F3066DAC19}.Debug|Any CPU.Build.0 = Debug|Any CPU
		{913CAEF5-F03A-5911-BCFD-11F3066DAC19}.Debug|x64.ActiveCfg = Debug|Any CPU
		{913CAEF5-F03A-5911-BCFD-11F3066DAC19}.Debug|x64.Build.0 = Debug|Any CPU
		{913CAEF5-F03A-5911-BCFD-11F3066DAC19}.Debug|x86.ActiveCfg = Debug|Any CPU
		{913CAEF5-F03A-5911-BCFD-11F3066DAC19}.Debug|x86.Build.0 = Debug|Any CPU
		{913CAEF5-F03A-5911-BCFD-11F3066DAC19}.Release|Any CPU.ActiveCfg = Release|Any CPU
		{913CAEF5-F03A-5911-BCFD-11F3066DAC19}.Release|Any CPU.Build.0 = Release|Any CPU
		{913CAEF5-F03A-5911-BCFD-11F3066DAC19}.Release|x64.ActiveCfg = Release|Any CPU
		{913CAEF5-F03A-5911-BCFD-11F3066DAC19}.Release|x64.Build.0 = Release|Any CPU
		{913CAEF5-F03A-5911-BCFD-11F3066DAC19}.Release|x86.ActiveCfg = Release|Any CPU
		{913CAEF5-F03A-5911-BCFD-11F3066DAC19}.Release|x86.Build.0 = Release|Any CPU
		{CACE8CBB-216F-469F-8971-1C84CD4290C0}.Debug|Any CPU.ActiveCfg = Debug|Any CPU
		{CACE8CBB-216F-469F-8971-1C84CD4290C0}.Debug|Any CPU.Build.0 = Debug|Any CPU
		{CACE8CBB-216F-469F-8971-1C84CD4290C0}.Debug|x64.ActiveCfg = Debug|Any CPU
		{CACE8CBB-216F-469F-8971-1C84CD4290C0}.Debug|x64.Build.0 = Debug|Any CPU
		{CACE8CBB-216F-469F-8971-1C84CD4290C0}.Debug|x86.ActiveCfg = Debug|Any CPU
		{CACE8CBB-216F-469F-8971-1C84CD4290C0}.Debug|x86.Build.0 = Debug|Any CPU
		{CACE8CBB-216F-469F-8971-1C84CD4290C0}.Release|Any CPU.ActiveCfg = Release|Any CPU
		{CACE8CBB-216F-469F-8971-1C84CD4290C0}.Release|Any CPU.Build.0 = Release|Any CPU
		{CACE8CBB-216F-469F-8971-1C84CD4290C0}.Release|x64.ActiveCfg = Release|Any CPU
		{CACE8CBB-216F-469F-8971-1C84CD4290C0}.Release|x64.Build.0 = Release|Any CPU
		{CACE8CBB-216F-469F-8971-1C84CD4290C0}.Release|x86.ActiveCfg = Release|Any CPU
		{CACE8CBB-216F-469F-8971-1C84CD4290C0}.Release|x86.Build.0 = Release|Any CPU
		{16C253E3-E92A-4C22-A1B4-FD9F71663BD1}.Debug|Any CPU.ActiveCfg = Debug|Any CPU
		{16C253E3-E92A-4C22-A1B4-FD9F71663BD1}.Debug|Any CPU.Build.0 = Debug|Any CPU
		{16C253E3-E92A-4C22-A1B4-FD9F71663BD1}.Debug|x64.ActiveCfg = Debug|Any CPU
		{16C253E3-E92A-4C22-A1B4-FD9F71663BD1}.Debug|x64.Build.0 = Debug|Any CPU
		{16C253E3-E92A-4C22-A1B4-FD9F71663BD1}.Debug|x86.ActiveCfg = Debug|Any CPU
		{16C253E3-E92A-4C22-A1B4-FD9F71663BD1}.Debug|x86.Build.0 = Debug|Any CPU
		{16C253E3-E92A-4C22-A1B4-FD9F71663BD1}.Release|Any CPU.ActiveCfg = Release|Any CPU
		{16C253E3-E92A-4C22-A1B4-FD9F71663BD1}.Release|Any CPU.Build.0 = Release|Any CPU
		{16C253E3-E92A-4C22-A1B4-FD9F71663BD1}.Release|x64.ActiveCfg = Release|Any CPU
		{16C253E3-E92A-4C22-A1B4-FD9F71663BD1}.Release|x64.Build.0 = Release|Any CPU
		{16C253E3-E92A-4C22-A1B4-FD9F71663BD1}.Release|x86.ActiveCfg = Release|Any CPU
		{16C253E3-E92A-4C22-A1B4-FD9F71663BD1}.Release|x86.Build.0 = Release|Any CPU
	EndGlobalSection
	GlobalSection(SolutionProperties) = preSolution
		HideSolutionNode = FALSE
	EndGlobalSection
EndGlobal
