
Microsoft Visual Studio Solution File, Format Version 12.00
# Visual Studio Version 17
VisualStudioVersion = 17.6.33815.320
MinimumVisualStudioVersion = 10.0.40219.1
Project("{FAE04EC0-301F-11D3-BF4B-00C04F79EFBC}") = "ModularPipelines.Python", "ModularPipelines.Python.csproj", "{5B59B045-F7CE-5AF0-8FE8-21FEEB50965B}"
EndProject
Project("{FAE04EC0-301F-11D3-BF4B-00C04F79EFBC}") = "ModularPipelines", "..\ModularPipelines\ModularPipelines.csproj", "{913CAEF5-F03A-5911-BCFD-11F3066DAC19}"
EndProject
Project("{FAE04EC0-301F-11D3-BF4B-00C04F79EFBC}") = "ModularPipelines.Python.UnitTests", "..\..\test\ModularPipelines.Python.UnitTests\ModularPipelines.Python.UnitTests.csproj", "{69B0C0E3-971A-420C-885C-4DEB86A2ACB6}"
EndProject
Project("{FAE04EC0-301F-11D3-BF4B-00C04F79EFBC}") = "ModularPipelines.TestHelpers", "..\..\test\ModularPipelines.TestHelpers\ModularPipelines.TestHelpers.csproj", "{75770AB3-661C-4B96-AC0F-8D14879D405D}"
EndProject
Global
	GlobalSection(SolutionConfigurationPlatforms) = preSolution
		Debug|Any CPU = Debug|Any CPU
		Debug|x64 = Debug|x64
		Debug|x86 = Debug|x86
		Release|Any CPU = Release|Any CPU
		Release|x64 = Release|x64
		Release|x86 = Release|x86
	EndGlobalSection
	GlobalSection(ProjectConfigurationPlatforms) = postSolution
		{5B59B045-F7CE-5AF0-8FE8-21FEEB50965B}.Debug|Any CPU.ActiveCfg = Debug|Any CPU
		{5B59B045-F7CE-5AF0-8FE8-21FEEB50965B}.Debug|Any CPU.Build.0 = Debug|Any CPU
		{5B59B045-F7CE-5AF0-8FE8-21FEEB50965B}.Debug|x64.ActiveCfg = Debug|Any CPU
		{5B59B045-F7CE-5AF0-8FE8-21FEEB50965B}.Debug|x64.Build.0 = Debug|Any CPU
		{5B59B045-F7CE-5AF0-8FE8-21FEEB50965B}.Debug|x86.ActiveCfg = Debug|Any CPU
		{5B59B045-F7CE-5AF0-8FE8-21FEEB50965B}.Debug|x86.Build.0 = Debug|Any CPU
		{5B59B045-F7CE-5AF0-8FE8-21FEEB50965B}.Release|Any CPU.ActiveCfg = Release|Any CPU
		{5B59B045-F7CE-5AF0-8FE8-21FEEB50965B}.Release|Any CPU.Build.0 = Release|Any CPU
		{5B59B045-F7CE-5AF0-8FE8-21FEEB50965B}.Release|x64.ActiveCfg = Release|Any CPU
		{5B59B045-F7CE-5AF0-8FE8-21FEEB50965B}.Release|x64.Build.0 = Release|Any CPU
		{5B59B045-F7CE-5AF0-8FE8-21FEEB50965B}.Release|x86.ActiveCfg = Release|Any CPU
		{5B59B045-F7CE-5AF0-8FE8-21FEEB50965B}.Release|x86.Build.0 = Release|Any CPU
		{913CAEF5-F03A-5911-BCFD-11F3066DAC19}.Debug|Any CPU.ActiveCfg = Debug|Any CPU
		{913CAEF5-F03A-5911-BCFD-11F3066DAC19}.Debug|Any CPU.Build.0 = Debug|Any CPU
		{913CAEF5-F03A-5911-BCFD-11F3066DAC19}.Debug|x64.ActiveCfg = Debug|Any CPU
		{913CAEF5-F03A-5911-BCFD-11F3066DAC19}.Debug|x64.Build.0 = Debug|Any CPU
		{913CAEF5-F03A-5911-BCFD-11F3066DAC19}.Debug|x86.ActiveCfg = Debug|Any CPU
		{913CAEF5-F03A-5911-BCFD-11F3066DAC19}.Debug|x86.Build.0 = Debug|Any CPU
		{913CAEF5-F03A-5911-BCFD-11F3066DAC19}.Release|Any CPU.ActiveCfg = Release|Any CPU
		{913CAEF5-F03A-5911-BCFD-11F3066DAC19}.Release|Any CPU.Build.0 = Release|Any CPU
		{913CAEF5-F03A-5911-BCFD-11F3066DAC19}.Release|x64.ActiveCfg = Release|Any CPU
		{913CAEF5-F03A-5911-BCFD-11F3066DAC19}.Release|x64.Build.0 = Release|Any CPU
		{913CAEF5-F03A-5911-BCFD-11F3066DAC19}.Release|x86.ActiveCfg = Release|Any CPU
		{913CAEF5-F03A-5911-BCFD-11F3066DAC19}.Release|x86.Build.0 = Release|Any CPU
		{69B0C0E3-971A-420C-885C-4DEB86A2ACB6}.Debug|Any CPU.ActiveCfg = Debug|Any CPU
		{69B0C0E3-971A-420C-885C-4DEB86A2ACB6}.Debug|Any CPU.Build.0 = Debug|Any CPU
		{69B0C0E3-971A-420C-885C-4DEB86A2ACB6}.Debug|x64.ActiveCfg = Debug|Any CPU
		{69B0C0E3-971A-420C-885C-4DEB86A2ACB6}.Debug|x64.Build.0 = Debug|Any CPU
		{69B0C0E3-971A-420C-885C-4DEB86A2ACB6}.Debug|x86.ActiveCfg = Debug|Any CPU
		{69B0C0E3-971A-420C-885C-4DEB86A2ACB6}.Debug|x86.Build.0 = Debug|Any CPU
		{69B0C0E3-971A-420C-885C-4DEB86A2ACB6}.Release|Any CPU.ActiveCfg = Release|Any CPU
		{69B0C0E3-971A-420C-885C-4DEB86A2ACB6}.Release|Any CPU.Build.0 = Release|Any CPU
		{69B0C0E3-971A-420C-885C-4DEB86A2ACB6}.Release|x64.ActiveCfg = Release|Any CPU
		{69B0C0E3-971A-420C-885C-4DEB86A2ACB6}.Release|x64.Build.0 = Release|Any CPU
		{69B0C0E3-971A-420C-885C-4DEB86A2ACB6}.Release|x86.ActiveCfg = Release|Any CPU
		{69B0C0E3-971A-420C-885C-4DEB86A2ACB6}.Release|x86.Build.0 = Release|Any CPU
		{75770AB3-661C-4B96-AC0F-8D14879D405D}.Debug|Any CPU.ActiveCfg = Debug|Any CPU
		{75770AB3-661C-4B96-AC0F-8D14879D405D}.Debug|Any CPU.Build.0 = Debug|Any CPU
		{75770AB3-661C-4B96-AC0F-8D14879D405D}.Debug|x64.ActiveCfg = Debug|Any CPU
		{75770AB3-661C-4B96-AC0F-8D14879D405D}.Debug|x64.Build.0 = Debug|Any CPU
		{75770AB3-661C-4B96-AC0F-8D14879D405D}.Debug|x86.ActiveCfg = Debug|Any CPU
		{75770AB3-661C-4B96-AC0F-8D14879D405D}.Debug|x86.Build.0 = Debug|Any CPU
		{75770AB3-661C-4B96-AC0F-8D14879D405D}.Release|Any CPU.ActiveCfg = Release|Any CPU
		{75770AB3-661C-4B96-AC0F-8D14879D405D}.Release|Any CPU.Build.0 = Release|Any CPU
		{75770AB3-661C-4B96-AC0F-8D14879D405D}.Release|x64.ActiveCfg = Release|Any CPU
		{75770AB3-661C-4B96-AC0F-8D14879D405D}.Release|x64.Build.0 = Release|Any CPU
		{75770AB3-661C-4B96-AC0F-8D14879D405D}.Release|x86.ActiveCfg = Release|Any CPU
		{75770AB3-661C-4B96-AC0F-8D14879D405D}.Release|x86.Build.0 = Release|Any CPU
	EndGlobalSection
	GlobalSection(SolutionProperties) = preSolution
		HideSolutionNode = FALSE
	EndGlobalSection
EndGlobal
