
Microsoft Visual Studio Solution File, Format Version 12.00
# Visual Studio Version 17
VisualStudioVersion = 17.6.33815.320
MinimumVisualStudioVersion = 10.0.40219.1
Project("{FAE04EC0-301F-11D3-BF4B-00C04F79EFBC}") = "ModularPipelines.Kind", "ModularPipelines.Kind.csproj", "{08ACEF93-EBE0-5A50-89A6-DCD9AD3AFFA3}"
EndProject
Project("{FAE04EC0-301F-11D3-BF4B-00C04F79EFBC}") = "ModularPipelines", "..\ModularPipelines\ModularPipelines.csproj", "{913CAEF5-F03A-5911-BCFD-11F3066DAC19}"
EndProject
Project("{FAE04EC0-301F-11D3-BF4B-00C04F79EFBC}") = "ModularPipelines.Kind.UnitTests", "..\..\test\ModularPipelines.Kind.UnitTests\ModularPipelines.Kind.UnitTests.csproj", "{897E1D14-209F-4EF6-A77F-312B35134953}"
EndProject
Project("{FAE04EC0-301F-11D3-BF4B-00C04F79EFBC}") = "ModularPipelines.TestHelpers", "..\..\test\ModularPipelines.TestHelpers\ModularPipelines.TestHelpers.csproj", "{40DDAE7D-0BDA-4C21-A0E0-3782F5516BF8}"
EndProject
Global
	GlobalSection(SolutionConfigurationPlatforms) = preSolution
		Debug|Any CPU = Debug|Any CPU
		Debug|x64 = Debug|x64
		Debug|x86 = Debug|x86
		Release|Any CPU = Release|Any CPU
		Release|x64 = Release|x64
		Release|x86 = Release|x86
	EndGlobalSection
	GlobalSection(ProjectConfigurationPlatforms) = postSolution
		{08ACEF93-EBE0-5A50-89A6-DCD9AD3AFFA3}.Debug|Any CPU.ActiveCfg = Debug|Any CPU
		{08ACEF93-EBE0-5A50-89A6-DCD9AD3AFFA3}.Debug|Any CPU.Build.0 = Debug|Any CPU
		{08ACEF93-EBE0-5A50-89A6-DCD9AD3AFFA3}.Debug|x64.ActiveCfg = Debug|Any CPU
		{08ACEF93-EBE0-5A50-89A6-DCD9AD3AFFA3}.Debug|x64.Build.0 = Debug|Any CPU
		{08ACEF93-EBE0-5A50-89A6-DCD9AD3AFFA3}.Debug|x86.ActiveCfg = Debug|Any CPU
		{08ACEF93-EBE0-5A50-89A6-DCD9AD3AFFA3}.Debug|x86.Build.0 = Debug|Any CPU
		{08ACEF93-EBE0-5A50-89A6-DCD9AD3AFFA3}.Release|Any CPU.ActiveCfg = Release|Any CPU
		{08ACEF93-EBE0-5A50-89A6-DCD9AD3AFFA3}.Release|Any CPU.Build.0 = Release|Any CPU
		{08ACEF93-EBE0-5A50-89A6-DCD9AD3AFFA3}.Release|x64.ActiveCfg = Release|Any CPU
		{08ACEF93-EBE0-5A50-89A6-DCD9AD3AFFA3}.Release|x64.Build.0 = Release|Any CPU
		{08ACEF93-EBE0-5A50-89A6-DCD9AD3AFFA3}.Release|x86.ActiveCfg = Release|Any CPU
		{08ACEF93-EBE0-5A50-89A6-DCD9AD3AFFA3}.Release|x86.Build.0 = Release|Any CPU
		{913CAEF5-F03A-5911-BCFD-11F3066DAC19}.Debug|Any CPU.ActiveCfg = Debug|Any CPU
		{913CAEF5-F03A-5911-BCFD-11F3066DAC19}.Debug|Any CPU.Build.0 = Debug|Any CPU
		{913CAEF5-F03A-5911-BCFD-11F3066DAC19}.Debug|x64.ActiveCfg = Debug|Any CPU
		{913CAEF5-F03A-5911-BCFD-11F3066DAC19}.Debug|x64.Build.0 = Debug|Any CPU
		{913CAEF5-F03A-5911-BCFD-11F3066DAC19}.Debug|x86.ActiveCfg = Debug|Any CPU
		{913CAEF5-F03A-5911-BCFD-11F3066DAC19}.Debug|x86.Build.0 = Debug|Any CPU
		{913CAEF5-F03A-5911-BCFD-11F3066DAC19}.Release|Any CPU.ActiveCfg = Release|Any CPU
		{913CAEF5-F03A-5911-BCFD-11F3066DAC19}.Release|Any CPU.Build.0 = Release|Any CPU
		{913CAEF5-F03A-5911-BCFD-11F3066DAC19}.Release|x64.ActiveCfg = Release|Any CPU
		{913CAEF5-F03A-5911-BCFD-11F3066DAC19}.Release|x64.Build.0 = Release|Any CPU
		{913CAEF5-F03A-5911-BCFD-11F3066DAC19}.Release|x86.ActiveCfg = Release|Any CPU
		{913CAEF5-F03A-5911-BCFD-11F3066DAC19}.Release|x86.Build.0 = Release|Any CPU
		{897E1D14-209F-4EF6-A77F-312B35134953}.Debug|Any CPU.ActiveCfg = Debug|Any CPU
		{897E1D14-209F-4EF6-A77F-312B35134953}.Debug|Any CPU.Build.0 = Debug|Any CPU
		{897E1D14-209F-4EF6-A77F-312B35134953}.Debug|x64.ActiveCfg = Debug|Any CPU
		{897E1D14-209F-4EF6-A77F-312B35134953}.Debug|x64.Build.0 = Debug|Any CPU
		{897E1D14-209F-4EF6-A77F-312B35134953}.Debug|x86.ActiveCfg = Debug|Any CPU
		{897E1D14-209F-4EF6-A77F-312B35134953}.Debug|x86.Build.0 = Debug|Any CPU
		{897E1D14-209F-4EF6-A77F-312B35134953}.Release|Any CPU.ActiveCfg = Release|Any CPU
		{897E1D14-209F-4EF6-A77F-312B35134953}.Release|Any CPU.Build.0 = Release|Any CPU
		{897E1D14-209F-4EF6-A77F-312B35134953}.Release|x64.ActiveCfg = Release|Any CPU
		{897E1D14-209F-4EF6-A77F-312B35134953}.Release|x64.Build.0 = Release|Any CPU
		{897E1D14-209F-4EF6-A77F-312B35134953}.Release|x86.ActiveCfg = Release|Any CPU
		{897E1D14-209F-4EF6-A77F-312B35134953}.Release|x86.Build.0 = Release|Any CPU
		{40DDAE7D-0BDA-4C21-A0E0-3782F5516BF8}.Debug|Any CPU.ActiveCfg = Debug|Any CPU
		{40DDAE7D-0BDA-4C21-A0E0-3782F5516BF8}.Debug|Any CPU.Build.0 = Debug|Any CPU
		{40DDAE7D-0BDA-4C21-A0E0-3782F5516BF8}.Debug|x64.ActiveCfg = Debug|Any CPU
		{40DDAE7D-0BDA-4C21-A0E0-3782F5516BF8}.Debug|x64.Build.0 = Debug|Any CPU
		{40DDAE7D-0BDA-4C21-A0E0-3782F5516BF8}.Debug|x86.ActiveCfg = Debug|Any CPU
		{40DDAE7D-0BDA-4C21-A0E0-3782F5516BF8}.Debug|x86.Build.0 = Debug|Any CPU
		{40DDAE7D-0BDA-4C21-A0E0-3782F5516BF8}.Release|Any CPU.ActiveCfg = Release|Any CPU
		{40DDAE7D-0BDA-4C21-A0E0-3782F5516BF8}.Release|Any CPU.Build.0 = Release|Any CPU
		{40DDAE7D-0BDA-4C21-A0E0-3782F5516BF8}.Release|x64.ActiveCfg = Release|Any CPU
		{40DDAE7D-0BDA-4C21-A0E0-3782F5516BF8}.Release|x64.Build.0 = Release|Any CPU
		{40DDAE7D-0BDA-4C21-A0E0-3782F5516BF8}.Release|x86.ActiveCfg = Release|Any CPU
		{40DDAE7D-0BDA-4C21-A0E0-3782F5516BF8}.Release|x86.Build.0 = Release|Any CPU
	EndGlobalSection
	GlobalSection(SolutionProperties) = preSolution
		HideSolutionNode = FALSE
	EndGlobalSection
EndGlobal
