
Microsoft Visual Studio Solution File, Format Version 12.00
# Visual Studio Version 17
VisualStudioVersion = 17.6.33815.320
MinimumVisualStudioVersion = 10.0.40219.1
Project("{FAE04EC0-301F-11D3-BF4B-00C04F79EFBC}") = "ModularPipelines.Email", "ModularPipelines.Email.csproj", "{C15A4964-F6B2-52CA-A2B0-7C18BB00FED6}"
EndProject
Project("{FAE04EC0-301F-11D3-BF4B-00C04F79EFBC}") = "ModularPipelines", "..\ModularPipelines\ModularPipelines.csproj", "{913CAEF5-F03A-5911-BCFD-11F3066DAC19}"
EndProject
Project("{FAE04EC0-301F-11D3-BF4B-00C04F79EFBC}") = "ModularPipelines.Email.UnitTests", "..\..\test\ModularPipelines.Email.UnitTests\ModularPipelines.Email.UnitTests.csproj", "{4BF31E9E-E642-4F09-A057-580EC77C5A5F}"
EndProject
Project("{FAE04EC0-301F-11D3-BF4B-00C04F79EFBC}") = "ModularPipelines.TestHelpers", "..\..\test\ModularPipelines.TestHelpers\ModularPipelines.TestHelpers.csproj", "{A353EAC3-65A9-4708-A2EB-854F75697F32}"
EndProject
Global
	GlobalSection(SolutionConfigurationPlatforms) = preSolution
		Debug|Any CPU = Debug|Any CPU
		Debug|x64 = Debug|x64
		Debug|x86 = Debug|x86
		Release|Any CPU = Release|Any CPU
		Release|x64 = Release|x64
		Release|x86 = Release|x86
	EndGlobalSection
	GlobalSection(ProjectConfigurationPlatforms) = postSolution
		{C15A4964-F6B2-52CA-A2B0-7C18BB00FED6}.Debug|Any CPU.ActiveCfg = Debug|Any CPU
		{C15A4964-F6B2-52CA-A2B0-7C18BB00FED6}.Debug|Any CPU.Build.0 = Debug|Any CPU
		{C15A4964-F6B2-52CA-A2B0-7C18BB00FED6}.Debug|x64.ActiveCfg = Debug|Any CPU
		{C15A4964-F6B2-52CA-A2B0-7C18BB00FED6}.Debug|x64.Build.0 = Debug|Any CPU
		{C15A4964-F6B2-52CA-A2B0-7C18BB00FED6}.Debug|x86.ActiveCfg = Debug|Any CPU
		{C15A4964-F6B2-52CA-A2B0-7C18BB00FED6}.Debug|x86.Build.0 = Debug|Any CPU
		{C15A4964-F6B2-52CA-A2B0-7C18BB00FED6}.Release|Any CPU.ActiveCfg = Release|Any CPU
		{C15A4964-F6B2-52CA-A2B0-7C18BB00FED6}.Release|Any CPU.Build.0 = Release|Any CPU
		{C15A4964-F6B2-52CA-A2B0-7C18BB00FED6}.Release|x64.ActiveCfg = Release|Any CPU
		{C15A4964-F6B2-52CA-A2B0-7C18BB00FED6}.Release|x64.Build.0 = Release|Any CPU
		{C15A4964-F6B2-52CA-A2B0-7C18BB00FED6}.Release|x86.ActiveCfg = Release|Any CPU
		{C15A4964-F6B2-52CA-A2B0-7C18BB00FED6}.Release|x86.Build.0 = Release|Any CPU
		{913CAEF5-F03A-5911-BCFD-11F3066DAC19}.Debug|Any CPU.ActiveCfg = Debug|Any CPU
		{913CAEF5-F03A-5911-BCFD-11F3066DAC19}.Debug|Any CPU.Build.0 = Debug|Any CPU
		{913CAEF5-F03A-5911-BCFD-11F3066DAC19}.Debug|x64.ActiveCfg = Debug|Any CPU
		{913CAEF5-F03A-5911-BCFD-11F3066DAC19}.Debug|x64.Build.0 = Debug|Any CPU
		{913CAEF5-F03A-5911-BCFD-11F3066DAC19}.Debug|x86.ActiveCfg = Debug|Any CPU
		{913CAEF5-F03A-5911-BCFD-11F3066DAC19}.Debug|x86.Build.0 = Debug|Any CPU
		{913CAEF5-F03A-5911-BCFD-11F3066DAC19}.Release|Any CPU.ActiveCfg = Release|Any CPU
		{913CAEF5-F03A-5911-BCFD-11F3066DAC19}.Release|Any CPU.Build.0 = Release|Any CPU
		{913CAEF5-F03A-5911-BCFD-11F3066DAC19}.Release|x64.ActiveCfg = Release|Any CPU
		{913CAEF5-F03A-5911-BCFD-11F3066DAC19}.Release|x64.Build.0 = Release|Any CPU
		{913CAEF5-F03A-5911-BCFD-11F3066DAC19}.Release|x86.ActiveCfg = Release|Any CPU
		{913CAEF5-F03A-5911-BCFD-11F3066DAC19}.Release|x86.Build.0 = Release|Any CPU
		{4BF31E9E-E642-4F09-A057-580EC77C5A5F}.Debug|Any CPU.ActiveCfg = Debug|Any CPU
		{4BF31E9E-E642-4F09-A057-580EC77C5A5F}.Debug|Any CPU.Build.0 = Debug|Any CPU
		{4BF31E9E-E642-4F09-A057-580EC77C5A5F}.Debug|x64.ActiveCfg = Debug|Any CPU
		{4BF31E9E-E642-4F09-A057-580EC77C5A5F}.Debug|x64.Build.0 = Debug|Any CPU
		{4BF31E9E-E642-4F09-A057-580EC77C5A5F}.Debug|x86.ActiveCfg = Debug|Any CPU
		{4BF31E9E-E642-4F09-A057-580EC77C5A5F}.Debug|x86.Build.0 = Debug|Any CPU
		{4BF31E9E-E642-4F09-A057-580EC77C5A5F}.Release|Any CPU.ActiveCfg = Release|Any CPU
		{4BF31E9E-E642-4F09-A057-580EC77C5A5F}.Release|Any CPU.Build.0 = Release|Any CPU
		{4BF31E9E-E642-4F09-A057-580EC77C5A5F}.Release|x64.ActiveCfg = Release|Any CPU
		{4BF31E9E-E642-4F09-A057-580EC77C5A5F}.Release|x64.Build.0 = Release|Any CPU
		{4BF31E9E-E642-4F09-A057-580EC77C5A5F}.Release|x86.ActiveCfg = Release|Any CPU
		{4BF31E9E-E642-4F09-A057-580EC77C5A5F}.Release|x86.Build.0 = Release|Any CPU
		{A353EAC3-65A9-4708-A2EB-854F75697F32}.Debug|Any CPU.ActiveCfg = Debug|Any CPU
		{A353EAC3-65A9-4708-A2EB-854F75697F32}.Debug|Any CPU.Build.0 = Debug|Any CPU
		{A353EAC3-65A9-4708-A2EB-854F75697F32}.Debug|x64.ActiveCfg = Debug|Any CPU
		{A353EAC3-65A9-4708-A2EB-854F75697F32}.Debug|x64.Build.0 = Debug|Any CPU
		{A353EAC3-65A9-4708-A2EB-854F75697F32}.Debug|x86.ActiveCfg = Debug|Any CPU
		{A353EAC3-65A9-4708-A2EB-854F75697F32}.Debug|x86.Build.0 = Debug|Any CPU
		{A353EAC3-65A9-4708-A2EB-854F75697F32}.Release|Any CPU.ActiveCfg = Release|Any CPU
		{A353EAC3-65A9-4708-A2EB-854F75697F32}.Release|Any CPU.Build.0 = Release|Any CPU
		{A353EAC3-65A9-4708-A2EB-854F75697F32}.Release|x64.ActiveCfg = Release|Any CPU
		{A353EAC3-65A9-4708-A2EB-854F75697F32}.Release|x64.Build.0 = Release|Any CPU
		{A353EAC3-65A9-4708-A2EB-854F75697F32}.Release|x86.ActiveCfg = Release|Any CPU
		{A353EAC3-65A9-4708-A2EB-854F75697F32}.Release|x86.Build.0 = Release|Any CPU
	EndGlobalSection
	GlobalSection(SolutionProperties) = preSolution
		HideSolutionNode = FALSE
	EndGlobalSection
EndGlobal
