
Microsoft Visual Studio Solution File, Format Version 12.00
# Visual Studio Version 17
VisualStudioVersion = 17.6.33815.320
MinimumVisualStudioVersion = 10.0.40219.1
Project("{FAE04EC0-301F-11D3-BF4B-00C04F79EFBC}") = "ModularPipelines.Flux", "ModularPipelines.Flux.csproj", "{BBFC4328-B494-56B6-AF3F-AB0173EB362A}"
EndProject
Project("{FAE04EC0-301F-11D3-BF4B-00C04F79EFBC}") = "ModularPipelines", "..\ModularPipelines\ModularPipelines.csproj", "{913CAEF5-F03A-5911-BCFD-11F3066DAC19}"
EndProject
Project("{FAE04EC0-301F-11D3-BF4B-00C04F79EFBC}") = "ModularPipelines.Flux.UnitTests", "..\..\test\ModularPipelines.Flux.UnitTests\ModularPipelines.Flux.UnitTests.csproj", "{43DBC78B-BE91-48EA-B936-E94BBF2D29AE}"
EndProject
Project("{FAE04EC0-301F-11D3-BF4B-00C04F79EFBC}") = "ModularPipelines.TestHelpers", "..\..\test\ModularPipelines.TestHelpers\ModularPipelines.TestHelpers.csproj", "{20921A6F-679C-41F9-9AD9-B8A6C7C5DFF7}"
EndProject
Global
	GlobalSection(SolutionConfigurationPlatforms) = preSolution
		Debug|Any CPU = Debug|Any CPU
		Debug|x64 = Debug|x64
		Debug|x86 = Debug|x86
		Release|Any CPU = Release|Any CPU
		Release|x64 = Release|x64
		Release|x86 = Release|x86
	EndGlobalSection
	GlobalSection(ProjectConfigurationPlatforms) = postSolution
		{BBFC4328-B494-56B6-AF3F-AB0173EB362A}.Debug|Any CPU.ActiveCfg = Debug|Any CPU
		{BBFC4328-B494-56B6-AF3F-AB0173EB362A}.Debug|Any CPU.Build.0 = Debug|Any CPU
		{BBFC4328-B494-56B6-AF3F-AB0173EB362A}.Debug|x64.ActiveCfg = Debug|Any CPU
		{BBFC4328-B494-56B6-AF3F-AB0173EB362A}.Debug|x64.Build.0 = Debug|Any CPU
		{BBFC4328-B494-56B6-AF3F-AB0173EB362A}.Debug|x86.ActiveCfg = Debug|Any CPU
		{BBFC4328-B494-56B6-AF3F-AB0173EB362A}.Debug|x86.Build.0 = Debug|Any CPU
		{BBFC4328-B494-56B6-AF3F-AB0173EB362A}.Release|Any CPU.ActiveCfg = Release|Any CPU
		{BBFC4328-B494-56B6-AF3F-AB0173EB362A}.Release|Any CPU.Build.0 = Release|Any CPU
		{BBFC4328-B494-56B6-AF3F-AB0173EB362A}.Release|x64.ActiveCfg = Release|Any CPU
		{BBFC4328-B494-56B6-AF3F-AB0173EB362A}.Release|x64.Build.0 = Release|Any CPU
		{BBFC4328-B494-56B6-AF3F-AB0173EB362A}.Release|x86.ActiveCfg = Release|Any CPU
		{BBFC4328-B494-56B6-AF3F-AB0173EB362A}.Release|x86.Build.0 = Release|Any CPU
		{913CAEF5-F03A-5911-BCFD-11F3066DAC19}.Debug|Any CPU.ActiveCfg = Debug|Any CPU
		{913CAEF5-F03A-5911-BCFD-11F3066DAC19}.Debug|Any CPU.Build.0 = Debug|Any CPU
		{913CAEF5-F03A-5911-BCFD-11F3066DAC19}.Debug|x64.ActiveCfg = Debug|Any CPU
		{913CAEF5-F03A-5911-BCFD-11F3066DAC19}.Debug|x64.Build.0 = Debug|Any CPU
		{913CAEF5-F03A-5911-BCFD-11F3066DAC19}.Debug|x86.ActiveCfg = Debug|Any CPU
		{913CAEF5-F03A-5911-BCFD-11F3066DAC19}.Debug|x86.Build.0 = Debug|Any CPU
		{913CAEF5-F03A-5911-BCFD-11F3066DAC19}.Release|Any CPU.ActiveCfg = Release|Any CPU
		{913CAEF5-F03A-5911-BCFD-11F3066DAC19}.Release|Any CPU.Build.0 = Release|Any CPU
		{913CAEF5-F03A-5911-BCFD-11F3066DAC19}.Release|x64.ActiveCfg = Release|Any CPU
		{913CAEF5-F03A-5911-BCFD-11F3066DAC19}.Release|x64.Build.0 = Release|Any CPU
		{913CAEF5-F03A-5911-BCFD-11F3066DAC19}.Release|x86.ActiveCfg = Release|Any CPU
		{913CAEF5-F03A-5911-BCFD-11F3066DAC19}.Release|x86.Build.0 = Release|Any CPU
		{43DBC78B-BE91-48EA-B936-E94BBF2D29AE}.Debug|Any CPU.ActiveCfg = Debug|Any CPU
		{43DBC78B-BE91-48EA-B936-E94BBF2D29AE}.Debug|Any CPU.Build.0 = Debug|Any CPU
		{43DBC78B-BE91-48EA-B936-E94BBF2D29AE}.Debug|x64.ActiveCfg = Debug|Any CPU
		{43DBC78B-BE91-48EA-B936-E94BBF2D29AE}.Debug|x64.Build.0 = Debug|Any CPU
		{43DBC78B-BE91-48EA-B936-E94BBF2D29AE}.Debug|x86.ActiveCfg = Debug|Any CPU
		{43DBC78B-BE91-48EA-B936-E94BBF2D29AE}.Debug|x86.Build.0 = Debug|Any CPU
		{43DBC78B-BE91-48EA-B936-E94BBF2D29AE}.Release|Any CPU.ActiveCfg = Release|Any CPU
		{43DBC78B-BE91-48EA-B936-E94BBF2D29AE}.Release|Any CPU.Build.0 = Release|Any CPU
		{43DBC78B-BE91-48EA-B936-E94BBF2D29AE}.Release|x64.ActiveCfg = Release|Any CPU
		{43DBC78B-BE91-48EA-B936-E94BBF2D29AE}.Release|x64.Build.0 = Release|Any CPU
		{43DBC78B-BE91-48EA-B936-E94BBF2D29AE}.Release|x86.ActiveCfg = Release|Any CPU
		{43DBC78B-BE91-48EA-B936-E94BBF2D29AE}.Release|x86.Build.0 = Release|Any CPU
		{20921A6F-679C-41F9-9AD9-B8A6C7C5DFF7}.Debug|Any CPU.ActiveCfg = Debug|Any CPU
		{20921A6F-679C-41F9-9AD9-B8A6C7C5DFF7}.Debug|Any CPU.Build.0 = Debug|Any CPU
		{20921A6F-679C-41F9-9AD9-B8A6C7C5DFF7}.Debug|x64.ActiveCfg = Debug|Any CPU
		{20921A6F-679C-41F9-9AD9-B8A6C7C5DFF7}.Debug|x64.Build.0 = Debug|Any CPU
		{20921A6F-679C-41F9-9AD9-B8A6C7C5DFF7}.Debug|x86.ActiveCfg = Debug|Any CPU
		{20921A6F-679C-41F9-9AD9-B8A6C7C5DFF7}.Debug|x86.Build.0 = Debug|Any CPU
		{20921A6F-679C-41F9-9AD9-B8A6C7C5DFF7}.Release|Any CPU.ActiveCfg = Release|Any CPU
		{20921A6F-679C-41F9-9AD9-B8A6C7C5DFF7}.Release|Any CPU.Build.0 = Release|Any CPU
		{20921A6F-679C-41F9-9AD9-B8A6C7C5DFF7}.Release|x64.ActiveCfg = Release|Any CPU
		{20921A6F-679C-41F9-9AD9-B8A6C7C5DFF7}.Release|x64.Build.0 = Release|Any CPU
		{20921A6F-679C-41F9-9AD9-B8A6C7C5DFF7}.Release|x86.ActiveCfg = Release|Any CPU
		{20921A6F-679C-41F9-9AD9-B8A6C7C5DFF7}.Release|x86.Build.0 = Release|Any CPU
	EndGlobalSection
	GlobalSection(SolutionProperties) = preSolution
		HideSolutionNode = FALSE
	EndGlobalSection
EndGlobal
