
Microsoft Visual Studio Solution File, Format Version 12.00
# Visual Studio Version 17
VisualStudioVersion = 17.6.33815.320
MinimumVisualStudioVersion = 10.0.40219.1
Project("{FAE04EC0-301F-11D3-BF4B-00C04F79EFBC}") = "ModularPipelines.Cosign", "ModularPipelines.Cosign.csproj", "{E8E3D5CE-4CC1-5881-ACC4-7E24B3174F40}"
EndProject
Project("{FAE04EC0-301F-11D3-BF4B-00C04F79EFBC}") = "ModularPipelines", "..\ModularPipelines\ModularPipelines.csproj", "{913CAEF5-F03A-5911-BCFD-11F3066DAC19}"
EndProject
Project("{FAE04EC0-301F-11D3-BF4B-00C04F79EFBC}") = "ModularPipelines.Cosign.UnitTests", "..\..\test\ModularPipelines.Cosign.UnitTests\ModularPipelines.Cosign.UnitTests.csproj", "{AB8641E0-D8FB-4A8E-9500-1FD2D7CE8ACA}"
EndProject
Project("{FAE04EC0-301F-11D3-BF4B-00C04F79EFBC}") = "ModularPipelines.TestHelpers", "..\..\test\ModularPipelines.TestHelpers\ModularPipelines.TestHelpers.csproj", "{C3C2F3BE-0725-4E3A-B1B8-A41A3192FC41}"
EndProject
Global
	GlobalSection(SolutionConfigurationPlatforms) = preSolution
		Debug|Any CPU = Debug|Any CPU
		Debug|x64 = Debug|x64
		Debug|x86 = Debug|x86
		Release|Any CPU = Release|Any CPU
		Release|x64 = Release|x64
		Release|x86 = Release|x86
	EndGlobalSection
	GlobalSection(ProjectConfigurationPlatforms) = postSolution
		{E8E3D5CE-4CC1-5881-ACC4-7E24B3174F40}.Debug|Any CPU.ActiveCfg = Debug|Any CPU
		{E8E3D5CE-4CC1-5881-ACC4-7E24B3174F40}.Debug|Any CPU.Build.0 = Debug|Any CPU
		{E8E3D5CE-4CC1-5881-ACC4-7E24B3174F40}.Debug|x64.ActiveCfg = Debug|Any CPU
		{E8E3D5CE-4CC1-5881-ACC4-7E24B3174F40}.Debug|x64.Build.0 = Debug|Any CPU
		{E8E3D5CE-4CC1-5881-ACC4-7E24B3174F40}.Debug|x86.ActiveCfg = Debug|Any CPU
		{E8E3D5CE-4CC1-5881-ACC4-7E24B3174F40}.Debug|x86.Build.0 = Debug|Any CPU
		{E8E3D5CE-4CC1-5881-ACC4-7E24B3174F40}.Release|Any CPU.ActiveCfg = Release|Any CPU
		{E8E3D5CE-4CC1-5881-ACC4-7E24B3174F40}.Release|Any CPU.Build.0 = Release|Any CPU
		{E8E3D5CE-4CC1-5881-ACC4-7E24B3174F40}.Release|x64.ActiveCfg = Release|Any CPU
		{E8E3D5CE-4CC1-5881-ACC4-7E24B3174F40}.Release|x64.Build.0 = Release|Any CPU
		{E8E3D5CE-4CC1-5881-ACC4-7E24B3174F40}.Release|x86.ActiveCfg = Release|Any CPU
		{E8E3D5CE-4CC1-5881-ACC4-7E24B3174F40}.Release|x86.Build.0 = Release|Any CPU
		{913CAEF5-F03A-5911-BCFD-11F3066DAC19}.Debug|Any CPU.ActiveCfg = Debug|Any CPU
		{913CAEF5-F03A-5911-BCFD-11F3066DAC19}.Debug|Any CPU.Build.0 = Debug|Any CPU
		{913CAEF5-F03A-5911-BCFD-11F3066DAC19}.Debug|x64.ActiveCfg = Debug|Any CPU
		{913CAEF5-F03A-5911-BCFD-11F3066DAC19}.Debug|x64.Build.0 = Debug|Any CPU
		{913CAEF5-F03A-5911-BCFD-11F3066DAC19}.Debug|x86.ActiveCfg = Debug|Any CPU
		{913CAEF5-F03A-5911-BCFD-11F3066DAC19}.Debug|x86.Build.0 = Debug|Any CPU
		{913CAEF5-F03A-5911-BCFD-11F3066DAC19}.Release|Any CPU.ActiveCfg = Release|Any CPU
		{913CAEF5-F03A-5911-BCFD-11F3066DAC19}.Release|Any CPU.Build.0 = Release|Any CPU
		{913CAEF5-F03A-5911-BCFD-11F3066DAC19}.Release|x64.ActiveCfg = Release|Any CPU
		{913CAEF5-F03A-5911-BCFD-11F3066DAC19}.Release|x64.Build.0 = Release|Any CPU
		{913CAEF5-F03A-5911-BCFD-11F3066DAC19}.Release|x86.ActiveCfg = Release|Any CPU
		{913CAEF5-F03A-5911-BCFD-11F3066DAC19}.Release|x86.Build.0 = Release|Any CPU
		{AB8641E0-D8FB-4A8E-9500-1FD2D7CE8ACA}.Debug|Any CPU.ActiveCfg = Debug|Any CPU
		{AB8641E0-D8FB-4A8E-9500-1FD2D7CE8ACA}.Debug|Any CPU.Build.0 = Debug|Any CPU
		{AB8641E0-D8FB-4A8E-9500-1FD2D7CE8ACA}.Debug|x64.ActiveCfg = Debug|Any CPU
		{AB8641E0-D8FB-4A8E-9500-1FD2D7CE8ACA}.Debug|x64.Build.0 = Debug|Any CPU
		{AB8641E0-D8FB-4A8E-9500-1FD2D7CE8ACA}.Debug|x86.ActiveCfg = Debug|Any CPU
		{AB8641E0-D8FB-4A8E-9500-1FD2D7CE8ACA}.Debug|x86.Build.0 = Debug|Any CPU
		{AB8641E0-D8FB-4A8E-9500-1FD2D7CE8ACA}.Release|Any CPU.ActiveCfg = Release|Any CPU
		{AB8641E0-D8FB-4A8E-9500-1FD2D7CE8ACA}.Release|Any CPU.Build.0 = Release|Any CPU
		{AB8641E0-D8FB-4A8E-9500-1FD2D7CE8ACA}.Release|x64.ActiveCfg = Release|Any CPU
		{AB8641E0-D8FB-4A8E-9500-1FD2D7CE8ACA}.Release|x64.Build.0 = Release|Any CPU
		{AB8641E0-D8FB-4A8E-9500-1FD2D7CE8ACA}.Release|x86.ActiveCfg = Release|Any CPU
		{AB8641E0-D8FB-4A8E-9500-1FD2D7CE8ACA}.Release|x86.Build.0 = Release|Any CPU
		{C3C2F3BE-0725-4E3A-B1B8-A41A3192FC41}.Debug|Any CPU.ActiveCfg = Debug|Any CPU
		{C3C2F3BE-0725-4E3A-B1B8-A41A3192FC41}.Debug|Any CPU.Build.0 = Debug|Any CPU
		{C3C2F3BE-0725-4E3A-B1B8-A41A3192FC41}.Debug|x64.ActiveCfg = Debug|Any CPU
		{C3C2F3BE-0725-4E3A-B1B8-A41A3192FC41}.Debug|x64.Build.0 = Debug|Any CPU
		{C3C2F3BE-0725-4E3A-B1B8-A41A3192FC41}.Debug|x86.ActiveCfg = Debug|Any CPU
		{C3C2F3BE-0725-4E3A-B1B8-A41A3192FC41}.Debug|x86.Build.0 = Debug|Any CPU
		{C3C2F3BE-0725-4E3A-B1B8-A41A3192FC41}.Release|Any CPU.ActiveCfg = Release|Any CPU
		{C3C2F3BE-0725-4E3A-B1B8-A41A3192FC41}.Release|Any CPU.Build.0 = Release|Any CPU
		{C3C2F3BE-0725-4E3A-B1B8-A41A3192FC41}.Release|x64.ActiveCfg = Release|Any CPU
		{C3C2F3BE-0725-4E3A-B1B8-A41A3192FC41}.Release|x64.Build.0 = Release|Any CPU
		{C3C2F3BE-0725-4E3A-B1B8-A41A3192FC41}.Release|x86.ActiveCfg = Release|Any CPU
		{C3C2F3BE-0725-4E3A-B1B8-A41A3192FC41}.Release|x86.Build.0 = Release|Any CPU
	EndGlobalSection
	GlobalSection(SolutionProperties) = preSolution
		HideSolutionNode = FALSE
	EndGlobalSection
EndGlobal
