
Microsoft Visual Studio Solution File, Format Version 12.00
# Visual Studio Version 17
VisualStudioVersion = 17.0.31903.59
MinimumVisualStudioVersion = 10.0.40219.1
Project("{FAE04EC0-301F-11D3-BF4B-00C04F79EFBC}") = "ModularPipelines.NerdbankGitVersioning", "ModularPipelines.NerdbankGitVersioning.csproj", "{BA5FF1FC-F96B-4494-81E8-CE9C2D3275CF}"
EndProject
Project("{FAE04EC0-301F-11D3-BF4B-00C04F79EFBC}") = "ModularPipelines", "..\ModularPipelines\ModularPipelines.csproj", "{45738E8A-AD9F-4EEA-A082-C895578F78F0}"
EndProject
Project("{FAE04EC0-301F-11D3-BF4B-00C04F79EFBC}") = "ModularPipelines.NerdbankGitVersioning.UnitTests", "..\..\test\ModularPipelines.NerdbankGitVersioning.UnitTests\ModularPipelines.NerdbankGitVersioning.UnitTests.csproj", "{DED82B37-94DE-4316-BB8E-13F33C8E053F}"
EndProject
Project("{FAE04EC0-301F-11D3-BF4B-00C04F79EFBC}") = "ModularPipelines.TestHelpers", "..\..\test\ModularPipelines.TestHelpers\ModularPipelines.TestHelpers.csproj", "{40EE9088-B6AF-4F13-8CD5-CC013E1A8EF9}"
EndProject
Global
	GlobalSection(SolutionConfigurationPlatforms) = preSolution
		Debug|Any CPU = Debug|Any CPU
		Debug|x64 = Debug|x64
		Debug|x86 = Debug|x86
		Release|Any CPU = Release|Any CPU
		Release|x64 = Release|x64
		Release|x86 = Release|x86
	EndGlobalSection
	GlobalSection(ProjectConfigurationPlatforms) = postSolution
		{BA5FF1FC-F96B-4494-81E8-CE9C2D3275CF}.Debug|Any CPU.ActiveCfg = Debug|Any CPU
		{BA5FF1FC-F96B-4494-81E8-CE9C2D3275CF}.Debug|Any CPU.Build.0 = Debug|Any CPU
		{BA5FF1FC-F96B-4494-81E8-CE9C2D3275CF}.Debug|x64.ActiveCfg = Debug|Any CPU
		{BA5FF1FC-F96B-4494-81E8-CE9C2D3275CF}.Debug|x64.Build.0 = Debug|Any CPU
		{BA5FF1FC-F96B-4494-81E8-CE9C2D3275CF}.Debug|x86.ActiveCfg = Debug|Any CPU
		{BA5FF1FC-F96B-4494-81E8-CE9C2D3275CF}.Debug|x86.Build.0 = Debug|Any CPU
		{BA5FF1FC-F96B-4494-81E8-CE9C2D3275CF}.Release|Any CPU.ActiveCfg = Release|Any CPU
		{BA5FF1FC-F96B-4494-81E8-CE9C2D3275CF}.Release|Any CPU.Build.0 = Release|Any CPU
		{BA5FF1FC-F96B-4494-81E8-CE9C2D3275CF}.Release|x64.ActiveCfg = Release|Any CPU
		{BA5FF1FC-F96B-4494-81E8-CE9C2D3275CF}.Release|x64.Build.0 = Release|Any CPU
		{BA5FF1FC-F96B-4494-81E8-CE9C2D3275CF}.Release|x86.ActiveCfg = Release|Any CPU
		{BA5FF1FC-F96B-4494-81E8-CE9C2D3275CF}.Release|x86.Build.0 = Release|Any CPU
		{45738E8A-AD9F-4EEA-A082-C895578F78F0}.Debug|Any CPU.ActiveCfg = Debug|Any CPU
		{45738E8A-AD9F-4EEA-A082-C895578F78F0}.Debug|Any CPU.Build.0 = Debug|Any CPU
		{45738E8A-AD9F-4EEA-A082-C895578F78F0}.Debug|x64.ActiveCfg = Debug|Any CPU
		{45738E8A-AD9F-4EEA-A082-C895578F78F0}.Debug|x64.Build.0 = Debug|Any CPU
		{45738E8A-AD9F-4EEA-A082-C895578F78F0}.Debug|x86.ActiveCfg = Debug|Any CPU
		{45738E8A-AD9F-4EEA-A082-C895578F78F0}.Debug|x86.Build.0 = Debug|Any CPU
		{45738E8A-AD9F-4EEA-A082-C895578F78F0}.Release|Any CPU.ActiveCfg = Release|Any CPU
		{45738E8A-AD9F-4EEA-A082-C895578F78F0}.Release|Any CPU.Build.0 = Release|Any CPU
		{45738E8A-AD9F-4EEA-A082-C895578F78F0}.Release|x64.ActiveCfg = Release|Any CPU
		{45738E8A-AD9F-4EEA-A082-C895578F78F0}.Release|x64.Build.0 = Release|Any CPU
		{45738E8A-AD9F-4EEA-A082-C895578F78F0}.Release|x86.ActiveCfg = Release|Any CPU
		{45738E8A-AD9F-4EEA-A082-C895578F78F0}.Release|x86.Build.0 = Release|Any CPU
		{DED82B37-94DE-4316-BB8E-13F33C8E053F}.Debug|Any CPU.ActiveCfg = Debug|Any CPU
		{DED82B37-94DE-4316-BB8E-13F33C8E053F}.Debug|Any CPU.Build.0 = Debug|Any CPU
		{DED82B37-94DE-4316-BB8E-13F33C8E053F}.Debug|x64.ActiveCfg = Debug|Any CPU
		{DED82B37-94DE-4316-BB8E-13F33C8E053F}.Debug|x64.Build.0 = Debug|Any CPU
		{DED82B37-94DE-4316-BB8E-13F33C8E053F}.Debug|x86.ActiveCfg = Debug|Any CPU
		{DED82B37-94DE-4316-BB8E-13F33C8E053F}.Debug|x86.Build.0 = Debug|Any CPU
		{DED82B37-94DE-4316-BB8E-13F33C8E053F}.Release|Any CPU.ActiveCfg = Release|Any CPU
		{DED82B37-94DE-4316-BB8E-13F33C8E053F}.Release|Any CPU.Build.0 = Release|Any CPU
		{DED82B37-94DE-4316-BB8E-13F33C8E053F}.Release|x64.ActiveCfg = Release|Any CPU
		{DED82B37-94DE-4316-BB8E-13F33C8E053F}.Release|x64.Build.0 = Release|Any CPU
		{DED82B37-94DE-4316-BB8E-13F33C8E053F}.Release|x86.ActiveCfg = Release|Any CPU
		{DED82B37-94DE-4316-BB8E-13F33C8E053F}.Release|x86.Build.0 = Release|Any CPU
		{40EE9088-B6AF-4F13-8CD5-CC013E1A8EF9}.Debug|Any CPU.ActiveCfg = Debug|Any CPU
		{40EE9088-B6AF-4F13-8CD5-CC013E1A8EF9}.Debug|Any CPU.Build.0 = Debug|Any CPU
		{40EE9088-B6AF-4F13-8CD5-CC013E1A8EF9}.Debug|x64.ActiveCfg = Debug|Any CPU
		{40EE9088-B6AF-4F13-8CD5-CC013E1A8EF9}.Debug|x64.Build.0 = Debug|Any CPU
		{40EE9088-B6AF-4F13-8CD5-CC013E1A8EF9}.Debug|x86.ActiveCfg = Debug|Any CPU
		{40EE9088-B6AF-4F13-8CD5-CC013E1A8EF9}.Debug|x86.Build.0 = Debug|Any CPU
		{40EE9088-B6AF-4F13-8CD5-CC013E1A8EF9}.Release|Any CPU.ActiveCfg = Release|Any CPU
		{40EE9088-B6AF-4F13-8CD5-CC013E1A8EF9}.Release|Any CPU.Build.0 = Release|Any CPU
		{40EE9088-B6AF-4F13-8CD5-CC013E1A8EF9}.Release|x64.ActiveCfg = Release|Any CPU
		{40EE9088-B6AF-4F13-8CD5-CC013E1A8EF9}.Release|x64.Build.0 = Release|Any CPU
		{40EE9088-B6AF-4F13-8CD5-CC013E1A8EF9}.Release|x86.ActiveCfg = Release|Any CPU
		{40EE9088-B6AF-4F13-8CD5-CC013E1A8EF9}.Release|x86.Build.0 = Release|Any CPU
	EndGlobalSection
	GlobalSection(SolutionProperties) = preSolution
		HideSolutionNode = FALSE
	EndGlobalSection
EndGlobal
