
Microsoft Visual Studio Solution File, Format Version 12.00
# Visual Studio Version 17
VisualStudioVersion = 17.0.31903.59
MinimumVisualStudioVersion = 10.0.40219.1
Project("{FAE04EC0-301F-11D3-BF4B-00C04F79EFBC}") = "ModularPipelines.Testing", "ModularPipelines.Testing.csproj", "{46D7D33F-97AA-40FF-9EEF-AC21D8A9D0CC}"
EndProject
Project("{FAE04EC0-301F-11D3-BF4B-00C04F79EFBC}") = "ModularPipelines.Development.Analyzers", "..\ModularPipelines.Development.Analyzers\ModularPipelines.Development.Analyzers.csproj", "{B766C742-2653-4F6E-AC4F-8932FA080A54}"
EndProject
Project("{FAE04EC0-301F-11D3-BF4B-00C04F79EFBC}") = "ModularPipelines.SourceGenerator", "..\ModularPipelines.SourceGenerator\ModularPipelines.SourceGenerator.csproj", "{8A91D9C5-3966-42EC-A389-2D0C06C1CB68}"
EndProject
Project("{FAE04EC0-301F-11D3-BF4B-00C04F79EFBC}") = "ModularPipelines", "..\ModularPipelines\ModularPipelines.csproj", "{0B32F4EB-6A26-4D23-A584-367D26EFE913}"
EndProject
Project("{FAE04EC0-301F-11D3-BF4B-00C04F79EFBC}") = "ModularPipelines.Analyzers", "..\ModularPipelines.Analyzers\ModularPipelines.Analyzers\ModularPipelines.Analyzers.csproj", "{D0EF2827-D7B4-41B4-B60D-160783C64618}"
EndProject
Project("{FAE04EC0-301F-11D3-BF4B-00C04F79EFBC}") = "ModularPipelines.Analyzers.CodeFixes", "..\ModularPipelines.Analyzers\ModularPipelines.Analyzers.CodeFixes\ModularPipelines.Analyzers.CodeFixes.csproj", "{661A0D65-6117-41DA-8F5E-F6A02FB02134}"
EndProject
Project("{FAE04EC0-301F-11D3-BF4B-00C04F79EFBC}") = "ModularPipelines.Testing.UnitTests", "..\..\test\ModularPipelines.Testing.UnitTests\ModularPipelines.Testing.UnitTests.csproj", "{C6477AA3-9CA9-44E4-9B0B-757CB7BDC35C}"
EndProject
Global
	GlobalSection(SolutionConfigurationPlatforms) = preSolution
		Debug|Any CPU = Debug|Any CPU
		Debug|x64 = Debug|x64
		Debug|x86 = Debug|x86
		Release|Any CPU = Release|Any CPU
		Release|x64 = Release|x64
		Release|x86 = Release|x86
	EndGlobalSection
	GlobalSection(ProjectConfigurationPlatforms) = postSolution
		{46D7D33F-97AA-40FF-9EEF-AC21D8A9D0CC}.Debug|Any CPU.ActiveCfg = Debug|Any CPU
		{46D7D33F-97AA-40FF-9EEF-AC21D8A9D0CC}.Debug|Any CPU.Build.0 = Debug|Any CPU
		{46D7D33F-97AA-40FF-9EEF-AC21D8A9D0CC}.Debug|x64.ActiveCfg = Debug|Any CPU
		{46D7D33F-97AA-40FF-9EEF-AC21D8A9D0CC}.Debug|x64.Build.0 = Debug|Any CPU
		{46D7D33F-97AA-40FF-9EEF-AC21D8A9D0CC}.Debug|x86.ActiveCfg = Debug|Any CPU
		{46D7D33F-97AA-40FF-9EEF-AC21D8A9D0CC}.Debug|x86.Build.0 = Debug|Any CPU
		{46D7D33F-97AA-40FF-9EEF-AC21D8A9D0CC}.Release|Any CPU.ActiveCfg = Release|Any CPU
		{46D7D33F-97AA-40FF-9EEF-AC21D8A9D0CC}.Release|Any CPU.Build.0 = Release|Any CPU
		{46D7D33F-97AA-40FF-9EEF-AC21D8A9D0CC}.Release|x64.ActiveCfg = Release|Any CPU
		{46D7D33F-97AA-40FF-9EEF-AC21D8A9D0CC}.Release|x64.Build.0 = Release|Any CPU
		{46D7D33F-97AA-40FF-9EEF-AC21D8A9D0CC}.Release|x86.ActiveCfg = Release|Any CPU
		{46D7D33F-97AA-40FF-9EEF-AC21D8A9D0CC}.Release|x86.Build.0 = Release|Any CPU
		{B766C742-2653-4F6E-AC4F-8932FA080A54}.Debug|Any CPU.ActiveCfg = Debug|Any CPU
		{B766C742-2653-4F6E-AC4F-8932FA080A54}.Debug|Any CPU.Build.0 = Debug|Any CPU
		{B766C742-2653-4F6E-AC4F-8932FA080A54}.Debug|x64.ActiveCfg = Debug|Any CPU
		{B766C742-2653-4F6E-AC4F-8932FA080A54}.Debug|x64.Build.0 = Debug|Any CPU
		{B766C742-2653-4F6E-AC4F-8932FA080A54}.Debug|x86.ActiveCfg = Debug|Any CPU
		{B766C742-2653-4F6E-AC4F-8932FA080A54}.Debug|x86.Build.0 = Debug|Any CPU
		{B766C742-2653-4F6E-AC4F-8932FA080A54}.Release|Any CPU.ActiveCfg = Release|Any CPU
		{B766C742-2653-4F6E-AC4F-8932FA080A54}.Release|Any CPU.Build.0 = Release|Any CPU
		{B766C742-2653-4F6E-AC4F-8932FA080A54}.Release|x64.ActiveCfg = Release|Any CPU
		{B766C742-2653-4F6E-AC4F-8932FA080A54}.Release|x64.Build.0 = Release|Any CPU
		{B766C742-2653-4F6E-AC4F-8932FA080A54}.Release|x86.ActiveCfg = Release|Any CPU
		{B766C742-2653-4F6E-AC4F-8932FA080A54}.Release|x86.Build.0 = Release|Any CPU
		{8A91D9C5-3966-42EC-A389-2D0C06C1CB68}.Debug|Any CPU.ActiveCfg = Debug|Any CPU
		{8A91D9C5-3966-42EC-A389-2D0C06C1CB68}.Debug|Any CPU.Build.0 = Debug|Any CPU
		{8A91D9C5-3966-42EC-A389-2D0C06C1CB68}.Debug|x64.ActiveCfg = Debug|Any CPU
		{8A91D9C5-3966-42EC-A389-2D0C06C1CB68}.Debug|x64.Build.0 = Debug|Any CPU
		{8A91D9C5-3966-42EC-A389-2D0C06C1CB68}.Debug|x86.ActiveCfg = Debug|Any CPU
		{8A91D9C5-3966-42EC-A389-2D0C06C1CB68}.Debug|x86.Build.0 = Debug|Any CPU
		{8A91D9C5-3966-42EC-A389-2D0C06C1CB68}.Release|Any CPU.ActiveCfg = Release|Any CPU
		{8A91D9C5-3966-42EC-A389-2D0C06C1CB68}.Release|Any CPU.Build.0 = Release|Any CPU
		{8A91D9C5-3966-42EC-A389-2D0C06C1CB68}.Release|x64.ActiveCfg = Release|Any CPU
		{8A91D9C5-3966-42EC-A389-2D0C06C1CB68}.Release|x64.Build.0 = Release|Any CPU
		{8A91D9C5-3966-42EC-A389-2D0C06C1CB68}.Release|x86.ActiveCfg = Release|Any CPU
		{8A91D9C5-3966-42EC-A389-2D0C06C1CB68}.Release|x86.Build.0 = Release|Any CPU
		{0B32F4EB-6A26-4D23-A584-367D26EFE913}.Debug|Any CPU.ActiveCfg = Debug|Any CPU
		{0B32F4EB-6A26-4D23-A584-367D26EFE913}.Debug|Any CPU.Build.0 = Debug|Any CPU
		{0B32F4EB-6A26-4D23-A584-367D26EFE913}.Debug|x64.ActiveCfg = Debug|Any CPU
		{0B32F4EB-6A26-4D23-A584-367D26EFE913}.Debug|x64.Build.0 = Debug|Any CPU
		{0B32F4EB-6A26-4D23-A584-367D26EFE913}.Debug|x86.ActiveCfg = Debug|Any CPU
		{0B32F4EB-6A26-4D23-A584-367D26EFE913}.Debug|x86.Build.0 = Debug|Any CPU
		{0B32F4EB-6A26-4D23-A584-367D26EFE913}.Release|Any CPU.ActiveCfg = Release|Any CPU
		{0B32F4EB-6A26-4D23-A584-367D26EFE913}.Release|Any CPU.Build.0 = Release|Any CPU
		{0B32F4EB-6A26-4D23-A584-367D26EFE913}.Release|x64.ActiveCfg = Release|Any CPU
		{0B32F4EB-6A26-4D23-A584-367D26EFE913}.Release|x64.Build.0 = Release|Any CPU
		{0B32F4EB-6A26-4D23-A584-367D26EFE913}.Release|x86.ActiveCfg = Release|Any CPU
		{0B32F4EB-6A26-4D23-A584-367D26EFE913}.Release|x86.Build.0 = Release|Any CPU
		{D0EF2827-D7B4-41B4-B60D-160783C64618}.Debug|Any CPU.ActiveCfg = Debug|Any CPU
		{D0EF2827-D7B4-41B4-B60D-160783C64618}.Debug|Any CPU.Build.0 = Debug|Any CPU
		{D0EF2827-D7B4-41B4-B60D-160783C64618}.Debug|x64.ActiveCfg = Debug|Any CPU
		{D0EF2827-D7B4-41B4-B60D-160783C64618}.Debug|x64.Build.0 = Debug|Any CPU
		{D0EF2827-D7B4-41B4-B60D-160783C64618}.Debug|x86.ActiveCfg = Debug|Any CPU
		{D0EF2827-D7B4-41B4-B60D-160783C64618}.Debug|x86.Build.0 = Debug|Any CPU
		{D0EF2827-D7B4-41B4-B60D-160783C64618}.Release|Any CPU.ActiveCfg = Release|Any CPU
		{D0EF2827-D7B4-41B4-B60D-160783C64618}.Release|Any CPU.Build.0 = Release|Any CPU
		{D0EF2827-D7B4-41B4-B60D-160783C64618}.Release|x64.ActiveCfg = Release|Any CPU
		{D0EF2827-D7B4-41B4-B60D-160783C64618}.Release|x64.Build.0 = Release|Any CPU
		{D0EF2827-D7B4-41B4-B60D-160783C64618}.Release|x86.ActiveCfg = Release|Any CPU
		{D0EF2827-D7B4-41B4-B60D-160783C64618}.Release|x86.Build.0 = Release|Any CPU
		{661A0D65-6117-41DA-8F5E-F6A02FB02134}.Debug|Any CPU.ActiveCfg = Debug|Any CPU
		{661A0D65-6117-41DA-8F5E-F6A02FB02134}.Debug|Any CPU.Build.0 = Debug|Any CPU
		{661A0D65-6117-41DA-8F5E-F6A02FB02134}.Debug|x64.ActiveCfg = Debug|Any CPU
		{661A0D65-6117-41DA-8F5E-F6A02FB02134}.Debug|x64.Build.0 = Debug|Any CPU
		{661A0D65-6117-41DA-8F5E-F6A02FB02134}.Debug|x86.ActiveCfg = Debug|Any CPU
		{661A0D65-6117-41DA-8F5E-F6A02FB02134}.Debug|x86.Build.0 = Debug|Any CPU
		{661A0D65-6117-41DA-8F5E-F6A02FB02134}.Release|Any CPU.ActiveCfg = Release|Any CPU
		{661A0D65-6117-41DA-8F5E-F6A02FB02134}.Release|Any CPU.Build.0 = Release|Any CPU
		{661A0D65-6117-41DA-8F5E-F6A02FB02134}.Release|x64.ActiveCfg = Release|Any CPU
		{661A0D65-6117-41DA-8F5E-F6A02FB02134}.Release|x64.Build.0 = Release|Any CPU
		{661A0D65-6117-41DA-8F5E-F6A02FB02134}.Release|x86.ActiveCfg = Release|Any CPU
		{661A0D65-6117-41DA-8F5E-F6A02FB02134}.Release|x86.Build.0 = Release|Any CPU
		{C6477AA3-9CA9-44E4-9B0B-757CB7BDC35C}.Debug|Any CPU.ActiveCfg = Debug|Any CPU
		{C6477AA3-9CA9-44E4-9B0B-757CB7BDC35C}.Debug|Any CPU.Build.0 = Debug|Any CPU
		{C6477AA3-9CA9-44E4-9B0B-757CB7BDC35C}.Debug|x64.ActiveCfg = Debug|Any CPU
		{C6477AA3-9CA9-44E4-9B0B-757CB7BDC35C}.Debug|x64.Build.0 = Debug|Any CPU
		{C6477AA3-9CA9-44E4-9B0B-757CB7BDC35C}.Debug|x86.ActiveCfg = Debug|Any CPU
		{C6477AA3-9CA9-44E4-9B0B-757CB7BDC35C}.Debug|x86.Build.0 = Debug|Any CPU
		{C6477AA3-9CA9-44E4-9B0B-757CB7BDC35C}.Release|Any CPU.ActiveCfg = Release|Any CPU
		{C6477AA3-9CA9-44E4-9B0B-757CB7BDC35C}.Release|Any CPU.Build.0 = Release|Any CPU
		{C6477AA3-9CA9-44E4-9B0B-757CB7BDC35C}.Release|x64.ActiveCfg = Release|Any CPU
		{C6477AA3-9CA9-44E4-9B0B-757CB7BDC35C}.Release|x64.Build.0 = Release|Any CPU
		{C6477AA3-9CA9-44E4-9B0B-757CB7BDC35C}.Release|x86.ActiveCfg = Release|Any CPU
		{C6477AA3-9CA9-44E4-9B0B-757CB7BDC35C}.Release|x86.Build.0 = Release|Any CPU
	EndGlobalSection
	GlobalSection(SolutionProperties) = preSolution
		HideSolutionNode = FALSE
	EndGlobalSection
EndGlobal
