
Microsoft Visual Studio Solution File, Format Version 12.00
Project("{2150E333-8FDC-42A3-9474-1A3956D46DE8}") = "Test", "Test", "{E298808D-9900-4C28-967A-4734996A7520}"
EndProject
Project("{2150E333-8FDC-42A3-9474-1A3956D46DE8}") = "Source", "Source", "{02E7A396-8935-4E14-88EA-521C71A0717F}"
EndProject
Project("{FAE04EC0-301F-11D3-BF4B-00C04F79EFBC}") = "ModularPipelines.Azure", "ModularPipelines.Azure.csproj", "{9E9FAE42-6C1D-4A39-BA1B-CAD67760004A}"
EndProject
Project("{FAE04EC0-301F-11D3-BF4B-00C04F79EFBC}") = "ModularPipelines", "..\ModularPipelines\ModularPipelines.csproj", "{7A6FCCC1-A4A3-4F96-98EC-3401ABF6190E}"
EndProject
Project("{FAE04EC0-301F-11D3-BF4B-00C04F79EFBC}") = "ModularPipelines.TestHelpers", "..\..\test\ModularPipelines.TestHelpers\ModularPipelines.TestHelpers.csproj", "{C1E644A6-6062-469D-AA5E-56225D99A9F4}"
EndProject
Project("{FAE04EC0-301F-11D3-BF4B-00C04F79EFBC}") = "ModularPipelines.Azure.UnitTests", "..\..\test\ModularPipelines.Azure.UnitTests\ModularPipelines.Azure.UnitTests.csproj", "{D1909B6E-68B6-4CD7-A0E6-8C54048FFE54}"
EndProject
Global
	GlobalSection(SolutionConfigurationPlatforms) = preSolution
		Debug|Any CPU = Debug|Any CPU
		Release|Any CPU = Release|Any CPU
	EndGlobalSection
	GlobalSection(NestedProjects) = preSolution
		{9E9FAE42-6C1D-4A39-BA1B-CAD67760004A} = {02E7A396-8935-4E14-88EA-521C71A0717F}
		{7A6FCCC1-A4A3-4F96-98EC-3401ABF6190E} = {02E7A396-8935-4E14-88EA-521C71A0717F}
		{C1E644A6-6062-469D-AA5E-56225D99A9F4} = {E298808D-9900-4C28-967A-4734996A7520}
		{D1909B6E-68B6-4CD7-A0E6-8C54048FFE54} = {E298808D-9900-4C28-967A-4734996A7520}
	EndGlobalSection
	GlobalSection(ProjectConfigurationPlatforms) = postSolution
		{9E9FAE42-6C1D-4A39-BA1B-CAD67760004A}.Debug|Any CPU.ActiveCfg = Debug|Any CPU
		{9E9FAE42-6C1D-4A39-BA1B-CAD67760004A}.Debug|Any CPU.Build.0 = Debug|Any CPU
		{9E9FAE42-6C1D-4A39-BA1B-CAD67760004A}.Release|Any CPU.ActiveCfg = Release|Any CPU
		{9E9FAE42-6C1D-4A39-BA1B-CAD67760004A}.Release|Any CPU.Build.0 = Release|Any CPU
		{7A6FCCC1-A4A3-4F96-98EC-3401ABF6190E}.Debug|Any CPU.ActiveCfg = Debug|Any CPU
		{7A6FCCC1-A4A3-4F96-98EC-3401ABF6190E}.Debug|Any CPU.Build.0 = Debug|Any CPU
		{7A6FCCC1-A4A3-4F96-98EC-3401ABF6190E}.Release|Any CPU.ActiveCfg = Release|Any CPU
		{7A6FCCC1-A4A3-4F96-98EC-3401ABF6190E}.Release|Any CPU.Build.0 = Release|Any CPU
		{C1E644A6-6062-469D-AA5E-56225D99A9F4}.Debug|Any CPU.ActiveCfg = Debug|Any CPU
		{C1E644A6-6062-469D-AA5E-56225D99A9F4}.Debug|Any CPU.Build.0 = Debug|Any CPU
		{C1E644A6-6062-469D-AA5E-56225D99A9F4}.Release|Any CPU.ActiveCfg = Release|Any CPU
		{C1E644A6-6062-469D-AA5E-56225D99A9F4}.Release|Any CPU.Build.0 = Release|Any CPU
		{D1909B6E-68B6-4CD7-A0E6-8C54048FFE54}.Debug|Any CPU.ActiveCfg = Debug|Any CPU
		{D1909B6E-68B6-4CD7-A0E6-8C54048FFE54}.Debug|Any CPU.Build.0 = Debug|Any CPU
		{D1909B6E-68B6-4CD7-A0E6-8C54048FFE54}.Release|Any CPU.ActiveCfg = Release|Any CPU
		{D1909B6E-68B6-4CD7-A0E6-8C54048FFE54}.Release|Any CPU.Build.0 = Release|Any CPU
	EndGlobalSection
EndGlobal
