
Microsoft Visual Studio Solution File, Format Version 12.00
# Visual Studio Version 17
VisualStudioVersion = 17.6.33815.320
MinimumVisualStudioVersion = 10.0.40219.1
Project("{FAE04EC0-301F-11D3-BF4B-00C04F79EFBC}") = "ModularPipelines.Eksctl", "ModularPipelines.Eksctl.csproj", "{37A49B57-7FC7-568C-855C-F34EF74CFDF5}"
EndProject
Project("{FAE04EC0-301F-11D3-BF4B-00C04F79EFBC}") = "ModularPipelines", "..\ModularPipelines\ModularPipelines.csproj", "{913CAEF5-F03A-5911-BCFD-11F3066DAC19}"
EndProject
Project("{FAE04EC0-301F-11D3-BF4B-00C04F79EFBC}") = "ModularPipelines.Eksctl.UnitTests", "..\..\test\ModularPipelines.Eksctl.UnitTests\ModularPipelines.Eksctl.UnitTests.csproj", "{F12F9617-6459-43B9-9B0B-953731935EB8}"
EndProject
Project("{FAE04EC0-301F-11D3-BF4B-00C04F79EFBC}") = "ModularPipelines.TestHelpers", "..\..\test\ModularPipelines.TestHelpers\ModularPipelines.TestHelpers.csproj", "{E639F99C-21F2-47EE-A330-DC53F797CACB}"
EndProject
Global
	GlobalSection(SolutionConfigurationPlatforms) = preSolution
		Debug|Any CPU = Debug|Any CPU
		Debug|x64 = Debug|x64
		Debug|x86 = Debug|x86
		Release|Any CPU = Release|Any CPU
		Release|x64 = Release|x64
		Release|x86 = Release|x86
	EndGlobalSection
	GlobalSection(ProjectConfigurationPlatforms) = postSolution
		{37A49B57-7FC7-568C-855C-F34EF74CFDF5}.Debug|Any CPU.ActiveCfg = Debug|Any CPU
		{37A49B57-7FC7-568C-855C-F34EF74CFDF5}.Debug|Any CPU.Build.0 = Debug|Any CPU
		{37A49B57-7FC7-568C-855C-F34EF74CFDF5}.Debug|x64.ActiveCfg = Debug|Any CPU
		{37A49B57-7FC7-568C-855C-F34EF74CFDF5}.Debug|x64.Build.0 = Debug|Any CPU
		{37A49B57-7FC7-568C-855C-F34EF74CFDF5}.Debug|x86.ActiveCfg = Debug|Any CPU
		{37A49B57-7FC7-568C-855C-F34EF74CFDF5}.Debug|x86.Build.0 = Debug|Any CPU
		{37A49B57-7FC7-568C-855C-F34EF74CFDF5}.Release|Any CPU.ActiveCfg = Release|Any CPU
		{37A49B57-7FC7-568C-855C-F34EF74CFDF5}.Release|Any CPU.Build.0 = Release|Any CPU
		{37A49B57-7FC7-568C-855C-F34EF74CFDF5}.Release|x64.ActiveCfg = Release|Any CPU
		{37A49B57-7FC7-568C-855C-F34EF74CFDF5}.Release|x64.Build.0 = Release|Any CPU
		{37A49B57-7FC7-568C-855C-F34EF74CFDF5}.Release|x86.ActiveCfg = Release|Any CPU
		{37A49B57-7FC7-568C-855C-F34EF74CFDF5}.Release|x86.Build.0 = Release|Any CPU
		{913CAEF5-F03A-5911-BCFD-11F3066DAC19}.Debug|Any CPU.ActiveCfg = Debug|Any CPU
		{913CAEF5-F03A-5911-BCFD-11F3066DAC19}.Debug|Any CPU.Build.0 = Debug|Any CPU
		{913CAEF5-F03A-5911-BCFD-11F3066DAC19}.Debug|x64.ActiveCfg = Debug|Any CPU
		{913CAEF5-F03A-5911-BCFD-11F3066DAC19}.Debug|x64.Build.0 = Debug|Any CPU
		{913CAEF5-F03A-5911-BCFD-11F3066DAC19}.Debug|x86.ActiveCfg = Debug|Any CPU
		{913CAEF5-F03A-5911-BCFD-11F3066DAC19}.Debug|x86.Build.0 = Debug|Any CPU
		{913CAEF5-F03A-5911-BCFD-11F3066DAC19}.Release|Any CPU.ActiveCfg = Release|Any CPU
		{913CAEF5-F03A-5911-BCFD-11F3066DAC19}.Release|Any CPU.Build.0 = Release|Any CPU
		{913CAEF5-F03A-5911-BCFD-11F3066DAC19}.Release|x64.ActiveCfg = Release|Any CPU
		{913CAEF5-F03A-5911-BCFD-11F3066DAC19}.Release|x64.Build.0 = Release|Any CPU
		{913CAEF5-F03A-5911-BCFD-11F3066DAC19}.Release|x86.ActiveCfg = Release|Any CPU
		{913CAEF5-F03A-5911-BCFD-11F3066DAC19}.Release|x86.Build.0 = Release|Any CPU
		{F12F9617-6459-43B9-9B0B-953731935EB8}.Debug|Any CPU.ActiveCfg = Debug|Any CPU
		{F12F9617-6459-43B9-9B0B-953731935EB8}.Debug|Any CPU.Build.0 = Debug|Any CPU
		{F12F9617-6459-43B9-9B0B-953731935EB8}.Debug|x64.ActiveCfg = Debug|Any CPU
		{F12F9617-6459-43B9-9B0B-953731935EB8}.Debug|x64.Build.0 = Debug|Any CPU
		{F12F9617-6459-43B9-9B0B-953731935EB8}.Debug|x86.ActiveCfg = Debug|Any CPU
		{F12F9617-6459-43B9-9B0B-953731935EB8}.Debug|x86.Build.0 = Debug|Any CPU
		{F12F9617-6459-43B9-9B0B-953731935EB8}.Release|Any CPU.ActiveCfg = Release|Any CPU
		{F12F9617-6459-43B9-9B0B-953731935EB8}.Release|Any CPU.Build.0 = Release|Any CPU
		{F12F9617-6459-43B9-9B0B-953731935EB8}.Release|x64.ActiveCfg = Release|Any CPU
		{F12F9617-6459-43B9-9B0B-953731935EB8}.Release|x64.Build.0 = Release|Any CPU
		{F12F9617-6459-43B9-9B0B-953731935EB8}.Release|x86.ActiveCfg = Release|Any CPU
		{F12F9617-6459-43B9-9B0B-953731935EB8}.Release|x86.Build.0 = Release|Any CPU
		{E639F99C-21F2-47EE-A330-DC53F797CACB}.Debug|Any CPU.ActiveCfg = Debug|Any CPU
		{E639F99C-21F2-47EE-A330-DC53F797CACB}.Debug|Any CPU.Build.0 = Debug|Any CPU
		{E639F99C-21F2-47EE-A330-DC53F797CACB}.Debug|x64.ActiveCfg = Debug|Any CPU
		{E639F99C-21F2-47EE-A330-DC53F797CACB}.Debug|x64.Build.0 = Debug|Any CPU
		{E639F99C-21F2-47EE-A330-DC53F797CACB}.Debug|x86.ActiveCfg = Debug|Any CPU
		{E639F99C-21F2-47EE-A330-DC53F797CACB}.Debug|x86.Build.0 = Debug|Any CPU
		{E639F99C-21F2-47EE-A330-DC53F797CACB}.Release|Any CPU.ActiveCfg = Release|Any CPU
		{E639F99C-21F2-47EE-A330-DC53F797CACB}.Release|Any CPU.Build.0 = Release|Any CPU
		{E639F99C-21F2-47EE-A330-DC53F797CACB}.Release|x64.ActiveCfg = Release|Any CPU
		{E639F99C-21F2-47EE-A330-DC53F797CACB}.Release|x64.Build.0 = Release|Any CPU
		{E639F99C-21F2-47EE-A330-DC53F797CACB}.Release|x86.ActiveCfg = Release|Any CPU
		{E639F99C-21F2-47EE-A330-DC53F797CACB}.Release|x86.Build.0 = Release|Any CPU
	EndGlobalSection
	GlobalSection(SolutionProperties) = preSolution
		HideSolutionNode = FALSE
	EndGlobalSection
EndGlobal
