
Microsoft Visual Studio Solution File, Format Version 12.00
# Visual Studio Version 17
VisualStudioVersion = 17.6.33815.320
MinimumVisualStudioVersion = 10.0.40219.1
Project("{FAE04EC0-301F-11D3-BF4B-00C04F79EFBC}") = "ModularPipelines.Podman", "ModularPipelines.Podman.csproj", "{D08B6E30-914A-593B-AB40-6F345BDBE348}"
EndProject
Project("{FAE04EC0-301F-11D3-BF4B-00C04F79EFBC}") = "ModularPipelines", "..\ModularPipelines\ModularPipelines.csproj", "{913CAEF5-F03A-5911-BCFD-11F3066DAC19}"
EndProject
Project("{FAE04EC0-301F-11D3-BF4B-00C04F79EFBC}") = "ModularPipelines.Podman.UnitTests", "..\..\test\ModularPipelines.Podman.UnitTests\ModularPipelines.Podman.UnitTests.csproj", "{CD6717B7-DD95-40ED-A494-C58312BC51D1}"
EndProject
Project("{FAE04EC0-301F-11D3-BF4B-00C04F79EFBC}") = "ModularPipelines.TestHelpers", "..\..\test\ModularPipelines.TestHelpers\ModularPipelines.TestHelpers.csproj", "{1B9E86EB-48D8-4B0B-964B-086F9D5FE2BE}"
EndProject
Global
	GlobalSection(SolutionConfigurationPlatforms) = preSolution
		Debug|Any CPU = Debug|Any CPU
		Debug|x64 = Debug|x64
		Debug|x86 = Debug|x86
		Release|Any CPU = Release|Any CPU
		Release|x64 = Release|x64
		Release|x86 = Release|x86
	EndGlobalSection
	GlobalSection(ProjectConfigurationPlatforms) = postSolution
		{D08B6E30-914A-593B-AB40-6F345BDBE348}.Debug|Any CPU.ActiveCfg = Debug|Any CPU
		{D08B6E30-914A-593B-AB40-6F345BDBE348}.Debug|Any CPU.Build.0 = Debug|Any CPU
		{D08B6E30-914A-593B-AB40-6F345BDBE348}.Debug|x64.ActiveCfg = Debug|Any CPU
		{D08B6E30-914A-593B-AB40-6F345BDBE348}.Debug|x64.Build.0 = Debug|Any CPU
		{D08B6E30-914A-593B-AB40-6F345BDBE348}.Debug|x86.ActiveCfg = Debug|Any CPU
		{D08B6E30-914A-593B-AB40-6F345BDBE348}.Debug|x86.Build.0 = Debug|Any CPU
		{D08B6E30-914A-593B-AB40-6F345BDBE348}.Release|Any CPU.ActiveCfg = Release|Any CPU
		{D08B6E30-914A-593B-AB40-6F345BDBE348}.Release|Any CPU.Build.0 = Release|Any CPU
		{D08B6E30-914A-593B-AB40-6F345BDBE348}.Release|x64.ActiveCfg = Release|Any CPU
		{D08B6E30-914A-593B-AB40-6F345BDBE348}.Release|x64.Build.0 = Release|Any CPU
		{D08B6E30-914A-593B-AB40-6F345BDBE348}.Release|x86.ActiveCfg = Release|Any CPU
		{D08B6E30-914A-593B-AB40-6F345BDBE348}.Release|x86.Build.0 = Release|Any CPU
		{913CAEF5-F03A-5911-BCFD-11F3066DAC19}.Debug|Any CPU.ActiveCfg = Debug|Any CPU
		{913CAEF5-F03A-5911-BCFD-11F3066DAC19}.Debug|Any CPU.Build.0 = Debug|Any CPU
		{913CAEF5-F03A-5911-BCFD-11F3066DAC19}.Debug|x64.ActiveCfg = Debug|Any CPU
		{913CAEF5-F03A-5911-BCFD-11F3066DAC19}.Debug|x64.Build.0 = Debug|Any CPU
		{913CAEF5-F03A-5911-BCFD-11F3066DAC19}.Debug|x86.ActiveCfg = Debug|Any CPU
		{913CAEF5-F03A-5911-BCFD-11F3066DAC19}.Debug|x86.Build.0 = Debug|Any CPU
		{913CAEF5-F03A-5911-BCFD-11F3066DAC19}.Release|Any CPU.ActiveCfg = Release|Any CPU
		{913CAEF5-F03A-5911-BCFD-11F3066DAC19}.Release|Any CPU.Build.0 = Release|Any CPU
		{913CAEF5-F03A-5911-BCFD-11F3066DAC19}.Release|x64.ActiveCfg = Release|Any CPU
		{913CAEF5-F03A-5911-BCFD-11F3066DAC19}.Release|x64.Build.0 = Release|Any CPU
		{913CAEF5-F03A-5911-BCFD-11F3066DAC19}.Release|x86.ActiveCfg = Release|Any CPU
		{913CAEF5-F03A-5911-BCFD-11F3066DAC19}.Release|x86.Build.0 = Release|Any CPU
		{CD6717B7-DD95-40ED-A494-C58312BC51D1}.Debug|Any CPU.ActiveCfg = Debug|Any CPU
		{CD6717B7-DD95-40ED-A494-C58312BC51D1}.Debug|Any CPU.Build.0 = Debug|Any CPU
		{CD6717B7-DD95-40ED-A494-C58312BC51D1}.Debug|x64.ActiveCfg = Debug|Any CPU
		{CD6717B7-DD95-40ED-A494-C58312BC51D1}.Debug|x64.Build.0 = Debug|Any CPU
		{CD6717B7-DD95-40ED-A494-C58312BC51D1}.Debug|x86.ActiveCfg = Debug|Any CPU
		{CD6717B7-DD95-40ED-A494-C58312BC51D1}.Debug|x86.Build.0 = Debug|Any CPU
		{CD6717B7-DD95-40ED-A494-C58312BC51D1}.Release|Any CPU.ActiveCfg = Release|Any CPU
		{CD6717B7-DD95-40ED-A494-C58312BC51D1}.Release|Any CPU.Build.0 = Release|Any CPU
		{CD6717B7-DD95-40ED-A494-C58312BC51D1}.Release|x64.ActiveCfg = Release|Any CPU
		{CD6717B7-DD95-40ED-A494-C58312BC51D1}.Release|x64.Build.0 = Release|Any CPU
		{CD6717B7-DD95-40ED-A494-C58312BC51D1}.Release|x86.ActiveCfg = Release|Any CPU
		{CD6717B7-DD95-40ED-A494-C58312BC51D1}.Release|x86.Build.0 = Release|Any CPU
		{1B9E86EB-48D8-4B0B-964B-086F9D5FE2BE}.Debug|Any CPU.ActiveCfg = Debug|Any CPU
		{1B9E86EB-48D8-4B0B-964B-086F9D5FE2BE}.Debug|Any CPU.Build.0 = Debug|Any CPU
		{1B9E86EB-48D8-4B0B-964B-086F9D5FE2BE}.Debug|x64.ActiveCfg = Debug|Any CPU
		{1B9E86EB-48D8-4B0B-964B-086F9D5FE2BE}.Debug|x64.Build.0 = Debug|Any CPU
		{1B9E86EB-48D8-4B0B-964B-086F9D5FE2BE}.Debug|x86.ActiveCfg = Debug|Any CPU
		{1B9E86EB-48D8-4B0B-964B-086F9D5FE2BE}.Debug|x86.Build.0 = Debug|Any CPU
		{1B9E86EB-48D8-4B0B-964B-086F9D5FE2BE}.Release|Any CPU.ActiveCfg = Release|Any CPU
		{1B9E86EB-48D8-4B0B-964B-086F9D5FE2BE}.Release|Any CPU.Build.0 = Release|Any CPU
		{1B9E86EB-48D8-4B0B-964B-086F9D5FE2BE}.Release|x64.ActiveCfg = Release|Any CPU
		{1B9E86EB-48D8-4B0B-964B-086F9D5FE2BE}.Release|x64.Build.0 = Release|Any CPU
		{1B9E86EB-48D8-4B0B-964B-086F9D5FE2BE}.Release|x86.ActiveCfg = Release|Any CPU
		{1B9E86EB-48D8-4B0B-964B-086F9D5FE2BE}.Release|x86.Build.0 = Release|Any CPU
	EndGlobalSection
	GlobalSection(SolutionProperties) = preSolution
		HideSolutionNode = FALSE
	EndGlobalSection
EndGlobal
