<Solution>
  <Configurations>
    <Platform Name="Any CPU" />
    <Platform Name="x64" />
    <Platform Name="x86" />
  </Configurations>
  <Project Path="../ModularPipelines/ModularPipelines.csproj" />
  <Project Path="ModularPipelines.MicrosoftTeams.csproj" />
  <Project Path="../../test/ModularPipelines.MicrosoftTeams.UnitTests/ModularPipelines.MicrosoftTeams.UnitTests.csproj" />
</Solution>
