
Microsoft Visual Studio Solution File, Format Version 12.00
# Visual Studio Version 17
VisualStudioVersion = 17.6.33815.320
MinimumVisualStudioVersion = 10.0.40219.1
Project("{FAE04EC0-301F-11D3-BF4B-00C04F79EFBC}") = "ModularPipelines.Git", "ModularPipelines.Git.csproj", "{E7FC3BA0-4AB9-5365-AB3E-C83C21ADEE51}"
EndProject
Project("{FAE04EC0-301F-11D3-BF4B-00C04F79EFBC}") = "ModularPipelines", "..\ModularPipelines\ModularPipelines.csproj", "{913CAEF5-F03A-5911-BCFD-11F3066DAC19}"
EndProject
Project("{FAE04EC0-301F-11D3-BF4B-00C04F79EFBC}") = "ModularPipelines.Git.UnitTests", "..\..\test\ModularPipelines.Git.UnitTests\ModularPipelines.Git.UnitTests.csproj", "{7283C73A-7EA5-4943-A15A-2A440EC2E9E9}"
EndProject
Project("{FAE04EC0-301F-11D3-BF4B-00C04F79EFBC}") = "ModularPipelines.TestHelpers", "..\..\test\ModularPipelines.TestHelpers\ModularPipelines.TestHelpers.csproj", "{65DD8048-D72A-459E-AF5C-2CA18F26DEAA}"
EndProject
Global
	GlobalSection(SolutionConfigurationPlatforms) = preSolution
		Debug|Any CPU = Debug|Any CPU
		Debug|x64 = Debug|x64
		Debug|x86 = Debug|x86
		Release|Any CPU = Release|Any CPU
		Release|x64 = Release|x64
		Release|x86 = Release|x86
	EndGlobalSection
	GlobalSection(ProjectConfigurationPlatforms) = postSolution
		{E7FC3BA0-4AB9-5365-AB3E-C83C21ADEE51}.Debug|Any CPU.ActiveCfg = Debug|Any CPU
		{E7FC3BA0-4AB9-5365-AB3E-C83C21ADEE51}.Debug|Any CPU.Build.0 = Debug|Any CPU
		{E7FC3BA0-4AB9-5365-AB3E-C83C21ADEE51}.Debug|x64.ActiveCfg = Debug|Any CPU
		{E7FC3BA0-4AB9-5365-AB3E-C83C21ADEE51}.Debug|x64.Build.0 = Debug|Any CPU
		{E7FC3BA0-4AB9-5365-AB3E-C83C21ADEE51}.Debug|x86.ActiveCfg = Debug|Any CPU
		{E7FC3BA0-4AB9-5365-AB3E-C83C21ADEE51}.Debug|x86.Build.0 = Debug|Any CPU
		{E7FC3BA0-4AB9-5365-AB3E-C83C21ADEE51}.Release|Any CPU.ActiveCfg = Release|Any CPU
		{E7FC3BA0-4AB9-5365-AB3E-C83C21ADEE51}.Release|Any CPU.Build.0 = Release|Any CPU
		{E7FC3BA0-4AB9-5365-AB3E-C83C21ADEE51}.Release|x64.ActiveCfg = Release|Any CPU
		{E7FC3BA0-4AB9-5365-AB3E-C83C21ADEE51}.Release|x64.Build.0 = Release|Any CPU
		{E7FC3BA0-4AB9-5365-AB3E-C83C21ADEE51}.Release|x86.ActiveCfg = Release|Any CPU
		{E7FC3BA0-4AB9-5365-AB3E-C83C21ADEE51}.Release|x86.Build.0 = Release|Any CPU
		{913CAEF5-F03A-5911-BCFD-11F3066DAC19}.Debug|Any CPU.ActiveCfg = Debug|Any CPU
		{913CAEF5-F03A-5911-BCFD-11F3066DAC19}.Debug|Any CPU.Build.0 = Debug|Any CPU
		{913CAEF5-F03A-5911-BCFD-11F3066DAC19}.Debug|x64.ActiveCfg = Debug|Any CPU
		{913CAEF5-F03A-5911-BCFD-11F3066DAC19}.Debug|x64.Build.0 = Debug|Any CPU
		{913CAEF5-F03A-5911-BCFD-11F3066DAC19}.Debug|x86.ActiveCfg = Debug|Any CPU
		{913CAEF5-F03A-5911-BCFD-11F3066DAC19}.Debug|x86.Build.0 = Debug|Any CPU
		{913CAEF5-F03A-5911-BCFD-11F3066DAC19}.Release|Any CPU.ActiveCfg = Release|Any CPU
		{913CAEF5-F03A-5911-BCFD-11F3066DAC19}.Release|Any CPU.Build.0 = Release|Any CPU
		{913CAEF5-F03A-5911-BCFD-11F3066DAC19}.Release|x64.ActiveCfg = Release|Any CPU
		{913CAEF5-F03A-5911-BCFD-11F3066DAC19}.Release|x64.Build.0 = Release|Any CPU
		{913CAEF5-F03A-5911-BCFD-11F3066DAC19}.Release|x86.ActiveCfg = Release|Any CPU
		{913CAEF5-F03A-5911-BCFD-11F3066DAC19}.Release|x86.Build.0 = Release|Any CPU
		{7283C73A-7EA5-4943-A15A-2A440EC2E9E9}.Debug|Any CPU.ActiveCfg = Debug|Any CPU
		{7283C73A-7EA5-4943-A15A-2A440EC2E9E9}.Debug|Any CPU.Build.0 = Debug|Any CPU
		{7283C73A-7EA5-4943-A15A-2A440EC2E9E9}.Debug|x64.ActiveCfg = Debug|Any CPU
		{7283C73A-7EA5-4943-A15A-2A440EC2E9E9}.Debug|x64.Build.0 = Debug|Any CPU
		{7283C73A-7EA5-4943-A15A-2A440EC2E9E9}.Debug|x86.ActiveCfg = Debug|Any CPU
		{7283C73A-7EA5-4943-A15A-2A440EC2E9E9}.Debug|x86.Build.0 = Debug|Any CPU
		{7283C73A-7EA5-4943-A15A-2A440EC2E9E9}.Release|Any CPU.ActiveCfg = Release|Any CPU
		{7283C73A-7EA5-4943-A15A-2A440EC2E9E9}.Release|Any CPU.Build.0 = Release|Any CPU
		{7283C73A-7EA5-4943-A15A-2A440EC2E9E9}.Release|x64.ActiveCfg = Release|Any CPU
		{7283C73A-7EA5-4943-A15A-2A440EC2E9E9}.Release|x64.Build.0 = Release|Any CPU
		{7283C73A-7EA5-4943-A15A-2A440EC2E9E9}.Release|x86.ActiveCfg = Release|Any CPU
		{7283C73A-7EA5-4943-A15A-2A440EC2E9E9}.Release|x86.Build.0 = Release|Any CPU
		{65DD8048-D72A-459E-AF5C-2CA18F26DEAA}.Debug|Any CPU.ActiveCfg = Debug|Any CPU
		{65DD8048-D72A-459E-AF5C-2CA18F26DEAA}.Debug|Any CPU.Build.0 = Debug|Any CPU
		{65DD8048-D72A-459E-AF5C-2CA18F26DEAA}.Debug|x64.ActiveCfg = Debug|Any CPU
		{65DD8048-D72A-459E-AF5C-2CA18F26DEAA}.Debug|x64.Build.0 = Debug|Any CPU
		{65DD8048-D72A-459E-AF5C-2CA18F26DEAA}.Debug|x86.ActiveCfg = Debug|Any CPU
		{65DD8048-D72A-459E-AF5C-2CA18F26DEAA}.Debug|x86.Build.0 = Debug|Any CPU
		{65DD8048-D72A-459E-AF5C-2CA18F26DEAA}.Release|Any CPU.ActiveCfg = Release|Any CPU
		{65DD8048-D72A-459E-AF5C-2CA18F26DEAA}.Release|Any CPU.Build.0 = Release|Any CPU
		{65DD8048-D72A-459E-AF5C-2CA18F26DEAA}.Release|x64.ActiveCfg = Release|Any CPU
		{65DD8048-D72A-459E-AF5C-2CA18F26DEAA}.Release|x64.Build.0 = Release|Any CPU
		{65DD8048-D72A-459E-AF5C-2CA18F26DEAA}.Release|x86.ActiveCfg = Release|Any CPU
		{65DD8048-D72A-459E-AF5C-2CA18F26DEAA}.Release|x86.Build.0 = Release|Any CPU
	EndGlobalSection
	GlobalSection(SolutionProperties) = preSolution
		HideSolutionNode = FALSE
	EndGlobalSection
EndGlobal
