
Microsoft Visual Studio Solution File, Format Version 12.00
# Visual Studio Version 17
VisualStudioVersion = 17.6.33815.320
MinimumVisualStudioVersion = 10.0.40219.1
Project("{FAE04EC0-301F-11D3-BF4B-00C04F79EFBC}") = "ModularPipelines.Homebrew", "ModularPipelines.Homebrew.csproj", "{C597B09B-F45B-519B-8F89-A7A7E1C2430E}"
EndProject
Project("{FAE04EC0-301F-11D3-BF4B-00C04F79EFBC}") = "ModularPipelines", "..\ModularPipelines\ModularPipelines.csproj", "{913CAEF5-F03A-5911-BCFD-11F3066DAC19}"
EndProject
Project("{FAE04EC0-301F-11D3-BF4B-00C04F79EFBC}") = "ModularPipelines.Homebrew.UnitTests", "..\..\test\ModularPipelines.Homebrew.UnitTests\ModularPipelines.Homebrew.UnitTests.csproj", "{BD0E2DE1-FF0E-4CF9-A98A-36FE323CCDA8}"
EndProject
Project("{FAE04EC0-301F-11D3-BF4B-00C04F79EFBC}") = "ModularPipelines.TestHelpers", "..\..\test\ModularPipelines.TestHelpers\ModularPipelines.TestHelpers.csproj", "{F4DE320B-968C-426A-AB9E-74ABD45057D6}"
EndProject
Global
	GlobalSection(SolutionConfigurationPlatforms) = preSolution
		Debug|Any CPU = Debug|Any CPU
		Debug|x64 = Debug|x64
		Debug|x86 = Debug|x86
		Release|Any CPU = Release|Any CPU
		Release|x64 = Release|x64
		Release|x86 = Release|x86
	EndGlobalSection
	GlobalSection(ProjectConfigurationPlatforms) = postSolution
		{C597B09B-F45B-519B-8F89-A7A7E1C2430E}.Debug|Any CPU.ActiveCfg = Debug|Any CPU
		{C597B09B-F45B-519B-8F89-A7A7E1C2430E}.Debug|Any CPU.Build.0 = Debug|Any CPU
		{C597B09B-F45B-519B-8F89-A7A7E1C2430E}.Debug|x64.ActiveCfg = Debug|Any CPU
		{C597B09B-F45B-519B-8F89-A7A7E1C2430E}.Debug|x64.Build.0 = Debug|Any CPU
		{C597B09B-F45B-519B-8F89-A7A7E1C2430E}.Debug|x86.ActiveCfg = Debug|Any CPU
		{C597B09B-F45B-519B-8F89-A7A7E1C2430E}.Debug|x86.Build.0 = Debug|Any CPU
		{C597B09B-F45B-519B-8F89-A7A7E1C2430E}.Release|Any CPU.ActiveCfg = Release|Any CPU
		{C597B09B-F45B-519B-8F89-A7A7E1C2430E}.Release|Any CPU.Build.0 = Release|Any CPU
		{C597B09B-F45B-519B-8F89-A7A7E1C2430E}.Release|x64.ActiveCfg = Release|Any CPU
		{C597B09B-F45B-519B-8F89-A7A7E1C2430E}.Release|x64.Build.0 = Release|Any CPU
		{C597B09B-F45B-519B-8F89-A7A7E1C2430E}.Release|x86.ActiveCfg = Release|Any CPU
		{C597B09B-F45B-519B-8F89-A7A7E1C2430E}.Release|x86.Build.0 = Release|Any CPU
		{913CAEF5-F03A-5911-BCFD-11F3066DAC19}.Debug|Any CPU.ActiveCfg = Debug|Any CPU
		{913CAEF5-F03A-5911-BCFD-11F3066DAC19}.Debug|Any CPU.Build.0 = Debug|Any CPU
		{913CAEF5-F03A-5911-BCFD-11F3066DAC19}.Debug|x64.ActiveCfg = Debug|Any CPU
		{913CAEF5-F03A-5911-BCFD-11F3066DAC19}.Debug|x64.Build.0 = Debug|Any CPU
		{913CAEF5-F03A-5911-BCFD-11F3066DAC19}.Debug|x86.ActiveCfg = Debug|Any CPU
		{913CAEF5-F03A-5911-BCFD-11F3066DAC19}.Debug|x86.Build.0 = Debug|Any CPU
		{913CAEF5-F03A-5911-BCFD-11F3066DAC19}.Release|Any CPU.ActiveCfg = Release|Any CPU
		{913CAEF5-F03A-5911-BCFD-11F3066DAC19}.Release|Any CPU.Build.0 = Release|Any CPU
		{913CAEF5-F03A-5911-BCFD-11F3066DAC19}.Release|x64.ActiveCfg = Release|Any CPU
		{913CAEF5-F03A-5911-BCFD-11F3066DAC19}.Release|x64.Build.0 = Release|Any CPU
		{913CAEF5-F03A-5911-BCFD-11F3066DAC19}.Release|x86.ActiveCfg = Release|Any CPU
		{913CAEF5-F03A-5911-BCFD-11F3066DAC19}.Release|x86.Build.0 = Release|Any CPU
		{BD0E2DE1-FF0E-4CF9-A98A-36FE323CCDA8}.Debug|Any CPU.ActiveCfg = Debug|Any CPU
		{BD0E2DE1-FF0E-4CF9-A98A-36FE323CCDA8}.Debug|Any CPU.Build.0 = Debug|Any CPU
		{BD0E2DE1-FF0E-4CF9-A98A-36FE323CCDA8}.Debug|x64.ActiveCfg = Debug|Any CPU
		{BD0E2DE1-FF0E-4CF9-A98A-36FE323CCDA8}.Debug|x64.Build.0 = Debug|Any CPU
		{BD0E2DE1-FF0E-4CF9-A98A-36FE323CCDA8}.Debug|x86.ActiveCfg = Debug|Any CPU
		{BD0E2DE1-FF0E-4CF9-A98A-36FE323CCDA8}.Debug|x86.Build.0 = Debug|Any CPU
		{BD0E2DE1-FF0E-4CF9-A98A-36FE323CCDA8}.Release|Any CPU.ActiveCfg = Release|Any CPU
		{BD0E2DE1-FF0E-4CF9-A98A-36FE323CCDA8}.Release|Any CPU.Build.0 = Release|Any CPU
		{BD0E2DE1-FF0E-4CF9-A98A-36FE323CCDA8}.Release|x64.ActiveCfg = Release|Any CPU
		{BD0E2DE1-FF0E-4CF9-A98A-36FE323CCDA8}.Release|x64.Build.0 = Release|Any CPU
		{BD0E2DE1-FF0E-4CF9-A98A-36FE323CCDA8}.Release|x86.ActiveCfg = Release|Any CPU
		{BD0E2DE1-FF0E-4CF9-A98A-36FE323CCDA8}.Release|x86.Build.0 = Release|Any CPU
		{F4DE320B-968C-426A-AB9E-74ABD45057D6}.Debug|Any CPU.ActiveCfg = Debug|Any CPU
		{F4DE320B-968C-426A-AB9E-74ABD45057D6}.Debug|Any CPU.Build.0 = Debug|Any CPU
		{F4DE320B-968C-426A-AB9E-74ABD45057D6}.Debug|x64.ActiveCfg = Debug|Any CPU
		{F4DE320B-968C-426A-AB9E-74ABD45057D6}.Debug|x64.Build.0 = Debug|Any CPU
		{F4DE320B-968C-426A-AB9E-74ABD45057D6}.Debug|x86.ActiveCfg = Debug|Any CPU
		{F4DE320B-968C-426A-AB9E-74ABD45057D6}.Debug|x86.Build.0 = Debug|Any CPU
		{F4DE320B-968C-426A-AB9E-74ABD45057D6}.Release|Any CPU.ActiveCfg = Release|Any CPU
		{F4DE320B-968C-426A-AB9E-74ABD45057D6}.Release|Any CPU.Build.0 = Release|Any CPU
		{F4DE320B-968C-426A-AB9E-74ABD45057D6}.Release|x64.ActiveCfg = Release|Any CPU
		{F4DE320B-968C-426A-AB9E-74ABD45057D6}.Release|x64.Build.0 = Release|Any CPU
		{F4DE320B-968C-426A-AB9E-74ABD45057D6}.Release|x86.ActiveCfg = Release|Any CPU
		{F4DE320B-968C-426A-AB9E-74ABD45057D6}.Release|x86.Build.0 = Release|Any CPU
	EndGlobalSection
	GlobalSection(SolutionProperties) = preSolution
		HideSolutionNode = FALSE
	EndGlobalSection
EndGlobal
