
Microsoft Visual Studio Solution File, Format Version 12.00
Project("{2150E333-8FDC-42A3-9474-1A3956D46DE8}") = "Source", "Source", "{2F3EEFC9-4D3A-4394-96C9-BE42F65F30D6}"
EndProject
Project("{2150E333-8FDC-42A3-9474-1A3956D46DE8}") = "Test", "Test", "{34C1DDEE-65C6-4039-A451-36FA0F82C8A7}"
EndProject
Project("{FAE04EC0-301F-11D3-BF4B-00C04F79EFBC}") = "ModularPipelines.AmazonWebServices", "ModularPipelines.AmazonWebServices.csproj", "{E70B7189-9A0B-4D16-BA46-D7D1EA2D4500}"
EndProject
Project("{FAE04EC0-301F-11D3-BF4B-00C04F79EFBC}") = "ModularPipelines", "..\ModularPipelines\ModularPipelines.csproj", "{B777CDA3-D4E6-4ECC-9D95-4F0C64408834}"
EndProject
Global
	GlobalSection(SolutionConfigurationPlatforms) = preSolution
		Debug|Any CPU = Debug|Any CPU
		Release|Any CPU = Release|Any CPU
	EndGlobalSection
	GlobalSection(NestedProjects) = preSolution
		{E70B7189-9A0B-4D16-BA46-D7D1EA2D4500} = {2F3EEFC9-4D3A-4394-96C9-BE42F65F30D6}
		{B777CDA3-D4E6-4ECC-9D95-4F0C64408834} = {2F3EEFC9-4D3A-4394-96C9-BE42F65F30D6}
	EndGlobalSection
	GlobalSection(ProjectConfigurationPlatforms) = postSolution
		{E70B7189-9A0B-4D16-BA46-D7D1EA2D4500}.Debug|Any CPU.ActiveCfg = Debug|Any CPU
		{E70B7189-9A0B-4D16-BA46-D7D1EA2D4500}.Debug|Any CPU.Build.0 = Debug|Any CPU
		{E70B7189-9A0B-4D16-BA46-D7D1EA2D4500}.Release|Any CPU.ActiveCfg = Release|Any CPU
		{E70B7189-9A0B-4D16-BA46-D7D1EA2D4500}.Release|Any CPU.Build.0 = Release|Any CPU
		{B777CDA3-D4E6-4ECC-9D95-4F0C64408834}.Debug|Any CPU.ActiveCfg = Debug|Any CPU
		{B777CDA3-D4E6-4ECC-9D95-4F0C64408834}.Debug|Any CPU.Build.0 = Debug|Any CPU
		{B777CDA3-D4E6-4ECC-9D95-4F0C64408834}.Release|Any CPU.ActiveCfg = Release|Any CPU
		{B777CDA3-D4E6-4ECC-9D95-4F0C64408834}.Release|Any CPU.Build.0 = Release|Any CPU
	EndGlobalSection
EndGlobal
