
Microsoft Visual Studio Solution File, Format Version 12.00
# Visual Studio Version 17
VisualStudioVersion = 17.6.33815.320
MinimumVisualStudioVersion = 10.0.40219.1
Project("{FAE04EC0-301F-11D3-BF4B-00C04F79EFBC}") = "ModularPipelines.Buildah", "ModularPipelines.Buildah.csproj", "{D96FA246-C1E2-53F4-979C-628A7B92C40D}"
EndProject
Project("{FAE04EC0-301F-11D3-BF4B-00C04F79EFBC}") = "ModularPipelines", "..\ModularPipelines\ModularPipelines.csproj", "{913CAEF5-F03A-5911-BCFD-11F3066DAC19}"
EndProject
Project("{FAE04EC0-301F-11D3-BF4B-00C04F79EFBC}") = "ModularPipelines.Buildah.UnitTests", "..\..\test\ModularPipelines.Buildah.UnitTests\ModularPipelines.Buildah.UnitTests.csproj", "{5D144099-9A3F-467A-9DC8-CA5B22186CA7}"
EndProject
Project("{FAE04EC0-301F-11D3-BF4B-00C04F79EFBC}") = "ModularPipelines.TestHelpers", "..\..\test\ModularPipelines.TestHelpers\ModularPipelines.TestHelpers.csproj", "{D7D496AB-26F1-4497-8103-3D1577B59411}"
EndProject
Global
	GlobalSection(SolutionConfigurationPlatforms) = preSolution
		Debug|Any CPU = Debug|Any CPU
		Debug|x64 = Debug|x64
		Debug|x86 = Debug|x86
		Release|Any CPU = Release|Any CPU
		Release|x64 = Release|x64
		Release|x86 = Release|x86
	EndGlobalSection
	GlobalSection(ProjectConfigurationPlatforms) = postSolution
		{D96FA246-C1E2-53F4-979C-628A7B92C40D}.Debug|Any CPU.ActiveCfg = Debug|Any CPU
		{D96FA246-C1E2-53F4-979C-628A7B92C40D}.Debug|Any CPU.Build.0 = Debug|Any CPU
		{D96FA246-C1E2-53F4-979C-628A7B92C40D}.Debug|x64.ActiveCfg = Debug|Any CPU
		{D96FA246-C1E2-53F4-979C-628A7B92C40D}.Debug|x64.Build.0 = Debug|Any CPU
		{D96FA246-C1E2-53F4-979C-628A7B92C40D}.Debug|x86.ActiveCfg = Debug|Any CPU
		{D96FA246-C1E2-53F4-979C-628A7B92C40D}.Debug|x86.Build.0 = Debug|Any CPU
		{D96FA246-C1E2-53F4-979C-628A7B92C40D}.Release|Any CPU.ActiveCfg = Release|Any CPU
		{D96FA246-C1E2-53F4-979C-628A7B92C40D}.Release|Any CPU.Build.0 = Release|Any CPU
		{D96FA246-C1E2-53F4-979C-628A7B92C40D}.Release|x64.ActiveCfg = Release|Any CPU
		{D96FA246-C1E2-53F4-979C-628A7B92C40D}.Release|x64.Build.0 = Release|Any CPU
		{D96FA246-C1E2-53F4-979C-628A7B92C40D}.Release|x86.ActiveCfg = Release|Any CPU
		{D96FA246-C1E2-53F4-979C-628A7B92C40D}.Release|x86.Build.0 = Release|Any CPU
		{913CAEF5-F03A-5911-BCFD-11F3066DAC19}.Debug|Any CPU.ActiveCfg = Debug|Any CPU
		{913CAEF5-F03A-5911-BCFD-11F3066DAC19}.Debug|Any CPU.Build.0 = Debug|Any CPU
		{913CAEF5-F03A-5911-BCFD-11F3066DAC19}.Debug|x64.ActiveCfg = Debug|Any CPU
		{913CAEF5-F03A-5911-BCFD-11F3066DAC19}.Debug|x64.Build.0 = Debug|Any CPU
		{913CAEF5-F03A-5911-BCFD-11F3066DAC19}.Debug|x86.ActiveCfg = Debug|Any CPU
		{913CAEF5-F03A-5911-BCFD-11F3066DAC19}.Debug|x86.Build.0 = Debug|Any CPU
		{913CAEF5-F03A-5911-BCFD-11F3066DAC19}.Release|Any CPU.ActiveCfg = Release|Any CPU
		{913CAEF5-F03A-5911-BCFD-11F3066DAC19}.Release|Any CPU.Build.0 = Release|Any CPU
		{913CAEF5-F03A-5911-BCFD-11F3066DAC19}.Release|x64.ActiveCfg = Release|Any CPU
		{913CAEF5-F03A-5911-BCFD-11F3066DAC19}.Release|x64.Build.0 = Release|Any CPU
		{913CAEF5-F03A-5911-BCFD-11F3066DAC19}.Release|x86.ActiveCfg = Release|Any CPU
		{913CAEF5-F03A-5911-BCFD-11F3066DAC19}.Release|x86.Build.0 = Release|Any CPU
		{5D144099-9A3F-467A-9DC8-CA5B22186CA7}.Debug|Any CPU.ActiveCfg = Debug|Any CPU
		{5D144099-9A3F-467A-9DC8-CA5B22186CA7}.Debug|Any CPU.Build.0 = Debug|Any CPU
		{5D144099-9A3F-467A-9DC8-CA5B22186CA7}.Debug|x64.ActiveCfg = Debug|Any CPU
		{5D144099-9A3F-467A-9DC8-CA5B22186CA7}.Debug|x64.Build.0 = Debug|Any CPU
		{5D144099-9A3F-467A-9DC8-CA5B22186CA7}.Debug|x86.ActiveCfg = Debug|Any CPU
		{5D144099-9A3F-467A-9DC8-CA5B22186CA7}.Debug|x86.Build.0 = Debug|Any CPU
		{5D144099-9A3F-467A-9DC8-CA5B22186CA7}.Release|Any CPU.ActiveCfg = Release|Any CPU
		{5D144099-9A3F-467A-9DC8-CA5B22186CA7}.Release|Any CPU.Build.0 = Release|Any CPU
		{5D144099-9A3F-467A-9DC8-CA5B22186CA7}.Release|x64.ActiveCfg = Release|Any CPU
		{5D144099-9A3F-467A-9DC8-CA5B22186CA7}.Release|x64.Build.0 = Release|Any CPU
		{5D144099-9A3F-467A-9DC8-CA5B22186CA7}.Release|x86.ActiveCfg = Release|Any CPU
		{5D144099-9A3F-467A-9DC8-CA5B22186CA7}.Release|x86.Build.0 = Release|Any CPU
		{D7D496AB-26F1-4497-8103-3D1577B59411}.Debug|Any CPU.ActiveCfg = Debug|Any CPU
		{D7D496AB-26F1-4497-8103-3D1577B59411}.Debug|Any CPU.Build.0 = Debug|Any CPU
		{D7D496AB-26F1-4497-8103-3D1577B59411}.Debug|x64.ActiveCfg = Debug|Any CPU
		{D7D496AB-26F1-4497-8103-3D1577B59411}.Debug|x64.Build.0 = Debug|Any CPU
		{D7D496AB-26F1-4497-8103-3D1577B59411}.Debug|x86.ActiveCfg = Debug|Any CPU
		{D7D496AB-26F1-4497-8103-3D1577B59411}.Debug|x86.Build.0 = Debug|Any CPU
		{D7D496AB-26F1-4497-8103-3D1577B59411}.Release|Any CPU.ActiveCfg = Release|Any CPU
		{D7D496AB-26F1-4497-8103-3D1577B59411}.Release|Any CPU.Build.0 = Release|Any CPU
		{D7D496AB-26F1-4497-8103-3D1577B59411}.Release|x64.ActiveCfg = Release|Any CPU
		{D7D496AB-26F1-4497-8103-3D1577B59411}.Release|x64.Build.0 = Release|Any CPU
		{D7D496AB-26F1-4497-8103-3D1577B59411}.Release|x86.ActiveCfg = Release|Any CPU
		{D7D496AB-26F1-4497-8103-3D1577B59411}.Release|x86.Build.0 = Release|Any CPU
	EndGlobalSection
	GlobalSection(SolutionProperties) = preSolution
		HideSolutionNode = FALSE
	EndGlobalSection
EndGlobal
