
Microsoft Visual Studio Solution File, Format Version 12.00
# Visual Studio Version 17
VisualStudioVersion = 17.6.33815.320
MinimumVisualStudioVersion = 10.0.40219.1
Project("{FAE04EC0-301F-11D3-BF4B-00C04F79EFBC}") = "ModularPipelines.Java", "ModularPipelines.Java.csproj", "{E230ABCC-32F8-5177-A10B-1985D483206D}"
EndProject
Project("{FAE04EC0-301F-11D3-BF4B-00C04F79EFBC}") = "ModularPipelines", "..\ModularPipelines\ModularPipelines.csproj", "{913CAEF5-F03A-5911-BCFD-11F3066DAC19}"
EndProject
Project("{FAE04EC0-301F-11D3-BF4B-00C04F79EFBC}") = "ModularPipelines.Java.UnitTests", "..\..\test\ModularPipelines.Java.UnitTests\ModularPipelines.Java.UnitTests.csproj", "{4BFA7F6B-C968-41BF-916C-CFAFEA04D998}"
EndProject
Project("{FAE04EC0-301F-11D3-BF4B-00C04F79EFBC}") = "ModularPipelines.TestHelpers", "..\..\test\ModularPipelines.TestHelpers\ModularPipelines.TestHelpers.csproj", "{169B1D74-6B8F-4E53-820F-606354436839}"
EndProject
Global
	GlobalSection(SolutionConfigurationPlatforms) = preSolution
		Debug|Any CPU = Debug|Any CPU
		Debug|x64 = Debug|x64
		Debug|x86 = Debug|x86
		Release|Any CPU = Release|Any CPU
		Release|x64 = Release|x64
		Release|x86 = Release|x86
	EndGlobalSection
	GlobalSection(ProjectConfigurationPlatforms) = postSolution
		{E230ABCC-32F8-5177-A10B-1985D483206D}.Debug|Any CPU.ActiveCfg = Debug|Any CPU
		{E230ABCC-32F8-5177-A10B-1985D483206D}.Debug|Any CPU.Build.0 = Debug|Any CPU
		{E230ABCC-32F8-5177-A10B-1985D483206D}.Debug|x64.ActiveCfg = Debug|Any CPU
		{E230ABCC-32F8-5177-A10B-1985D483206D}.Debug|x64.Build.0 = Debug|Any CPU
		{E230ABCC-32F8-5177-A10B-1985D483206D}.Debug|x86.ActiveCfg = Debug|Any CPU
		{E230ABCC-32F8-5177-A10B-1985D483206D}.Debug|x86.Build.0 = Debug|Any CPU
		{E230ABCC-32F8-5177-A10B-1985D483206D}.Release|Any CPU.ActiveCfg = Release|Any CPU
		{E230ABCC-32F8-5177-A10B-1985D483206D}.Release|Any CPU.Build.0 = Release|Any CPU
		{E230ABCC-32F8-5177-A10B-1985D483206D}.Release|x64.ActiveCfg = Release|Any CPU
		{E230ABCC-32F8-5177-A10B-1985D483206D}.Release|x64.Build.0 = Release|Any CPU
		{E230ABCC-32F8-5177-A10B-1985D483206D}.Release|x86.ActiveCfg = Release|Any CPU
		{E230ABCC-32F8-5177-A10B-1985D483206D}.Release|x86.Build.0 = Release|Any CPU
		{913CAEF5-F03A-5911-BCFD-11F3066DAC19}.Debug|Any CPU.ActiveCfg = Debug|Any CPU
		{913CAEF5-F03A-5911-BCFD-11F3066DAC19}.Debug|Any CPU.Build.0 = Debug|Any CPU
		{913CAEF5-F03A-5911-BCFD-11F3066DAC19}.Debug|x64.ActiveCfg = Debug|Any CPU
		{913CAEF5-F03A-5911-BCFD-11F3066DAC19}.Debug|x64.Build.0 = Debug|Any CPU
		{913CAEF5-F03A-5911-BCFD-11F3066DAC19}.Debug|x86.ActiveCfg = Debug|Any CPU
		{913CAEF5-F03A-5911-BCFD-11F3066DAC19}.Debug|x86.Build.0 = Debug|Any CPU
		{913CAEF5-F03A-5911-BCFD-11F3066DAC19}.Release|Any CPU.ActiveCfg = Release|Any CPU
		{913CAEF5-F03A-5911-BCFD-11F3066DAC19}.Release|Any CPU.Build.0 = Release|Any CPU
		{913CAEF5-F03A-5911-BCFD-11F3066DAC19}.Release|x64.ActiveCfg = Release|Any CPU
		{913CAEF5-F03A-5911-BCFD-11F3066DAC19}.Release|x64.Build.0 = Release|Any CPU
		{913CAEF5-F03A-5911-BCFD-11F3066DAC19}.Release|x86.ActiveCfg = Release|Any CPU
		{913CAEF5-F03A-5911-BCFD-11F3066DAC19}.Release|x86.Build.0 = Release|Any CPU
		{4BFA7F6B-C968-41BF-916C-CFAFEA04D998}.Debug|Any CPU.ActiveCfg = Debug|Any CPU
		{4BFA7F6B-C968-41BF-916C-CFAFEA04D998}.Debug|Any CPU.Build.0 = Debug|Any CPU
		{4BFA7F6B-C968-41BF-916C-CFAFEA04D998}.Debug|x64.ActiveCfg = Debug|Any CPU
		{4BFA7F6B-C968-41BF-916C-CFAFEA04D998}.Debug|x64.Build.0 = Debug|Any CPU
		{4BFA7F6B-C968-41BF-916C-CFAFEA04D998}.Debug|x86.ActiveCfg = Debug|Any CPU
		{4BFA7F6B-C968-41BF-916C-CFAFEA04D998}.Debug|x86.Build.0 = Debug|Any CPU
		{4BFA7F6B-C968-41BF-916C-CFAFEA04D998}.Release|Any CPU.ActiveCfg = Release|Any CPU
		{4BFA7F6B-C968-41BF-916C-CFAFEA04D998}.Release|Any CPU.Build.0 = Release|Any CPU
		{4BFA7F6B-C968-41BF-916C-CFAFEA04D998}.Release|x64.ActiveCfg = Release|Any CPU
		{4BFA7F6B-C968-41BF-916C-CFAFEA04D998}.Release|x64.Build.0 = Release|Any CPU
		{4BFA7F6B-C968-41BF-916C-CFAFEA04D998}.Release|x86.ActiveCfg = Release|Any CPU
		{4BFA7F6B-C968-41BF-916C-CFAFEA04D998}.Release|x86.Build.0 = Release|Any CPU
		{169B1D74-6B8F-4E53-820F-606354436839}.Debug|Any CPU.ActiveCfg = Debug|Any CPU
		{169B1D74-6B8F-4E53-820F-606354436839}.Debug|Any CPU.Build.0 = Debug|Any CPU
		{169B1D74-6B8F-4E53-820F-606354436839}.Debug|x64.ActiveCfg = Debug|Any CPU
		{169B1D74-6B8F-4E53-820F-606354436839}.Debug|x64.Build.0 = Debug|Any CPU
		{169B1D74-6B8F-4E53-820F-606354436839}.Debug|x86.ActiveCfg = Debug|Any CPU
		{169B1D74-6B8F-4E53-820F-606354436839}.Debug|x86.Build.0 = Debug|Any CPU
		{169B1D74-6B8F-4E53-820F-606354436839}.Release|Any CPU.ActiveCfg = Release|Any CPU
		{169B1D74-6B8F-4E53-820F-606354436839}.Release|Any CPU.Build.0 = Release|Any CPU
		{169B1D74-6B8F-4E53-820F-606354436839}.Release|x64.ActiveCfg = Release|Any CPU
		{169B1D74-6B8F-4E53-820F-606354436839}.Release|x64.Build.0 = Release|Any CPU
		{169B1D74-6B8F-4E53-820F-606354436839}.Release|x86.ActiveCfg = Release|Any CPU
		{169B1D74-6B8F-4E53-820F-606354436839}.Release|x86.Build.0 = Release|Any CPU
	EndGlobalSection
	GlobalSection(SolutionProperties) = preSolution
		HideSolutionNode = FALSE
	EndGlobalSection
EndGlobal
