Microsoft Visual Studio Solution File, Format Version 12.00
# Visual Studio Version 17
VisualStudioVersion = 17.6.33815.320
MinimumVisualStudioVersion = 10.0.40219.1
Project("{FAE04EC0-301F-11D3-BF4B-00C04F79EFBC}") = "ModularPipelines.Vault", "ModularPipelines.Vault.csproj", "{522D2B7A-A7C2-5E59-899D-07541A9039C7}"
EndProject
Project("{FAE04EC0-301F-11D3-BF4B-00C04F79EFBC}") = "ModularPipelines", "..\ModularPipelines\ModularPipelines.csproj", "{913CAEF5-F03A-5911-BCFD-11F3066DAC19}"
EndProject
Global
	GlobalSection(SolutionConfigurationPlatforms) = preSolution
		Debug|Any CPU = Debug|Any CPU
		Debug|x64 = Debug|x64
		Debug|x86 = Debug|x86
		Release|Any CPU = Release|Any CPU
		Release|x64 = Release|x64
		Release|x86 = Release|x86
	EndGlobalSection
	GlobalSection(SolutionProperties) = preSolution
		HideSolutionNode = FALSE
	EndGlobalSection
	GlobalSection(ProjectConfigurationPlatforms) = postSolution
		{522D2B7A-A7C2-5E59-899D-07541A9039C7}.Debug|Any CPU.ActiveCfg = Debug|Any CPU
		{522D2B7A-A7C2-5E59-899D-07541A9039C7}.Debug|Any CPU.Build.0 = Debug|Any CPU
		{522D2B7A-A7C2-5E59-899D-07541A9039C7}.Debug|x64.ActiveCfg = Debug|Any CPU
		{522D2B7A-A7C2-5E59-899D-07541A9039C7}.Debug|x64.Build.0 = Debug|Any CPU
		{522D2B7A-A7C2-5E59-899D-07541A9039C7}.Debug|x86.ActiveCfg = Debug|Any CPU
		{522D2B7A-A7C2-5E59-899D-07541A9039C7}.Debug|x86.Build.0 = Debug|Any CPU
		{522D2B7A-A7C2-5E59-899D-07541A9039C7}.Release|Any CPU.ActiveCfg = Release|Any CPU
		{522D2B7A-A7C2-5E59-899D-07541A9039C7}.Release|Any CPU.Build.0 = Release|Any CPU
		{522D2B7A-A7C2-5E59-899D-07541A9039C7}.Release|x64.ActiveCfg = Release|Any CPU
		{522D2B7A-A7C2-5E59-899D-07541A9039C7}.Release|x64.Build.0 = Release|Any CPU
		{522D2B7A-A7C2-5E59-899D-07541A9039C7}.Release|x86.ActiveCfg = Release|Any CPU
		{522D2B7A-A7C2-5E59-899D-07541A9039C7}.Release|x86.Build.0 = Release|Any CPU
		{913CAEF5-F03A-5911-BCFD-11F3066DAC19}.Debug|Any CPU.ActiveCfg = Debug|Any CPU
		{913CAEF5-F03A-5911-BCFD-11F3066DAC19}.Debug|Any CPU.Build.0 = Debug|Any CPU
		{913CAEF5-F03A-5911-BCFD-11F3066DAC19}.Debug|x64.ActiveCfg = Debug|Any CPU
		{913CAEF5-F03A-5911-BCFD-11F3066DAC19}.Debug|x64.Build.0 = Debug|Any CPU
		{913CAEF5-F03A-5911-BCFD-11F3066DAC19}.Debug|x86.ActiveCfg = Debug|Any CPU
		{913CAEF5-F03A-5911-BCFD-11F3066DAC19}.Debug|x86.Build.0 = Debug|Any CPU
		{913CAEF5-F03A-5911-BCFD-11F3066DAC19}.Release|Any CPU.ActiveCfg = Release|Any CPU
		{913CAEF5-F03A-5911-BCFD-11F3066DAC19}.Release|Any CPU.Build.0 = Release|Any CPU
		{913CAEF5-F03A-5911-BCFD-11F3066DAC19}.Release|x64.ActiveCfg = Release|Any CPU
		{913CAEF5-F03A-5911-BCFD-11F3066DAC19}.Release|x64.Build.0 = Release|Any CPU
		{913CAEF5-F03A-5911-BCFD-11F3066DAC19}.Release|x86.ActiveCfg = Release|Any CPU
		{913CAEF5-F03A-5911-BCFD-11F3066DAC19}.Release|x86.Build.0 = Release|Any CPU
	EndGlobalSection
	GlobalSection(NestedProjects) = preSolution
	EndGlobalSection
EndGlobal
