<Solution>
  <Configurations>
    <Platform Name="Any CPU" />
    <Platform Name="x64" />
    <Platform Name="x86" />
  </Configurations>
  <Project Path="../ModularPipelines/ModularPipelines.csproj" />
  <Project Path="ModularPipelines.Slack.csproj" />
  <Project Path="../../test/ModularPipelines.Slack.UnitTests/ModularPipelines.Slack.UnitTests.csproj" />
</Solution>
